{
  "version": 4,
  "terraform_version": "1.4.6",
  "serial": 18,
  "lineage": "b7aa8a02-68f9-9b01-04fb-c2c3f5d25bf4",
  "outputs": {},
  "resources": [
    {
      "module": "module.dynamodb_table",
      "mode": "managed",
      "type": "aws_appautoscaling_policy",
      "name": "read_policy",
      "provider": "provider[\"registry.terraform.io/hashicorp/aws\"]",
      "instances": [
        {
          "schema_version": 0,
          "attributes": {
            "alarm_arns": [
              "arn:aws:cloudwatch:us-east-1:711130358252:alarm:TargetTracking-table/your_table_name-AlarmHigh-49be0b61-4942-4470-b5a9-c317ceb9119a",
              "arn:aws:cloudwatch:us-east-1:711130358252:alarm:TargetTracking-table/your_table_name-AlarmLow-5ec7ea95-7b00-4348-ae15-428fb6a21031",
              "arn:aws:cloudwatch:us-east-1:711130358252:alarm:TargetTracking-table/your_table_name-ProvisionedCapacityHigh-640d76cc-0cfc-4ade-ab68-f366f4eb8075",
              "arn:aws:cloudwatch:us-east-1:711130358252:alarm:TargetTracking-table/your_table_name-ProvisionedCapacityLow-13f8b38f-90e5-4c70-a1f0-7cec6e467cb9"
            ],
            "arn": "arn:aws:autoscaling:us-east-1:711130358252:scalingPolicy:dfdea710-5eaf-4b94-b342-fcfc4bc711b1:resource/dynamodb/table/your_table_name:policyName/DynamoDBReadCapacityUtilization",
            "id": "DynamoDBReadCapacityUtilization",
            "name": "DynamoDBReadCapacityUtilization",
            "policy_type": "TargetTrackingScaling",
            "resource_id": "table/your_table_name",
            "scalable_dimension": "dynamodb:table:ReadCapacityUnits",
            "service_namespace": "dynamodb",
            "step_scaling_policy_configuration": [],
            "target_tracking_scaling_policy_configuration": [
              {
                "customized_metric_specification": [],
                "disable_scale_in": false,
                "predefined_metric_specification": [
                  {
                    "predefined_metric_type": "DynamoDBReadCapacityUtilization",
                    "resource_label": ""
                  }
                ],
                "scale_in_cooldown": 0,
                "scale_out_cooldown": 0,
                "target_value": 70
              }
            ]
          },
          "sensitive_attributes": [],
          "private": "bnVsbA==",
          "dependencies": [
            "module.dynamodb_table.aws_appautoscaling_target.read_target",
            "module.dynamodb_table.aws_dynamodb_table.example"
          ]
        }
      ]
    },
    {
      "module": "module.dynamodb_table",
      "mode": "managed",
      "type": "aws_appautoscaling_policy",
      "name": "write_policy",
      "provider": "provider[\"registry.terraform.io/hashicorp/aws\"]",
      "instances": [
        {
          "schema_version": 0,
          "attributes": {
            "alarm_arns": [
              "arn:aws:cloudwatch:us-east-1:711130358252:alarm:TargetTracking-table/your_table_name-AlarmHigh-70490982-5604-4cbe-8511-e7e4cc584245",
              "arn:aws:cloudwatch:us-east-1:711130358252:alarm:TargetTracking-table/your_table_name-AlarmLow-a3dade8e-d50b-446d-8ddc-ea1c37922285",
              "arn:aws:cloudwatch:us-east-1:711130358252:alarm:TargetTracking-table/your_table_name-ProvisionedCapacityHigh-45492908-6528-49e1-bc4b-d50df11d0ccd",
              "arn:aws:cloudwatch:us-east-1:711130358252:alarm:TargetTracking-table/your_table_name-ProvisionedCapacityLow-fb64e2df-d312-40ee-b77c-6aef51cece2b"
            ],
            "arn": "arn:aws:autoscaling:us-east-1:711130358252:scalingPolicy:c34dff25-e16e-4c24-ac79-4dc0ccba03b7:resource/dynamodb/table/your_table_name:policyName/DynamoDBWriteCapacityUtilization",
            "id": "DynamoDBWriteCapacityUtilization",
            "name": "DynamoDBWriteCapacityUtilization",
            "policy_type": "TargetTrackingScaling",
            "resource_id": "table/your_table_name",
            "scalable_dimension": "dynamodb:table:WriteCapacityUnits",
            "service_namespace": "dynamodb",
            "step_scaling_policy_configuration": [],
            "target_tracking_scaling_policy_configuration": [
              {
                "customized_metric_specification": [],
                "disable_scale_in": false,
                "predefined_metric_specification": [
                  {
                    "predefined_metric_type": "DynamoDBWriteCapacityUtilization",
                    "resource_label": ""
                  }
                ],
                "scale_in_cooldown": 0,
                "scale_out_cooldown": 0,
                "target_value": 70
              }
            ]
          },
          "sensitive_attributes": [],
          "private": "bnVsbA==",
          "dependencies": [
            "module.dynamodb_table.aws_appautoscaling_target.write_target",
            "module.dynamodb_table.aws_dynamodb_table.example"
          ]
        }
      ]
    },
    {
      "module": "module.dynamodb_table",
      "mode": "managed",
      "type": "aws_appautoscaling_target",
      "name": "read_target",
      "provider": "provider[\"registry.terraform.io/hashicorp/aws\"]",
      "instances": [
        {
          "schema_version": 0,
          "attributes": {
            "arn": "arn:aws:application-autoscaling:us-east-1:711130358252:scalable-target/0d26dfdea7105eaf4b94b342fcfc4bc711b1",
            "id": "table/your_table_name",
            "max_capacity": 100,
            "min_capacity": 5,
            "resource_id": "table/your_table_name",
            "role_arn": "arn:aws:iam::711130358252:role/aws-service-role/dynamodb.application-autoscaling.amazonaws.com/AWSServiceRoleForApplicationAutoScaling_DynamoDBTable",
            "scalable_dimension": "dynamodb:table:ReadCapacityUnits",
            "service_namespace": "dynamodb",
            "tags": null,
            "tags_all": {}
          },
          "sensitive_attributes": [],
          "private": "bnVsbA==",
          "dependencies": [
            "module.dynamodb_table.aws_dynamodb_table.example"
          ]
        }
      ]
    },
    {
      "module": "module.dynamodb_table",
      "mode": "managed",
      "type": "aws_appautoscaling_target",
      "name": "write_target",
      "provider": "provider[\"registry.terraform.io/hashicorp/aws\"]",
      "instances": [
        {
          "schema_version": 0,
          "attributes": {
            "arn": "arn:aws:application-autoscaling:us-east-1:711130358252:scalable-target/0d26c34dff25e16e4c24ac794dc0ccba03b7",
            "id": "table/your_table_name",
            "max_capacity": 100,
            "min_capacity": 5,
            "resource_id": "table/your_table_name",
            "role_arn": "arn:aws:iam::711130358252:role/aws-service-role/dynamodb.application-autoscaling.amazonaws.com/AWSServiceRoleForApplicationAutoScaling_DynamoDBTable",
            "scalable_dimension": "dynamodb:table:WriteCapacityUnits",
            "service_namespace": "dynamodb",
            "tags": null,
            "tags_all": {}
          },
          "sensitive_attributes": [],
          "private": "bnVsbA==",
          "dependencies": [
            "module.dynamodb_table.aws_dynamodb_table.example"
          ]
        }
      ]
    },
    {
      "module": "module.dynamodb_table",
      "mode": "managed",
      "type": "aws_dynamodb_table",
      "name": "example",
      "provider": "provider[\"registry.terraform.io/hashicorp/aws\"]",
      "instances": [
        {
          "schema_version": 1,
          "attributes": {
            "arn": "arn:aws:dynamodb:us-east-1:711130358252:table/your_table_name",
            "attribute": [
              {
                "name": "ID",
                "type": "S"
              },
              {
                "name": "Tester",
                "type": "S"
              },
              {
                "name": "TesterGroup",
                "type": "S"
              },
              {
                "name": "Year",
                "type": "S"
              }
            ],
            "billing_mode": "PROVISIONED",
            "deletion_protection_enabled": false,
            "global_secondary_index": [
              {
                "hash_key": "Tester",
                "name": "TesterYearIndex",
                "non_key_attributes": [],
                "projection_type": "ALL",
                "range_key": "Year",
                "read_capacity": 10,
                "write_capacity": 10
              },
              {
                "hash_key": "TesterGroup",
                "name": "TesterGroupYearIndex",
                "non_key_attributes": [],
                "projection_type": "ALL",
                "range_key": "Year",
                "read_capacity": 10,
                "write_capacity": 10
              }
            ],
            "hash_key": "ID",
            "id": "your_table_name",
            "import_table": [],
            "local_secondary_index": [],
            "name": "your_table_name",
            "point_in_time_recovery": [
              {
                "enabled": false
              }
            ],
            "range_key": null,
            "read_capacity": 10,
            "replica": [],
            "restore_date_time": null,
            "restore_source_name": null,
            "restore_to_latest_time": null,
            "server_side_encryption": [],
            "stream_arn": "",
            "stream_enabled": false,
            "stream_label": "",
            "stream_view_type": "",
            "table_class": "STANDARD",
            "tags": null,
            "tags_all": {},
            "timeouts": null,
            "ttl": [
              {
                "attribute_name": "",
                "enabled": false
              }
            ],
            "write_capacity": 10
          },
          "sensitive_attributes": [],
          "private": "eyJlMmJmYjczMC1lY2FhLTExZTYtOGY4OC0zNDM2M2JjN2M0YzAiOnsiY3JlYXRlIjoxODAwMDAwMDAwMDAwLCJkZWxldGUiOjYwMDAwMDAwMDAwMCwidXBkYXRlIjozNjAwMDAwMDAwMDAwfSwic2NoZW1hX3ZlcnNpb24iOiIxIn0="
        }
      ]
    }
  ],
  "check_results": null
}
