{
  "version": 4,
  "terraform_version": "1.2.6",
  "serial": 60,
  "lineage": "ec6738e3-5935-a41e-58a5-30fd8fc610d1",
  "outputs": {},
  "resources": [
    {
      "module": "module.api_gateway",
      "mode": "data",
      "type": "aws_region",
      "name": "current",
      "provider": "provider[\"registry.terraform.io/hashicorp/aws\"]",
      "instances": [
        {
          "schema_version": 0,
          "attributes": {
            "description": "US West (Oregon)",
            "endpoint": "ec2.us-west-2.amazonaws.com",
            "id": "us-west-2",
            "name": "us-west-2"
          },
          "sensitive_attributes": []
        }
      ]
    },
    {
      "module": "module.api_gateway",
      "mode": "managed",
      "type": "aws_api_gateway_authorizer",
      "name": "lambda_authorizer",
      "provider": "provider[\"registry.terraform.io/hashicorp/aws\"]",
      "instances": [
        {
          "schema_version": 0,
          "attributes": {
            "arn": "arn:aws:apigateway:us-west-2::/restapis/w8wham2f1g/authorizers/zn7k0a",
            "authorizer_credentials": "arn:aws:iam::333584358732:role/LambdaExecutionRole",
            "authorizer_result_ttl_in_seconds": 300,
            "authorizer_uri": "arn:aws:apigateway:us-west-2:lambda:path/2015-03-31/functions/arn:aws:lambda:us-west-2:333584358732:function:customLambdaAuthorizer/invocations",
            "id": "zn7k0a",
            "identity_source": "method.request.header.Authorization",
            "identity_validation_expression": "",
            "name": "lambda-authorizer",
            "provider_arns": [],
            "rest_api_id": "w8wham2f1g",
            "type": "TOKEN"
          },
          "sensitive_attributes": [],
          "private": "bnVsbA==",
          "dependencies": [
            "module.api_gateway.aws_api_gateway_rest_api.example",
            "module.api_gateway.data.aws_region.current",
            "module.lambda_authorizer.aws_iam_role.lambda_execution_role",
            "module.lambda_authorizer.aws_lambda_function.example"
          ]
        }
      ]
    },
    {
      "module": "module.api_gateway",
      "mode": "managed",
      "type": "aws_api_gateway_deployment",
      "name": "example",
      "provider": "provider[\"registry.terraform.io/hashicorp/aws\"]",
      "instances": [
        {
          "schema_version": 0,
          "attributes": {
            "created_date": "2023-10-23T11:25:57Z",
            "description": "",
            "execution_arn": "arn:aws:execute-api:us-west-2:333584358732:w8wham2f1g/dev",
            "id": "7xol4p",
            "invoke_url": "https://w8wham2f1g.execute-api.us-west-2.amazonaws.com/dev",
            "rest_api_id": "w8wham2f1g",
            "stage_description": null,
            "stage_name": "dev",
            "triggers": null,
            "variables": null
          },
          "sensitive_attributes": [],
          "private": "bnVsbA==",
          "dependencies": [
            "module.api_gateway.aws_api_gateway_authorizer.lambda_authorizer",
            "module.api_gateway.aws_api_gateway_integration.example_integration",
            "module.api_gateway.aws_api_gateway_method.example_method",
            "module.api_gateway.aws_api_gateway_resource.example_root",
            "module.api_gateway.aws_api_gateway_rest_api.example",
            "module.api_gateway.data.aws_region.current",
            "module.lambda_authorizer.aws_iam_role.lambda_execution_role",
            "module.lambda_authorizer.aws_lambda_function.example"
          ]
        }
      ]
    },
    {
      "module": "module.api_gateway",
      "mode": "managed",
      "type": "aws_api_gateway_integration",
      "name": "example_integration",
      "provider": "provider[\"registry.terraform.io/hashicorp/aws\"]",
      "instances": [
        {
          "schema_version": 0,
          "attributes": {
            "cache_key_parameters": null,
            "cache_namespace": "hvs1xb",
            "connection_id": "",
            "connection_type": "INTERNET",
            "content_handling": "",
            "credentials": "",
            "http_method": "GET",
            "id": "agi-w8wham2f1g-hvs1xb-GET",
            "integration_http_method": "",
            "passthrough_behavior": "WHEN_NO_MATCH",
            "request_parameters": null,
            "request_templates": {
              "application/json": "{\"statusCode\":200}"
            },
            "resource_id": "hvs1xb",
            "rest_api_id": "w8wham2f1g",
            "timeout_milliseconds": 29000,
            "tls_config": [],
            "type": "MOCK",
            "uri": ""
          },
          "sensitive_attributes": [],
          "private": "bnVsbA==",
          "dependencies": [
            "module.api_gateway.aws_api_gateway_method.example_method",
            "module.api_gateway.aws_api_gateway_resource.example_root",
            "module.api_gateway.aws_api_gateway_rest_api.example"
          ]
        }
      ]
    },
    {
      "module": "module.api_gateway",
      "mode": "managed",
      "type": "aws_api_gateway_integration",
      "name": "integration",
      "provider": "provider[\"registry.terraform.io/hashicorp/aws\"]",
      "instances": [
        {
          "index_key": "EnhancedGetVehicleByRegistration",
          "schema_version": 0,
          "attributes": {
            "cache_key_parameters": [],
            "cache_namespace": "ktsicy",
            "connection_id": "",
            "connection_type": "INTERNET",
            "content_handling": "",
            "credentials": "",
            "http_method": "POST",
            "id": "agi-w8wham2f1g-ktsicy-POST",
            "integration_http_method": "POST",
            "passthrough_behavior": "WHEN_NO_MATCH",
            "request_parameters": {},
            "request_templates": {},
            "resource_id": "ktsicy",
            "rest_api_id": "w8wham2f1g",
            "timeout_milliseconds": 29000,
            "tls_config": [],
            "type": "AWS_PROXY",
            "uri": "arn:aws:apigateway:us-west-2:lambda:path/2015-03-31/functions/arn:aws:lambda:us-west-2:333584358732:function:EnhancedGetVehicleByRegistration/invocations"
          },
          "sensitive_attributes": [],
          "private": "bnVsbA==",
          "dependencies": [
            "module.api_gateway.aws_api_gateway_authorizer.lambda_authorizer",
            "module.api_gateway.aws_api_gateway_method.method",
            "module.api_gateway.aws_api_gateway_resource.resource",
            "module.api_gateway.aws_api_gateway_rest_api.example",
            "module.api_gateway.data.aws_region.current",
            "module.lambda_authorizer.aws_iam_role.lambda_execution_role",
            "module.lambda_authorizer.aws_lambda_function.example",
            "module.lambda_functions.aws_cloudwatch_log_group.lambda",
            "module.lambda_functions.aws_iam_policy.additional_inline",
            "module.lambda_functions.aws_iam_policy.additional_json",
            "module.lambda_functions.aws_iam_policy.additional_jsons",
            "module.lambda_functions.aws_iam_policy.async",
            "module.lambda_functions.aws_iam_policy.dead_letter",
            "module.lambda_functions.aws_iam_policy.logs",
            "module.lambda_functions.aws_iam_policy.tracing",
            "module.lambda_functions.aws_iam_policy.vpc",
            "module.lambda_functions.aws_iam_role.lambda",
            "module.lambda_functions.aws_iam_role_policy_attachment.additional_inline",
            "module.lambda_functions.aws_iam_role_policy_attachment.additional_json",
            "module.lambda_functions.aws_iam_role_policy_attachment.additional_jsons",
            "module.lambda_functions.aws_iam_role_policy_attachment.additional_many",
            "module.lambda_functions.aws_iam_role_policy_attachment.additional_one",
            "module.lambda_functions.aws_iam_role_policy_attachment.async",
            "module.lambda_functions.aws_iam_role_policy_attachment.dead_letter",
            "module.lambda_functions.aws_iam_role_policy_attachment.logs",
            "module.lambda_functions.aws_iam_role_policy_attachment.tracing",
            "module.lambda_functions.aws_iam_role_policy_attachment.vpc",
            "module.lambda_functions.aws_lambda_event_source_mapping.this",
            "module.lambda_functions.aws_lambda_function.this",
            "module.lambda_functions.aws_lambda_function_event_invoke_config.this",
            "module.lambda_functions.aws_lambda_function_url.this",
            "module.lambda_functions.aws_lambda_layer_version.this",
            "module.lambda_functions.aws_lambda_permission.current_version_triggers",
            "module.lambda_functions.aws_lambda_permission.unqualified_alias_triggers",
            "module.lambda_functions.aws_lambda_provisioned_concurrency_config.current_version",
            "module.lambda_functions.aws_s3_object.lambda_package",
            "module.lambda_functions.data.aws_arn.log_group_arn",
            "module.lambda_functions.data.aws_caller_identity.current",
            "module.lambda_functions.data.aws_cloudwatch_log_group.lambda",
            "module.lambda_functions.data.aws_iam_policy.tracing",
            "module.lambda_functions.data.aws_iam_policy.vpc",
            "module.lambda_functions.data.aws_iam_policy_document.additional_inline",
            "module.lambda_functions.data.aws_iam_policy_document.assume_role",
            "module.lambda_functions.data.aws_iam_policy_document.async",
            "module.lambda_functions.data.aws_iam_policy_document.dead_letter",
            "module.lambda_functions.data.aws_iam_policy_document.logs",
            "module.lambda_functions.data.aws_partition.current",
            "module.lambda_functions.data.aws_region.current",
            "module.lambda_functions.data.external.archive_prepare",
            "module.lambda_functions.local_file.archive_plan",
            "module.lambda_functions.null_resource.archive",
            "module.lambda_functions.null_resource.sam_metadata_aws_lambda_function",
            "module.lambda_functions.null_resource.sam_metadata_aws_lambda_layer_version"
          ]
        }
      ]
    },
    {
      "module": "module.api_gateway",
      "mode": "managed",
      "type": "aws_api_gateway_method",
      "name": "example_method",
      "provider": "provider[\"registry.terraform.io/hashicorp/aws\"]",
      "instances": [
        {
          "schema_version": 0,
          "attributes": {
            "api_key_required": false,
            "authorization": "CUSTOM",
            "authorization_scopes": [],
            "authorizer_id": "zn7k0a",
            "http_method": "GET",
            "id": "agm-w8wham2f1g-hvs1xb-GET",
            "operation_name": "",
            "request_models": {},
            "request_parameters": {},
            "request_validator_id": "",
            "resource_id": "hvs1xb",
            "rest_api_id": "w8wham2f1g"
          },
          "sensitive_attributes": [],
          "private": "bnVsbA==",
          "dependencies": [
            "module.api_gateway.aws_api_gateway_authorizer.lambda_authorizer",
            "module.api_gateway.aws_api_gateway_resource.example_root",
            "module.api_gateway.aws_api_gateway_rest_api.example",
            "module.api_gateway.data.aws_region.current",
            "module.lambda_authorizer.aws_iam_role.lambda_execution_role",
            "module.lambda_authorizer.aws_lambda_function.example"
          ]
        }
      ]
    },
    {
      "module": "module.api_gateway",
      "mode": "managed",
      "type": "aws_api_gateway_method",
      "name": "method",
      "provider": "provider[\"registry.terraform.io/hashicorp/aws\"]",
      "instances": [
        {
          "index_key": "EnhancedGetVehicleByRegistration",
          "schema_version": 0,
          "attributes": {
            "api_key_required": false,
            "authorization": "CUSTOM",
            "authorization_scopes": [],
            "authorizer_id": "zn7k0a",
            "http_method": "POST",
            "id": "agm-w8wham2f1g-ktsicy-POST",
            "operation_name": "",
            "request_models": {},
            "request_parameters": {},
            "request_validator_id": "",
            "resource_id": "ktsicy",
            "rest_api_id": "w8wham2f1g"
          },
          "sensitive_attributes": [],
          "private": "bnVsbA==",
          "dependencies": [
            "module.api_gateway.aws_api_gateway_authorizer.lambda_authorizer",
            "module.api_gateway.aws_api_gateway_resource.resource",
            "module.api_gateway.aws_api_gateway_rest_api.example",
            "module.api_gateway.data.aws_region.current",
            "module.lambda_authorizer.aws_iam_role.lambda_execution_role",
            "module.lambda_authorizer.aws_lambda_function.example"
          ]
        }
      ]
    },
    {
      "module": "module.api_gateway",
      "mode": "managed",
      "type": "aws_api_gateway_resource",
      "name": "example_root",
      "provider": "provider[\"registry.terraform.io/hashicorp/aws\"]",
      "instances": [
        {
          "schema_version": 0,
          "attributes": {
            "id": "hvs1xb",
            "parent_id": "avnq7jcodc",
            "path": "/v1",
            "path_part": "v1",
            "rest_api_id": "w8wham2f1g"
          },
          "sensitive_attributes": [],
          "private": "bnVsbA==",
          "dependencies": [
            "module.api_gateway.aws_api_gateway_rest_api.example"
          ]
        }
      ]
    },
    {
      "module": "module.api_gateway",
      "mode": "managed",
      "type": "aws_api_gateway_resource",
      "name": "resource",
      "provider": "provider[\"registry.terraform.io/hashicorp/aws\"]",
      "instances": [
        {
          "index_key": "EnhancedGetVehicleByRegistration",
          "schema_version": 0,
          "attributes": {
            "id": "ktsicy",
            "parent_id": "avnq7jcodc",
            "path": "/EnhancedGetVehicleByRegistration",
            "path_part": "EnhancedGetVehicleByRegistration",
            "rest_api_id": "w8wham2f1g"
          },
          "sensitive_attributes": [],
          "private": "bnVsbA==",
          "dependencies": [
            "module.api_gateway.aws_api_gateway_rest_api.example"
          ]
        }
      ]
    },
    {
      "module": "module.api_gateway",
      "mode": "managed",
      "type": "aws_api_gateway_rest_api",
      "name": "example",
      "provider": "provider[\"registry.terraform.io/hashicorp/aws\"]",
      "instances": [
        {
          "schema_version": 0,
          "attributes": {
            "api_key_source": "HEADER",
            "arn": "arn:aws:apigateway:us-west-2::/restapis/w8wham2f1g",
            "binary_media_types": [],
            "body": null,
            "created_date": "2023-10-23T11:25:48Z",
            "description": "An example API Gateway REST API",
            "disable_execute_api_endpoint": false,
            "endpoint_configuration": [
              {
                "types": [
                  "EDGE"
                ],
                "vpc_endpoint_ids": []
              }
            ],
            "execution_arn": "arn:aws:execute-api:us-west-2:333584358732:w8wham2f1g",
            "fail_on_warnings": null,
            "id": "w8wham2f1g",
            "minimum_compression_size": "",
            "name": "dev-api-gateway",
            "parameters": null,
            "policy": "",
            "put_rest_api_mode": null,
            "root_resource_id": "avnq7jcodc",
            "tags": {},
            "tags_all": {}
          },
          "sensitive_attributes": [],
          "private": "bnVsbA=="
        }
      ]
    },
    {
      "module": "module.api_gateway",
      "mode": "managed",
      "type": "aws_wafv2_web_acl",
      "name": "example",
      "provider": "provider[\"registry.terraform.io/hashicorp/aws\"]",
      "instances": [
        {
          "schema_version": 0,
          "attributes": {
            "arn": "arn:aws:wafv2:us-west-2:333584358732:regional/webacl/dev-api-gateway-waf/dc72917b-0243-4328-a815-a19c5fd54599",
            "association_config": [],
            "capacity": 0,
            "captcha_config": [],
            "custom_response_body": [],
            "default_action": [
              {
                "allow": [
                  {
                    "custom_request_handling": []
                  }
                ],
                "block": []
              }
            ],
            "description": "WAF for dev-api-gateway API Gateway",
            "id": "dc72917b-0243-4328-a815-a19c5fd54599",
            "lock_token": "5bd664b3-8c47-4f04-ae68-fc9b47e52d6b",
            "name": "dev-api-gateway-waf",
            "rule": [],
            "scope": "REGIONAL",
            "tags": {
              "Name": "dev-api-gateway-waf"
            },
            "tags_all": {
              "Name": "dev-api-gateway-waf"
            },
            "token_domains": [],
            "visibility_config": [
              {
                "cloudwatch_metrics_enabled": true,
                "metric_name": "exampleAPIMetric",
                "sampled_requests_enabled": true
              }
            ]
          },
          "sensitive_attributes": [],
          "private": "bnVsbA=="
        }
      ]
    },
    {
      "module": "module.api_gateway",
      "mode": "managed",
      "type": "aws_wafv2_web_acl_association",
      "name": "example_association",
      "provider": "provider[\"registry.terraform.io/hashicorp/aws\"]",
      "instances": [
        {
          "schema_version": 0,
          "attributes": {
            "id": "arn:aws:wafv2:us-west-2:333584358732:regional/webacl/dev-api-gateway-waf/dc72917b-0243-4328-a815-a19c5fd54599,arn:aws:apigateway:us-west-2::/restapis/w8wham2f1g/stages/dev",
            "resource_arn": "arn:aws:apigateway:us-west-2::/restapis/w8wham2f1g/stages/dev",
            "timeouts": null,
            "web_acl_arn": "arn:aws:wafv2:us-west-2:333584358732:regional/webacl/dev-api-gateway-waf/dc72917b-0243-4328-a815-a19c5fd54599"
          },
          "sensitive_attributes": [],
          "private": "eyJlMmJmYjczMC1lY2FhLTExZTYtOGY4OC0zNDM2M2JjN2M0YzAiOnsiY3JlYXRlIjozMDAwMDAwMDAwMDB9fQ==",
          "dependencies": [
            "module.api_gateway.aws_api_gateway_authorizer.lambda_authorizer",
            "module.api_gateway.aws_api_gateway_deployment.example",
            "module.api_gateway.aws_api_gateway_integration.example_integration",
            "module.api_gateway.aws_api_gateway_method.example_method",
            "module.api_gateway.aws_api_gateway_resource.example_root",
            "module.api_gateway.aws_api_gateway_rest_api.example",
            "module.api_gateway.aws_wafv2_web_acl.example",
            "module.api_gateway.data.aws_region.current",
            "module.lambda_authorizer.aws_iam_role.lambda_execution_role",
            "module.lambda_authorizer.aws_lambda_function.example"
          ]
        }
      ]
    },
    {
      "module": "module.dynamodb_table",
      "mode": "managed",
      "type": "aws_dynamodb_table",
      "name": "this",
      "provider": "provider[\"registry.terraform.io/hashicorp/aws\"]",
      "instances": [
        {
          "schema_version": 1,
          "attributes": {
            "arn": "arn:aws:dynamodb:us-west-2:333584358732:table/my_dev_table",
            "attribute": [
              {
                "name": "ID",
                "type": "S"
              }
            ],
            "billing_mode": "PROVISIONED",
            "deletion_protection_enabled": false,
            "global_secondary_index": [],
            "hash_key": "ID",
            "id": "my_dev_table",
            "local_secondary_index": [],
            "name": "my_dev_table",
            "point_in_time_recovery": [
              {
                "enabled": false
              }
            ],
            "range_key": null,
            "read_capacity": 5,
            "replica": [],
            "restore_date_time": null,
            "restore_source_name": null,
            "restore_to_latest_time": null,
            "server_side_encryption": [],
            "stream_arn": "",
            "stream_enabled": false,
            "stream_label": "",
            "stream_view_type": "",
            "table_class": "STANDARD",
            "tags": {},
            "tags_all": {},
            "timeouts": null,
            "ttl": [
              {
                "attribute_name": "",
                "enabled": false
              }
            ],
            "write_capacity": 5
          },
          "sensitive_attributes": [],
          "private": "eyJlMmJmYjczMC1lY2FhLTExZTYtOGY4OC0zNDM2M2JjN2M0YzAiOnsiY3JlYXRlIjoxODAwMDAwMDAwMDAwLCJkZWxldGUiOjYwMDAwMDAwMDAwMCwidXBkYXRlIjozNjAwMDAwMDAwMDAwfSwic2NoZW1hX3ZlcnNpb24iOiIxIn0="
        }
      ]
    },
    {
      "module": "module.lambda_authorizer",
      "mode": "managed",
      "type": "aws_iam_policy",
      "name": "lambda_logging",
      "provider": "provider[\"registry.terraform.io/hashicorp/aws\"]",
      "instances": [
        {
          "schema_version": 0,
          "attributes": {
            "arn": "arn:aws:iam::333584358732:policy/LambdaLoggingPolicy",
            "description": "Allow Lambda to write logs to CloudWatch Logs",
            "id": "arn:aws:iam::333584358732:policy/LambdaLoggingPolicy",
            "name": "LambdaLoggingPolicy",
            "name_prefix": "",
            "path": "/",
            "policy": "{\"Statement\":[{\"Action\":[\"logs:CreateLogGroup\",\"logs:CreateLogStream\",\"logs:PutLogEvents\"],\"Effect\":\"Allow\",\"Resource\":\"arn:aws:logs:*:*:*\"}],\"Version\":\"2012-10-17\"}",
            "policy_id": "ANPAU3KZNLVGHSO3BV6NG",
            "tags": {},
            "tags_all": {}
          },
          "sensitive_attributes": [],
          "private": "bnVsbA=="
        }
      ]
    },
    {
      "module": "module.lambda_authorizer",
      "mode": "managed",
      "type": "aws_iam_role",
      "name": "lambda_execution_role",
      "provider": "provider[\"registry.terraform.io/hashicorp/aws\"]",
      "instances": [
        {
          "schema_version": 0,
          "attributes": {
            "arn": "arn:aws:iam::333584358732:role/LambdaExecutionRole",
            "assume_role_policy": "{\"Statement\":[{\"Action\":\"sts:AssumeRole\",\"Effect\":\"Allow\",\"Principal\":{\"Service\":\"lambda.amazonaws.com\"},\"Sid\":\"\"}],\"Version\":\"2012-10-17\"}",
            "create_date": "2023-10-23T11:14:09Z",
            "description": "",
            "force_detach_policies": false,
            "id": "LambdaExecutionRole",
            "inline_policy": [],
            "managed_policy_arns": [
              "arn:aws:iam::333584358732:policy/LambdaLoggingPolicy",
              "arn:aws:iam::aws:policy/AmazonS3FullAccess"
            ],
            "max_session_duration": 3600,
            "name": "LambdaExecutionRole",
            "name_prefix": "",
            "path": "/",
            "permissions_boundary": null,
            "tags": {},
            "tags_all": {},
            "unique_id": "AROAU3KZNLVGELZM6KXST"
          },
          "sensitive_attributes": [],
          "private": "bnVsbA=="
        }
      ]
    },
    {
      "module": "module.lambda_authorizer",
      "mode": "managed",
      "type": "aws_iam_role_policy_attachment",
      "name": "lambda_logging_attachment",
      "provider": "provider[\"registry.terraform.io/hashicorp/aws\"]",
      "instances": [
        {
          "schema_version": 0,
          "attributes": {
            "id": "LambdaExecutionRole-20231023111411166400000002",
            "policy_arn": "arn:aws:iam::333584358732:policy/LambdaLoggingPolicy",
            "role": "LambdaExecutionRole"
          },
          "sensitive_attributes": [],
          "private": "bnVsbA==",
          "dependencies": [
            "module.lambda_authorizer.aws_iam_policy.lambda_logging",
            "module.lambda_authorizer.aws_iam_role.lambda_execution_role"
          ]
        }
      ]
    },
    {
      "module": "module.lambda_authorizer",
      "mode": "managed",
      "type": "aws_iam_role_policy_attachment",
      "name": "lambda_s3_full_access",
      "provider": "provider[\"registry.terraform.io/hashicorp/aws\"]",
      "instances": [
        {
          "schema_version": 0,
          "attributes": {
            "id": "LambdaExecutionRole-20231023111411150400000001",
            "policy_arn": "arn:aws:iam::aws:policy/AmazonS3FullAccess",
            "role": "LambdaExecutionRole"
          },
          "sensitive_attributes": [],
          "private": "bnVsbA==",
          "dependencies": [
            "module.lambda_authorizer.aws_iam_role.lambda_execution_role"
          ]
        }
      ]
    },
    {
      "module": "module.lambda_authorizer",
      "mode": "managed",
      "type": "aws_lambda_function",
      "name": "example",
      "provider": "provider[\"registry.terraform.io/hashicorp/aws\"]",
      "instances": [
        {
          "schema_version": 0,
          "attributes": {
            "architectures": [
              "x86_64"
            ],
            "arn": "arn:aws:lambda:us-west-2:333584358732:function:customLambdaAuthorizer",
            "code_signing_config_arn": "",
            "dead_letter_config": [],
            "description": "",
            "environment": [
              {
                "variables": {
                  "DUMMY_KEY1": "dummy_value1",
                  "DUMMY_KEY2": "dummy_value2"
                }
              }
            ],
            "ephemeral_storage": [
              {
                "size": 512
              }
            ],
            "file_system_config": [],
            "filename": "./code.zip",
            "function_name": "customLambdaAuthorizer",
            "handler": "index.handler",
            "id": "customLambdaAuthorizer",
            "image_config": [],
            "image_uri": "",
            "invoke_arn": "arn:aws:apigateway:us-west-2:lambda:path/2015-03-31/functions/arn:aws:lambda:us-west-2:333584358732:function:customLambdaAuthorizer/invocations",
            "kms_key_arn": "",
            "last_modified": "2023-10-27T15:33:52.000+0000",
            "layers": [],
            "memory_size": 128,
            "package_type": "Zip",
            "publish": false,
            "qualified_arn": "arn:aws:lambda:us-west-2:333584358732:function:customLambdaAuthorizer:$LATEST",
            "qualified_invoke_arn": "arn:aws:apigateway:us-west-2:lambda:path/2015-03-31/functions/arn:aws:lambda:us-west-2:333584358732:function:customLambdaAuthorizer:$LATEST/invocations",
            "replace_security_groups_on_destroy": null,
            "replacement_security_group_ids": null,
            "reserved_concurrent_executions": -1,
            "role": "arn:aws:iam::333584358732:role/LambdaExecutionRole",
            "runtime": "nodejs14.x",
            "s3_bucket": null,
            "s3_key": null,
            "s3_object_version": null,
            "signing_job_arn": "",
            "signing_profile_version_arn": "",
            "skip_destroy": false,
            "snap_start": [],
            "source_code_hash": "N2kLYJY/y71xdMAkAMzDMotTzdjQ0NGxlwG//gO9kos=",
            "source_code_size": 13706,
            "tags": {},
            "tags_all": {},
            "timeout": 3,
            "timeouts": null,
            "tracing_config": [
              {
                "mode": "PassThrough"
              }
            ],
            "version": "$LATEST",
            "vpc_config": []
          },
          "sensitive_attributes": [],
          "private": "eyJlMmJmYjczMC1lY2FhLTExZTYtOGY4OC0zNDM2M2JjN2M0YzAiOnsiY3JlYXRlIjo2MDAwMDAwMDAwMDAsImRlbGV0ZSI6NjAwMDAwMDAwMDAwLCJ1cGRhdGUiOjYwMDAwMDAwMDAwMH19",
          "dependencies": [
            "module.lambda_authorizer.aws_iam_role.lambda_execution_role"
          ]
        }
      ]
    },
    {
      "module": "module.lambda_functions[\"EnhancedGetVehicleByRegistration\"]",
      "mode": "data",
      "type": "aws_caller_identity",
      "name": "current",
      "provider": "provider[\"registry.terraform.io/hashicorp/aws\"]",
      "instances": [
        {
          "schema_version": 0,
          "attributes": {
            "account_id": "333584358732",
            "arn": "arn:aws:iam::333584358732:user/devops",
            "id": "333584358732",
            "user_id": "AIDAU3KZNLVGKRZPAOBK7"
          },
          "sensitive_attributes": []
        }
      ]
    },
    {
      "module": "module.lambda_functions[\"EnhancedGetVehicleByRegistration\"]",
      "mode": "data",
      "type": "aws_iam_policy_document",
      "name": "assume_role",
      "provider": "provider[\"registry.terraform.io/hashicorp/aws\"]",
      "instances": [
        {
          "index_key": 0,
          "schema_version": 0,
          "attributes": {
            "id": "2690255455",
            "json": "{\n  \"Version\": \"2012-10-17\",\n  \"Statement\": [\n    {\n      \"Effect\": \"Allow\",\n      \"Action\": \"sts:AssumeRole\",\n      \"Principal\": {\n        \"Service\": \"lambda.amazonaws.com\"\n      }\n    }\n  ]\n}",
            "override_policy_documents": null,
            "policy_id": null,
            "source_policy_documents": null,
            "statement": [
              {
                "actions": [
                  "sts:AssumeRole"
                ],
                "condition": [],
                "effect": "Allow",
                "not_actions": [],
                "not_principals": [],
                "not_resources": [],
                "principals": [
                  {
                    "identifiers": [
                      "lambda.amazonaws.com"
                    ],
                    "type": "Service"
                  }
                ],
                "resources": [],
                "sid": ""
              }
            ],
            "version": "2012-10-17"
          },
          "sensitive_attributes": []
        }
      ]
    },
    {
      "module": "module.lambda_functions[\"EnhancedGetVehicleByRegistration\"]",
      "mode": "data",
      "type": "aws_iam_policy_document",
      "name": "logs",
      "provider": "provider[\"registry.terraform.io/hashicorp/aws\"]",
      "instances": [
        {
          "index_key": 0,
          "schema_version": 0,
          "attributes": {
            "id": "4222756971",
            "json": "{\n  \"Version\": \"2012-10-17\",\n  \"Statement\": [\n    {\n      \"Effect\": \"Allow\",\n      \"Action\": [\n        \"logs:PutLogEvents\",\n        \"logs:CreateLogStream\",\n        \"logs:CreateLogGroup\"\n      ],\n      \"Resource\": [\n        \"arn:aws:logs:us-west-2:333584358732:log-group:/aws/lambda/EnhancedGetVehicleByRegistration:*:*\",\n        \"arn:aws:logs:us-west-2:333584358732:log-group:/aws/lambda/EnhancedGetVehicleByRegistration:*\"\n      ]\n    }\n  ]\n}",
            "override_policy_documents": null,
            "policy_id": null,
            "source_policy_documents": null,
            "statement": [
              {
                "actions": [
                  "logs:CreateLogGroup",
                  "logs:CreateLogStream",
                  "logs:PutLogEvents"
                ],
                "condition": [],
                "effect": "Allow",
                "not_actions": [],
                "not_principals": [],
                "not_resources": [],
                "principals": [],
                "resources": [
                  "arn:aws:logs:us-west-2:333584358732:log-group:/aws/lambda/EnhancedGetVehicleByRegistration:*",
                  "arn:aws:logs:us-west-2:333584358732:log-group:/aws/lambda/EnhancedGetVehicleByRegistration:*:*"
                ],
                "sid": ""
              }
            ],
            "version": "2012-10-17"
          },
          "sensitive_attributes": []
        }
      ]
    },
    {
      "module": "module.lambda_functions[\"EnhancedGetVehicleByRegistration\"]",
      "mode": "data",
      "type": "aws_partition",
      "name": "current",
      "provider": "provider[\"registry.terraform.io/hashicorp/aws\"]",
      "instances": [
        {
          "schema_version": 0,
          "attributes": {
            "dns_suffix": "amazonaws.com",
            "id": "aws",
            "partition": "aws",
            "reverse_dns_prefix": "com.amazonaws"
          },
          "sensitive_attributes": []
        }
      ]
    },
    {
      "module": "module.lambda_functions[\"EnhancedGetVehicleByRegistration\"]",
      "mode": "data",
      "type": "aws_region",
      "name": "current",
      "provider": "provider[\"registry.terraform.io/hashicorp/aws\"]",
      "instances": [
        {
          "schema_version": 0,
          "attributes": {
            "description": "US West (Oregon)",
            "endpoint": "ec2.us-west-2.amazonaws.com",
            "id": "us-west-2",
            "name": "us-west-2"
          },
          "sensitive_attributes": []
        }
      ]
    },
    {
      "module": "module.lambda_functions[\"EnhancedGetVehicleByRegistration\"]",
      "mode": "data",
      "type": "external",
      "name": "archive_prepare",
      "provider": "provider[\"registry.terraform.io/hashicorp/external\"]",
      "instances": [
        {
          "index_key": 0,
          "schema_version": 0,
          "attributes": {
            "id": "-",
            "program": [
              "python3",
              ".terraform/modules/lambda_functions/package.py",
              "prepare"
            ],
            "query": {
              "artifacts_dir": "builds",
              "docker": null,
              "hash_extra": "",
              "hash_extra_paths": "[]",
              "paths": "{\"cwd\":\"/Users/sharmaks/microsoft/f/terraform-sample/environments/dev\",\"module\":\".terraform/modules/lambda_functions\",\"root\":\".\"}",
              "recreate_missing_package": "true",
              "runtime": "nodejs14.x",
              "source_path": "\"./code.zip\""
            },
            "result": {
              "build_plan": "{\"filename\": \"builds/037a990c26a102da2fe2de781a36d0854b50e1d34f6f0657d162d636f5cc9cc2.zip\", \"runtime\": \"nodejs14.x\", \"artifacts_dir\": \"builds\", \"build_plan\": [[\"zip\", \"./code.zip\", null]]}",
              "build_plan_filename": "builds/037a990c26a102da2fe2de781a36d0854b50e1d34f6f0657d162d636f5cc9cc2.plan.json",
              "filename": "builds/037a990c26a102da2fe2de781a36d0854b50e1d34f6f0657d162d636f5cc9cc2.zip",
              "timestamp": "1698420795176544000",
              "was_missing": "true"
            },
            "working_dir": null
          },
          "sensitive_attributes": []
        }
      ]
    },
    {
      "module": "module.lambda_functions[\"EnhancedGetVehicleByRegistration\"]",
      "mode": "managed",
      "type": "aws_cloudwatch_log_group",
      "name": "lambda",
      "provider": "provider[\"registry.terraform.io/hashicorp/aws\"]",
      "instances": [
        {
          "index_key": 0,
          "schema_version": 0,
          "attributes": {
            "arn": "arn:aws:logs:us-west-2:333584358732:log-group:/aws/lambda/EnhancedGetVehicleByRegistration",
            "id": "/aws/lambda/EnhancedGetVehicleByRegistration",
            "kms_key_id": "",
            "name": "/aws/lambda/EnhancedGetVehicleByRegistration",
            "name_prefix": "",
            "retention_in_days": 0,
            "skip_destroy": false,
            "tags": null,
            "tags_all": {}
          },
          "sensitive_attributes": [],
          "private": "bnVsbA=="
        }
      ]
    },
    {
      "module": "module.lambda_functions[\"EnhancedGetVehicleByRegistration\"]",
      "mode": "managed",
      "type": "aws_iam_policy",
      "name": "logs",
      "provider": "provider[\"registry.terraform.io/hashicorp/aws\"]",
      "instances": [
        {
          "index_key": 0,
          "schema_version": 0,
          "attributes": {
            "arn": "arn:aws:iam::333584358732:policy/EnhancedGetVehicleByRegistration-logs",
            "description": "",
            "id": "arn:aws:iam::333584358732:policy/EnhancedGetVehicleByRegistration-logs",
            "name": "EnhancedGetVehicleByRegistration-logs",
            "name_prefix": "",
            "path": "/",
            "policy": "{\"Statement\":[{\"Action\":[\"logs:PutLogEvents\",\"logs:CreateLogStream\",\"logs:CreateLogGroup\"],\"Effect\":\"Allow\",\"Resource\":[\"arn:aws:logs:us-west-2:333584358732:log-group:/aws/lambda/EnhancedGetVehicleByRegistration:*:*\",\"arn:aws:logs:us-west-2:333584358732:log-group:/aws/lambda/EnhancedGetVehicleByRegistration:*\"]}],\"Version\":\"2012-10-17\"}",
            "policy_id": "ANPAU3KZNLVGJXK4UCEBB",
            "tags": null,
            "tags_all": {}
          },
          "sensitive_attributes": [],
          "private": "bnVsbA==",
          "dependencies": [
            "module.lambda_functions.aws_cloudwatch_log_group.lambda",
            "module.lambda_functions.data.aws_arn.log_group_arn",
            "module.lambda_functions.data.aws_cloudwatch_log_group.lambda",
            "module.lambda_functions.data.aws_iam_policy_document.logs"
          ]
        }
      ]
    },
    {
      "module": "module.lambda_functions[\"EnhancedGetVehicleByRegistration\"]",
      "mode": "managed",
      "type": "aws_iam_role",
      "name": "lambda",
      "provider": "provider[\"registry.terraform.io/hashicorp/aws\"]",
      "instances": [
        {
          "index_key": 0,
          "schema_version": 0,
          "attributes": {
            "arn": "arn:aws:iam::333584358732:role/EnhancedGetVehicleByRegistration",
            "assume_role_policy": "{\"Statement\":[{\"Action\":\"sts:AssumeRole\",\"Effect\":\"Allow\",\"Principal\":{\"Service\":\"lambda.amazonaws.com\"}}],\"Version\":\"2012-10-17\"}",
            "create_date": "2023-10-27T15:33:50Z",
            "description": "",
            "force_detach_policies": true,
            "id": "EnhancedGetVehicleByRegistration",
            "inline_policy": [],
            "managed_policy_arns": [],
            "max_session_duration": 3600,
            "name": "EnhancedGetVehicleByRegistration",
            "name_prefix": "",
            "path": "/",
            "permissions_boundary": null,
            "tags": null,
            "tags_all": {},
            "unique_id": "AROAU3KZNLVGKWUJMNTRD"
          },
          "sensitive_attributes": [],
          "private": "bnVsbA==",
          "dependencies": [
            "module.lambda_functions.data.aws_iam_policy_document.assume_role"
          ]
        }
      ]
    },
    {
      "module": "module.lambda_functions[\"EnhancedGetVehicleByRegistration\"]",
      "mode": "managed",
      "type": "aws_iam_role_policy_attachment",
      "name": "logs",
      "provider": "provider[\"registry.terraform.io/hashicorp/aws\"]",
      "instances": [
        {
          "index_key": 0,
          "schema_version": 0,
          "attributes": {
            "id": "EnhancedGetVehicleByRegistration-20231027153353581100000001",
            "policy_arn": "arn:aws:iam::333584358732:policy/EnhancedGetVehicleByRegistration-logs",
            "role": "EnhancedGetVehicleByRegistration"
          },
          "sensitive_attributes": [],
          "private": "bnVsbA==",
          "dependencies": [
            "module.lambda_functions.aws_cloudwatch_log_group.lambda",
            "module.lambda_functions.aws_iam_policy.logs",
            "module.lambda_functions.aws_iam_role.lambda",
            "module.lambda_functions.data.aws_arn.log_group_arn",
            "module.lambda_functions.data.aws_cloudwatch_log_group.lambda",
            "module.lambda_functions.data.aws_iam_policy_document.assume_role",
            "module.lambda_functions.data.aws_iam_policy_document.logs"
          ]
        }
      ]
    },
    {
      "module": "module.lambda_functions[\"EnhancedGetVehicleByRegistration\"]",
      "mode": "managed",
      "type": "aws_lambda_function",
      "name": "this",
      "provider": "provider[\"registry.terraform.io/hashicorp/aws\"]",
      "instances": [
        {
          "index_key": 0,
          "schema_version": 0,
          "attributes": {
            "architectures": [
              "x86_64"
            ],
            "arn": "arn:aws:lambda:us-west-2:333584358732:function:EnhancedGetVehicleByRegistration",
            "code_signing_config_arn": "",
            "dead_letter_config": [],
            "description": "",
            "environment": [],
            "ephemeral_storage": [
              {
                "size": 512
              }
            ],
            "file_system_config": [],
            "filename": "builds/037a990c26a102da2fe2de781a36d0854b50e1d34f6f0657d162d636f5cc9cc2.zip",
            "function_name": "EnhancedGetVehicleByRegistration",
            "handler": "app.handler",
            "id": "EnhancedGetVehicleByRegistration",
            "image_config": [],
            "image_uri": "",
            "invoke_arn": "arn:aws:apigateway:us-west-2:lambda:path/2015-03-31/functions/arn:aws:lambda:us-west-2:333584358732:function:EnhancedGetVehicleByRegistration/invocations",
            "kms_key_arn": "",
            "last_modified": "2023-10-27T15:34:00.021+0000",
            "layers": null,
            "memory_size": 256,
            "package_type": "Zip",
            "publish": false,
            "qualified_arn": "arn:aws:lambda:us-west-2:333584358732:function:EnhancedGetVehicleByRegistration:$LATEST",
            "qualified_invoke_arn": "arn:aws:apigateway:us-west-2:lambda:path/2015-03-31/functions/arn:aws:lambda:us-west-2:333584358732:function:EnhancedGetVehicleByRegistration:$LATEST/invocations",
            "replace_security_groups_on_destroy": null,
            "replacement_security_group_ids": null,
            "reserved_concurrent_executions": -1,
            "role": "arn:aws:iam::333584358732:role/EnhancedGetVehicleByRegistration",
            "runtime": "nodejs14.x",
            "s3_bucket": null,
            "s3_key": null,
            "s3_object_version": null,
            "signing_job_arn": "",
            "signing_profile_version_arn": "",
            "skip_destroy": false,
            "snap_start": [],
            "source_code_hash": "LMs5Rt+bNlof+aU+yd2efzpVloil5WM4/Rq7fhwChko=",
            "source_code_size": 13318,
            "tags": null,
            "tags_all": {},
            "timeout": 60,
            "timeouts": {
              "create": null,
              "delete": null,
              "update": null
            },
            "tracing_config": [
              {
                "mode": "PassThrough"
              }
            ],
            "version": "$LATEST",
            "vpc_config": []
          },
          "sensitive_attributes": [],
          "private": "eyJlMmJmYjczMC1lY2FhLTExZTYtOGY4OC0zNDM2M2JjN2M0YzAiOnsiY3JlYXRlIjo2MDAwMDAwMDAwMDAsImRlbGV0ZSI6NjAwMDAwMDAwMDAwLCJ1cGRhdGUiOjYwMDAwMDAwMDAwMH19",
          "dependencies": [
            "module.lambda_functions.aws_cloudwatch_log_group.lambda",
            "module.lambda_functions.aws_iam_policy.logs",
            "module.lambda_functions.aws_iam_role.lambda",
            "module.lambda_functions.aws_iam_role_policy_attachment.additional_inline",
            "module.lambda_functions.aws_iam_role_policy_attachment.additional_json",
            "module.lambda_functions.aws_iam_role_policy_attachment.additional_jsons",
            "module.lambda_functions.aws_iam_role_policy_attachment.additional_many",
            "module.lambda_functions.aws_iam_role_policy_attachment.additional_one",
            "module.lambda_functions.aws_iam_role_policy_attachment.async",
            "module.lambda_functions.aws_iam_role_policy_attachment.dead_letter",
            "module.lambda_functions.aws_iam_role_policy_attachment.logs",
            "module.lambda_functions.aws_iam_role_policy_attachment.tracing",
            "module.lambda_functions.aws_iam_role_policy_attachment.vpc",
            "module.lambda_functions.aws_s3_object.lambda_package",
            "module.lambda_functions.data.aws_arn.log_group_arn",
            "module.lambda_functions.data.aws_cloudwatch_log_group.lambda",
            "module.lambda_functions.data.aws_iam_policy_document.assume_role",
            "module.lambda_functions.data.aws_iam_policy_document.logs",
            "module.lambda_functions.data.external.archive_prepare",
            "module.lambda_functions.local_file.archive_plan",
            "module.lambda_functions.null_resource.archive"
          ]
        }
      ]
    },
    {
      "module": "module.lambda_functions[\"EnhancedGetVehicleByRegistration\"]",
      "mode": "managed",
      "type": "local_file",
      "name": "archive_plan",
      "provider": "provider[\"registry.terraform.io/hashicorp/local\"]",
      "instances": [
        {
          "index_key": 0,
          "schema_version": 0,
          "attributes": {
            "content": "{\"filename\": \"builds/037a990c26a102da2fe2de781a36d0854b50e1d34f6f0657d162d636f5cc9cc2.zip\", \"runtime\": \"nodejs14.x\", \"artifacts_dir\": \"builds\", \"build_plan\": [[\"zip\", \"./code.zip\", null]]}",
            "content_base64": null,
            "content_base64sha256": "avmMubUr4Ddfen0TaMI7K7L1DPUkIesroZsq0JOfnR0=",
            "content_base64sha512": "vmWjUq75buHXVNp9EueXzalYeXKIgj/KT7+s15wbstJEgeTuEaLP+2o/04LIgKALT5oNth2CHMy2GniRZGByWw==",
            "content_md5": "7408b1cddf5f37c686431524daefe8cd",
            "content_sha1": "23c43adb2155ba7c7ffbb47a58210e09412e3162",
            "content_sha256": "6af98cb9b52be0375f7a7d1368c23b2bb2f50cf52421eb2ba19b2ad0939f9d1d",
            "content_sha512": "be65a352aef96ee1d754da7d12e797cda958797288823fca4fbfacd79c1bb2d24481e4ee11a2cffb6a3fd382c880a00b4f9a0db61d821cccb61a78916460725b",
            "directory_permission": "0755",
            "file_permission": "0644",
            "filename": "builds/037a990c26a102da2fe2de781a36d0854b50e1d34f6f0657d162d636f5cc9cc2.plan.json",
            "id": "23c43adb2155ba7c7ffbb47a58210e09412e3162",
            "sensitive_content": null,
            "source": null
          },
          "sensitive_attributes": [],
          "dependencies": [
            "module.lambda_functions.data.external.archive_prepare"
          ]
        }
      ]
    },
    {
      "module": "module.lambda_functions[\"EnhancedGetVehicleByRegistration\"]",
      "mode": "managed",
      "type": "null_resource",
      "name": "archive",
      "provider": "provider[\"registry.terraform.io/hashicorp/null\"]",
      "instances": [
        {
          "index_key": 0,
          "schema_version": 0,
          "attributes": {
            "id": "3411432361122215091",
            "triggers": {
              "filename": "builds/037a990c26a102da2fe2de781a36d0854b50e1d34f6f0657d162d636f5cc9cc2.zip",
              "timestamp": "1698420795176544000"
            }
          },
          "sensitive_attributes": [],
          "dependencies": [
            "module.lambda_functions.data.external.archive_prepare",
            "module.lambda_functions.local_file.archive_plan"
          ]
        }
      ]
    },
    {
      "module": "module.vpc",
      "mode": "data",
      "type": "aws_availability_zones",
      "name": "available",
      "provider": "provider[\"registry.terraform.io/hashicorp/aws\"]",
      "instances": [
        {
          "schema_version": 0,
          "attributes": {
            "all_availability_zones": null,
            "exclude_names": null,
            "exclude_zone_ids": null,
            "filter": null,
            "group_names": [
              "us-west-2"
            ],
            "id": "us-west-2",
            "names": [
              "us-west-2a",
              "us-west-2b",
              "us-west-2c",
              "us-west-2d"
            ],
            "state": null,
            "timeouts": null,
            "zone_ids": [
              "usw2-az1",
              "usw2-az2",
              "usw2-az3",
              "usw2-az4"
            ]
          },
          "sensitive_attributes": []
        }
      ]
    },
    {
      "module": "module.vpc",
      "mode": "managed",
      "type": "aws_eip",
      "name": "nat",
      "provider": "provider[\"registry.terraform.io/hashicorp/aws\"]",
      "instances": [
        {
          "schema_version": 0,
          "attributes": {
            "address": null,
            "allocation_id": "eipalloc-04e013fdf5d33f589",
            "associate_with_private_ip": null,
            "association_id": "eipassoc-099307e0f846ebd7e",
            "carrier_ip": "",
            "customer_owned_ip": "",
            "customer_owned_ipv4_pool": "",
            "domain": "vpc",
            "id": "eipalloc-04e013fdf5d33f589",
            "instance": "",
            "network_border_group": "us-west-2",
            "network_interface": "eni-079003fd30037194f",
            "private_dns": "ip-10-0-1-75.us-west-2.compute.internal",
            "private_ip": "10.0.1.75",
            "public_dns": "ec2-54-212-238-177.us-west-2.compute.amazonaws.com",
            "public_ip": "54.212.238.177",
            "public_ipv4_pool": "amazon",
            "tags": {},
            "tags_all": {},
            "timeouts": null,
            "vpc": true
          },
          "sensitive_attributes": [],
          "private": "eyJlMmJmYjczMC1lY2FhLTExZTYtOGY4OC0zNDM2M2JjN2M0YzAiOnsiZGVsZXRlIjoxODAwMDAwMDAwMDAsInJlYWQiOjkwMDAwMDAwMDAwMCwidXBkYXRlIjozMDAwMDAwMDAwMDB9fQ=="
        }
      ]
    },
    {
      "module": "module.vpc",
      "mode": "managed",
      "type": "aws_internet_gateway",
      "name": "igw",
      "provider": "provider[\"registry.terraform.io/hashicorp/aws\"]",
      "instances": [
        {
          "schema_version": 0,
          "attributes": {
            "arn": "arn:aws:ec2:us-west-2:333584358732:internet-gateway/igw-024ab3003af60f6f1",
            "id": "igw-024ab3003af60f6f1",
            "owner_id": "333584358732",
            "tags": {
              "Name": "dev-igw"
            },
            "tags_all": {
              "Name": "dev-igw"
            },
            "timeouts": null,
            "vpc_id": "vpc-02aa8e2c0d7b6043c"
          },
          "sensitive_attributes": [],
          "private": "eyJlMmJmYjczMC1lY2FhLTExZTYtOGY4OC0zNDM2M2JjN2M0YzAiOnsiY3JlYXRlIjoxMjAwMDAwMDAwMDAwLCJkZWxldGUiOjEyMDAwMDAwMDAwMDAsInVwZGF0ZSI6MTIwMDAwMDAwMDAwMH19",
          "dependencies": [
            "module.vpc.aws_vpc.main"
          ]
        }
      ]
    },
    {
      "module": "module.vpc",
      "mode": "managed",
      "type": "aws_nat_gateway",
      "name": "nat",
      "provider": "provider[\"registry.terraform.io/hashicorp/aws\"]",
      "instances": [
        {
          "schema_version": 0,
          "attributes": {
            "allocation_id": "eipalloc-04e013fdf5d33f589",
            "association_id": "eipassoc-099307e0f846ebd7e",
            "connectivity_type": "public",
            "id": "nat-0af6606c8715484e5",
            "network_interface_id": "eni-079003fd30037194f",
            "private_ip": "10.0.1.75",
            "public_ip": "54.212.238.177",
            "secondary_allocation_ids": [],
            "secondary_private_ip_address_count": 0,
            "secondary_private_ip_addresses": [],
            "subnet_id": "subnet-011cac4132e464826",
            "tags": {
              "Name": "dev-nat-gateway"
            },
            "tags_all": {
              "Name": "dev-nat-gateway"
            },
            "timeouts": null
          },
          "sensitive_attributes": [],
          "private": "eyJlMmJmYjczMC1lY2FhLTExZTYtOGY4OC0zNDM2M2JjN2M0YzAiOnsiY3JlYXRlIjo2MDAwMDAwMDAwMDAsImRlbGV0ZSI6MTgwMDAwMDAwMDAwMCwidXBkYXRlIjo2MDAwMDAwMDAwMDB9fQ==",
          "dependencies": [
            "module.vpc.aws_eip.nat",
            "module.vpc.aws_subnet.public_a",
            "module.vpc.aws_vpc.main",
            "module.vpc.data.aws_availability_zones.available"
          ]
        }
      ]
    },
    {
      "module": "module.vpc",
      "mode": "managed",
      "type": "aws_route_table",
      "name": "private",
      "provider": "provider[\"registry.terraform.io/hashicorp/aws\"]",
      "instances": [
        {
          "schema_version": 0,
          "attributes": {
            "arn": "arn:aws:ec2:us-west-2:333584358732:route-table/rtb-074e933ba112460f3",
            "id": "rtb-074e933ba112460f3",
            "owner_id": "333584358732",
            "propagating_vgws": [],
            "route": [
              {
                "carrier_gateway_id": "",
                "cidr_block": "0.0.0.0/0",
                "core_network_arn": "",
                "destination_prefix_list_id": "",
                "egress_only_gateway_id": "",
                "gateway_id": "",
                "ipv6_cidr_block": "",
                "local_gateway_id": "",
                "nat_gateway_id": "nat-0af6606c8715484e5",
                "network_interface_id": "",
                "transit_gateway_id": "",
                "vpc_endpoint_id": "",
                "vpc_peering_connection_id": ""
              }
            ],
            "tags": {
              "Name": "dev-private-route-table"
            },
            "tags_all": {
              "Name": "dev-private-route-table"
            },
            "timeouts": null,
            "vpc_id": "vpc-02aa8e2c0d7b6043c"
          },
          "sensitive_attributes": [],
          "private": "eyJlMmJmYjczMC1lY2FhLTExZTYtOGY4OC0zNDM2M2JjN2M0YzAiOnsiY3JlYXRlIjozMDAwMDAwMDAwMDAsImRlbGV0ZSI6MzAwMDAwMDAwMDAwLCJ1cGRhdGUiOjEyMDAwMDAwMDAwMH19",
          "dependencies": [
            "module.vpc.aws_eip.nat",
            "module.vpc.aws_nat_gateway.nat",
            "module.vpc.aws_subnet.public_a",
            "module.vpc.aws_vpc.main",
            "module.vpc.data.aws_availability_zones.available"
          ]
        }
      ]
    },
    {
      "module": "module.vpc",
      "mode": "managed",
      "type": "aws_route_table",
      "name": "public",
      "provider": "provider[\"registry.terraform.io/hashicorp/aws\"]",
      "instances": [
        {
          "schema_version": 0,
          "attributes": {
            "arn": "arn:aws:ec2:us-west-2:333584358732:route-table/rtb-0ba35bb51e2eb3e15",
            "id": "rtb-0ba35bb51e2eb3e15",
            "owner_id": "333584358732",
            "propagating_vgws": [],
            "route": [
              {
                "carrier_gateway_id": "",
                "cidr_block": "0.0.0.0/0",
                "core_network_arn": "",
                "destination_prefix_list_id": "",
                "egress_only_gateway_id": "",
                "gateway_id": "igw-024ab3003af60f6f1",
                "ipv6_cidr_block": "",
                "local_gateway_id": "",
                "nat_gateway_id": "",
                "network_interface_id": "",
                "transit_gateway_id": "",
                "vpc_endpoint_id": "",
                "vpc_peering_connection_id": ""
              }
            ],
            "tags": {
              "Name": "dev-public-route-table"
            },
            "tags_all": {
              "Name": "dev-public-route-table"
            },
            "timeouts": null,
            "vpc_id": "vpc-02aa8e2c0d7b6043c"
          },
          "sensitive_attributes": [],
          "private": "eyJlMmJmYjczMC1lY2FhLTExZTYtOGY4OC0zNDM2M2JjN2M0YzAiOnsiY3JlYXRlIjozMDAwMDAwMDAwMDAsImRlbGV0ZSI6MzAwMDAwMDAwMDAwLCJ1cGRhdGUiOjEyMDAwMDAwMDAwMH19",
          "dependencies": [
            "module.vpc.aws_internet_gateway.igw",
            "module.vpc.aws_vpc.main"
          ]
        }
      ]
    },
    {
      "module": "module.vpc",
      "mode": "managed",
      "type": "aws_route_table_association",
      "name": "private_a",
      "provider": "provider[\"registry.terraform.io/hashicorp/aws\"]",
      "instances": [
        {
          "schema_version": 0,
          "attributes": {
            "gateway_id": "",
            "id": "rtbassoc-0ff21796178732592",
            "route_table_id": "rtb-074e933ba112460f3",
            "subnet_id": "subnet-08705997d8a35f29d",
            "timeouts": null
          },
          "sensitive_attributes": [],
          "private": "eyJlMmJmYjczMC1lY2FhLTExZTYtOGY4OC0zNDM2M2JjN2M0YzAiOnsiY3JlYXRlIjozMDAwMDAwMDAwMDAsImRlbGV0ZSI6MzAwMDAwMDAwMDAwLCJ1cGRhdGUiOjEyMDAwMDAwMDAwMH19",
          "dependencies": [
            "module.vpc.aws_eip.nat",
            "module.vpc.aws_nat_gateway.nat",
            "module.vpc.aws_route_table.private",
            "module.vpc.aws_subnet.private_a",
            "module.vpc.aws_subnet.public_a",
            "module.vpc.aws_vpc.main",
            "module.vpc.data.aws_availability_zones.available"
          ]
        }
      ]
    },
    {
      "module": "module.vpc",
      "mode": "managed",
      "type": "aws_route_table_association",
      "name": "private_b",
      "provider": "provider[\"registry.terraform.io/hashicorp/aws\"]",
      "instances": [
        {
          "schema_version": 0,
          "attributes": {
            "gateway_id": "",
            "id": "rtbassoc-0f374eb6e2d02b1ef",
            "route_table_id": "rtb-074e933ba112460f3",
            "subnet_id": "subnet-05cd567fb34246ad1",
            "timeouts": null
          },
          "sensitive_attributes": [],
          "private": "eyJlMmJmYjczMC1lY2FhLTExZTYtOGY4OC0zNDM2M2JjN2M0YzAiOnsiY3JlYXRlIjozMDAwMDAwMDAwMDAsImRlbGV0ZSI6MzAwMDAwMDAwMDAwLCJ1cGRhdGUiOjEyMDAwMDAwMDAwMH19",
          "dependencies": [
            "module.vpc.aws_eip.nat",
            "module.vpc.aws_nat_gateway.nat",
            "module.vpc.aws_route_table.private",
            "module.vpc.aws_subnet.private_b",
            "module.vpc.aws_subnet.public_a",
            "module.vpc.aws_vpc.main",
            "module.vpc.data.aws_availability_zones.available"
          ]
        }
      ]
    },
    {
      "module": "module.vpc",
      "mode": "managed",
      "type": "aws_route_table_association",
      "name": "public_a",
      "provider": "provider[\"registry.terraform.io/hashicorp/aws\"]",
      "instances": [
        {
          "schema_version": 0,
          "attributes": {
            "gateway_id": "",
            "id": "rtbassoc-0fea291dbde164622",
            "route_table_id": "rtb-0ba35bb51e2eb3e15",
            "subnet_id": "subnet-011cac4132e464826",
            "timeouts": null
          },
          "sensitive_attributes": [],
          "private": "eyJlMmJmYjczMC1lY2FhLTExZTYtOGY4OC0zNDM2M2JjN2M0YzAiOnsiY3JlYXRlIjozMDAwMDAwMDAwMDAsImRlbGV0ZSI6MzAwMDAwMDAwMDAwLCJ1cGRhdGUiOjEyMDAwMDAwMDAwMH19",
          "dependencies": [
            "module.vpc.aws_internet_gateway.igw",
            "module.vpc.aws_route_table.public",
            "module.vpc.aws_subnet.public_a",
            "module.vpc.aws_vpc.main",
            "module.vpc.data.aws_availability_zones.available"
          ]
        }
      ]
    },
    {
      "module": "module.vpc",
      "mode": "managed",
      "type": "aws_route_table_association",
      "name": "public_b",
      "provider": "provider[\"registry.terraform.io/hashicorp/aws\"]",
      "instances": [
        {
          "schema_version": 0,
          "attributes": {
            "gateway_id": "",
            "id": "rtbassoc-0303c2d705895b14e",
            "route_table_id": "rtb-0ba35bb51e2eb3e15",
            "subnet_id": "subnet-04a40893d5fca536e",
            "timeouts": null
          },
          "sensitive_attributes": [],
          "private": "eyJlMmJmYjczMC1lY2FhLTExZTYtOGY4OC0zNDM2M2JjN2M0YzAiOnsiY3JlYXRlIjozMDAwMDAwMDAwMDAsImRlbGV0ZSI6MzAwMDAwMDAwMDAwLCJ1cGRhdGUiOjEyMDAwMDAwMDAwMH19",
          "dependencies": [
            "module.vpc.aws_internet_gateway.igw",
            "module.vpc.aws_route_table.public",
            "module.vpc.aws_subnet.public_b",
            "module.vpc.aws_vpc.main",
            "module.vpc.data.aws_availability_zones.available"
          ]
        }
      ]
    },
    {
      "module": "module.vpc",
      "mode": "managed",
      "type": "aws_subnet",
      "name": "private_a",
      "provider": "provider[\"registry.terraform.io/hashicorp/aws\"]",
      "instances": [
        {
          "schema_version": 1,
          "attributes": {
            "arn": "arn:aws:ec2:us-west-2:333584358732:subnet/subnet-08705997d8a35f29d",
            "assign_ipv6_address_on_creation": false,
            "availability_zone": "us-west-2a",
            "availability_zone_id": "usw2-az1",
            "cidr_block": "10.0.3.0/24",
            "customer_owned_ipv4_pool": "",
            "enable_dns64": false,
            "enable_lni_at_device_index": 0,
            "enable_resource_name_dns_a_record_on_launch": false,
            "enable_resource_name_dns_aaaa_record_on_launch": false,
            "id": "subnet-08705997d8a35f29d",
            "ipv6_cidr_block": "",
            "ipv6_cidr_block_association_id": "",
            "ipv6_native": false,
            "map_customer_owned_ip_on_launch": false,
            "map_public_ip_on_launch": false,
            "outpost_arn": "",
            "owner_id": "333584358732",
            "private_dns_hostname_type_on_launch": "ip-name",
            "tags": {
              "Name": "dev-private-subnet-a"
            },
            "tags_all": {
              "Name": "dev-private-subnet-a"
            },
            "timeouts": null,
            "vpc_id": "vpc-02aa8e2c0d7b6043c"
          },
          "sensitive_attributes": [],
          "private": "eyJlMmJmYjczMC1lY2FhLTExZTYtOGY4OC0zNDM2M2JjN2M0YzAiOnsiY3JlYXRlIjo2MDAwMDAwMDAwMDAsImRlbGV0ZSI6MTIwMDAwMDAwMDAwMH0sInNjaGVtYV92ZXJzaW9uIjoiMSJ9",
          "dependencies": [
            "module.vpc.aws_vpc.main",
            "module.vpc.data.aws_availability_zones.available"
          ]
        }
      ]
    },
    {
      "module": "module.vpc",
      "mode": "managed",
      "type": "aws_subnet",
      "name": "private_b",
      "provider": "provider[\"registry.terraform.io/hashicorp/aws\"]",
      "instances": [
        {
          "schema_version": 1,
          "attributes": {
            "arn": "arn:aws:ec2:us-west-2:333584358732:subnet/subnet-05cd567fb34246ad1",
            "assign_ipv6_address_on_creation": false,
            "availability_zone": "us-west-2b",
            "availability_zone_id": "usw2-az2",
            "cidr_block": "10.0.4.0/24",
            "customer_owned_ipv4_pool": "",
            "enable_dns64": false,
            "enable_lni_at_device_index": 0,
            "enable_resource_name_dns_a_record_on_launch": false,
            "enable_resource_name_dns_aaaa_record_on_launch": false,
            "id": "subnet-05cd567fb34246ad1",
            "ipv6_cidr_block": "",
            "ipv6_cidr_block_association_id": "",
            "ipv6_native": false,
            "map_customer_owned_ip_on_launch": false,
            "map_public_ip_on_launch": false,
            "outpost_arn": "",
            "owner_id": "333584358732",
            "private_dns_hostname_type_on_launch": "ip-name",
            "tags": {
              "Name": "dev-private-subnet-b"
            },
            "tags_all": {
              "Name": "dev-private-subnet-b"
            },
            "timeouts": null,
            "vpc_id": "vpc-02aa8e2c0d7b6043c"
          },
          "sensitive_attributes": [],
          "private": "eyJlMmJmYjczMC1lY2FhLTExZTYtOGY4OC0zNDM2M2JjN2M0YzAiOnsiY3JlYXRlIjo2MDAwMDAwMDAwMDAsImRlbGV0ZSI6MTIwMDAwMDAwMDAwMH0sInNjaGVtYV92ZXJzaW9uIjoiMSJ9",
          "dependencies": [
            "module.vpc.aws_vpc.main",
            "module.vpc.data.aws_availability_zones.available"
          ]
        }
      ]
    },
    {
      "module": "module.vpc",
      "mode": "managed",
      "type": "aws_subnet",
      "name": "public_a",
      "provider": "provider[\"registry.terraform.io/hashicorp/aws\"]",
      "instances": [
        {
          "schema_version": 1,
          "attributes": {
            "arn": "arn:aws:ec2:us-west-2:333584358732:subnet/subnet-011cac4132e464826",
            "assign_ipv6_address_on_creation": false,
            "availability_zone": "us-west-2a",
            "availability_zone_id": "usw2-az1",
            "cidr_block": "10.0.1.0/24",
            "customer_owned_ipv4_pool": "",
            "enable_dns64": false,
            "enable_lni_at_device_index": 0,
            "enable_resource_name_dns_a_record_on_launch": false,
            "enable_resource_name_dns_aaaa_record_on_launch": false,
            "id": "subnet-011cac4132e464826",
            "ipv6_cidr_block": "",
            "ipv6_cidr_block_association_id": "",
            "ipv6_native": false,
            "map_customer_owned_ip_on_launch": false,
            "map_public_ip_on_launch": true,
            "outpost_arn": "",
            "owner_id": "333584358732",
            "private_dns_hostname_type_on_launch": "ip-name",
            "tags": {
              "Name": "dev-public-subnet-a"
            },
            "tags_all": {
              "Name": "dev-public-subnet-a"
            },
            "timeouts": null,
            "vpc_id": "vpc-02aa8e2c0d7b6043c"
          },
          "sensitive_attributes": [],
          "private": "eyJlMmJmYjczMC1lY2FhLTExZTYtOGY4OC0zNDM2M2JjN2M0YzAiOnsiY3JlYXRlIjo2MDAwMDAwMDAwMDAsImRlbGV0ZSI6MTIwMDAwMDAwMDAwMH0sInNjaGVtYV92ZXJzaW9uIjoiMSJ9",
          "dependencies": [
            "module.vpc.aws_vpc.main",
            "module.vpc.data.aws_availability_zones.available"
          ]
        }
      ]
    },
    {
      "module": "module.vpc",
      "mode": "managed",
      "type": "aws_subnet",
      "name": "public_b",
      "provider": "provider[\"registry.terraform.io/hashicorp/aws\"]",
      "instances": [
        {
          "schema_version": 1,
          "attributes": {
            "arn": "arn:aws:ec2:us-west-2:333584358732:subnet/subnet-04a40893d5fca536e",
            "assign_ipv6_address_on_creation": false,
            "availability_zone": "us-west-2b",
            "availability_zone_id": "usw2-az2",
            "cidr_block": "10.0.2.0/24",
            "customer_owned_ipv4_pool": "",
            "enable_dns64": false,
            "enable_lni_at_device_index": 0,
            "enable_resource_name_dns_a_record_on_launch": false,
            "enable_resource_name_dns_aaaa_record_on_launch": false,
            "id": "subnet-04a40893d5fca536e",
            "ipv6_cidr_block": "",
            "ipv6_cidr_block_association_id": "",
            "ipv6_native": false,
            "map_customer_owned_ip_on_launch": false,
            "map_public_ip_on_launch": true,
            "outpost_arn": "",
            "owner_id": "333584358732",
            "private_dns_hostname_type_on_launch": "ip-name",
            "tags": {
              "Name": "dev-public-subnet-b"
            },
            "tags_all": {
              "Name": "dev-public-subnet-b"
            },
            "timeouts": null,
            "vpc_id": "vpc-02aa8e2c0d7b6043c"
          },
          "sensitive_attributes": [],
          "private": "eyJlMmJmYjczMC1lY2FhLTExZTYtOGY4OC0zNDM2M2JjN2M0YzAiOnsiY3JlYXRlIjo2MDAwMDAwMDAwMDAsImRlbGV0ZSI6MTIwMDAwMDAwMDAwMH0sInNjaGVtYV92ZXJzaW9uIjoiMSJ9",
          "dependencies": [
            "module.vpc.aws_vpc.main",
            "module.vpc.data.aws_availability_zones.available"
          ]
        }
      ]
    },
    {
      "module": "module.vpc",
      "mode": "managed",
      "type": "aws_vpc",
      "name": "main",
      "provider": "provider[\"registry.terraform.io/hashicorp/aws\"]",
      "instances": [
        {
          "schema_version": 1,
          "attributes": {
            "arn": "arn:aws:ec2:us-west-2:333584358732:vpc/vpc-02aa8e2c0d7b6043c",
            "assign_generated_ipv6_cidr_block": false,
            "cidr_block": "10.0.0.0/16",
            "default_network_acl_id": "acl-06ea0990649d2a6d0",
            "default_route_table_id": "rtb-0dacb38feac26c597",
            "default_security_group_id": "sg-065571af91434148b",
            "dhcp_options_id": "dopt-0f63729232a2f4755",
            "enable_dns_hostnames": false,
            "enable_dns_support": true,
            "enable_network_address_usage_metrics": false,
            "id": "vpc-02aa8e2c0d7b6043c",
            "instance_tenancy": "default",
            "ipv4_ipam_pool_id": null,
            "ipv4_netmask_length": null,
            "ipv6_association_id": "",
            "ipv6_cidr_block": "",
            "ipv6_cidr_block_network_border_group": "",
            "ipv6_ipam_pool_id": "",
            "ipv6_netmask_length": 0,
            "main_route_table_id": "rtb-0dacb38feac26c597",
            "owner_id": "333584358732",
            "tags": {
              "Name": "dev-vpc"
            },
            "tags_all": {
              "Name": "dev-vpc"
            }
          },
          "sensitive_attributes": [],
          "private": "eyJzY2hlbWFfdmVyc2lvbiI6IjEifQ=="
        }
      ]
    }
  ]
}
