{
  "version": 4,
  "terraform_version": "1.2.6",
  "serial": 233,
  "lineage": "282f3e5e-1ecc-5e48-50b8-5d13dab3a225",
  "outputs": {},
  "resources": [
    {
      "module": "module.api_gateway",
      "mode": "data",
      "type": "aws_region",
      "name": "current",
      "provider": "provider[\"registry.terraform.io/hashicorp/aws\"]",
      "instances": [
        {
          "schema_version": 0,
          "attributes": {
            "description": "US East (N. Virginia)",
            "endpoint": "ec2.us-east-1.amazonaws.com",
            "id": "us-east-1",
            "name": "us-east-1"
          },
          "sensitive_attributes": []
        }
      ]
    },
    {
      "module": "module.api_gateway",
      "mode": "managed",
      "type": "aws_api_gateway_authorizer",
      "name": "lambda_authorizer",
      "provider": "provider[\"registry.terraform.io/hashicorp/aws\"]",
      "instances": [
        {
          "schema_version": 0,
          "attributes": {
            "arn": "arn:aws:apigateway:us-east-1::/restapis/bubjfx51q6/authorizers/yg3dvm",
            "authorizer_credentials": "arn:aws:iam::711130358252:role/LambdaExecutionRole",
            "authorizer_result_ttl_in_seconds": 300,
            "authorizer_uri": "arn:aws:apigateway:us-east-1:lambda:path/2015-03-31/functions/arn:aws:lambda:us-east-1:711130358252:function:customLambdaAuthorizer/invocations",
            "id": "yg3dvm",
            "identity_source": "method.request.header.Authorization",
            "identity_validation_expression": "",
            "name": "lambda-authorizer",
            "provider_arns": [],
            "rest_api_id": "bubjfx51q6",
            "type": "TOKEN"
          },
          "sensitive_attributes": [],
          "private": "bnVsbA==",
          "dependencies": [
            "module.api_gateway.aws_api_gateway_rest_api.example",
            "module.api_gateway.data.aws_region.current",
            "module.lambda_authorizer.aws_iam_role.lambda_execution_role",
            "module.lambda_authorizer.aws_lambda_function.example"
          ]
        }
      ]
    },
    {
      "module": "module.api_gateway",
      "mode": "managed",
      "type": "aws_api_gateway_integration",
      "name": "integration",
      "provider": "provider[\"registry.terraform.io/hashicorp/aws\"]",
      "instances": [
        {
          "index_key": "EnhancedGetVehicleByApple",
          "schema_version": 0,
          "attributes": {
            "cache_key_parameters": [],
            "cache_namespace": "tizjjs",
            "connection_id": "",
            "connection_type": "INTERNET",
            "content_handling": "",
            "credentials": "",
            "http_method": "PUT",
            "id": "agi-bubjfx51q6-tizjjs-PUT",
            "integration_http_method": "POST",
            "passthrough_behavior": "WHEN_NO_MATCH",
            "request_parameters": {},
            "request_templates": {},
            "resource_id": "tizjjs",
            "rest_api_id": "bubjfx51q6",
            "timeout_milliseconds": 29000,
            "tls_config": [],
            "type": "AWS_PROXY",
            "uri": "arn:aws:apigateway:us-east-1:lambda:path/2015-03-31/functions/arn:aws:lambda:us-east-1:711130358252:function:EnhancedGetVehicleByApple/invocations"
          },
          "sensitive_attributes": [],
          "private": "bnVsbA==",
          "dependencies": [
            "module.api_gateway.aws_api_gateway_authorizer.lambda_authorizer",
            "module.api_gateway.aws_api_gateway_method.method",
            "module.api_gateway.aws_api_gateway_resource.resource",
            "module.api_gateway.aws_api_gateway_rest_api.example",
            "module.api_gateway.data.aws_region.current",
            "module.lambda_authorizer.aws_iam_role.lambda_execution_role",
            "module.lambda_authorizer.aws_lambda_function.example",
            "module.lambda_functions.aws_cloudwatch_log_group.lambda",
            "module.lambda_functions.aws_iam_policy.additional_inline",
            "module.lambda_functions.aws_iam_policy.additional_json",
            "module.lambda_functions.aws_iam_policy.additional_jsons",
            "module.lambda_functions.aws_iam_policy.async",
            "module.lambda_functions.aws_iam_policy.dead_letter",
            "module.lambda_functions.aws_iam_policy.logs",
            "module.lambda_functions.aws_iam_policy.tracing",
            "module.lambda_functions.aws_iam_policy.vpc",
            "module.lambda_functions.aws_iam_role.lambda",
            "module.lambda_functions.aws_iam_role_policy_attachment.additional_inline",
            "module.lambda_functions.aws_iam_role_policy_attachment.additional_json",
            "module.lambda_functions.aws_iam_role_policy_attachment.additional_jsons",
            "module.lambda_functions.aws_iam_role_policy_attachment.additional_many",
            "module.lambda_functions.aws_iam_role_policy_attachment.additional_one",
            "module.lambda_functions.aws_iam_role_policy_attachment.async",
            "module.lambda_functions.aws_iam_role_policy_attachment.dead_letter",
            "module.lambda_functions.aws_iam_role_policy_attachment.logs",
            "module.lambda_functions.aws_iam_role_policy_attachment.tracing",
            "module.lambda_functions.aws_iam_role_policy_attachment.vpc",
            "module.lambda_functions.aws_lambda_event_source_mapping.this",
            "module.lambda_functions.aws_lambda_function.this",
            "module.lambda_functions.aws_lambda_function_event_invoke_config.this",
            "module.lambda_functions.aws_lambda_function_url.this",
            "module.lambda_functions.aws_lambda_layer_version.this",
            "module.lambda_functions.aws_lambda_permission.current_version_triggers",
            "module.lambda_functions.aws_lambda_permission.unqualified_alias_triggers",
            "module.lambda_functions.aws_lambda_provisioned_concurrency_config.current_version",
            "module.lambda_functions.aws_s3_object.lambda_package",
            "module.lambda_functions.data.aws_arn.log_group_arn",
            "module.lambda_functions.data.aws_caller_identity.current",
            "module.lambda_functions.data.aws_cloudwatch_log_group.lambda",
            "module.lambda_functions.data.aws_iam_policy.tracing",
            "module.lambda_functions.data.aws_iam_policy.vpc",
            "module.lambda_functions.data.aws_iam_policy_document.additional_inline",
            "module.lambda_functions.data.aws_iam_policy_document.assume_role",
            "module.lambda_functions.data.aws_iam_policy_document.async",
            "module.lambda_functions.data.aws_iam_policy_document.dead_letter",
            "module.lambda_functions.data.aws_iam_policy_document.logs",
            "module.lambda_functions.data.aws_partition.current",
            "module.lambda_functions.data.aws_region.current",
            "module.lambda_functions.data.external.archive_prepare",
            "module.lambda_functions.local_file.archive_plan",
            "module.lambda_functions.null_resource.archive",
            "module.lambda_functions.null_resource.sam_metadata_aws_lambda_function",
            "module.lambda_functions.null_resource.sam_metadata_aws_lambda_layer_version"
          ]
        },
        {
          "index_key": "EnhancedGetVehicleByGrapes",
          "schema_version": 0,
          "attributes": {
            "cache_key_parameters": [],
            "cache_namespace": "2gw27x",
            "connection_id": "",
            "connection_type": "INTERNET",
            "content_handling": "",
            "credentials": "",
            "http_method": "POST",
            "id": "agi-bubjfx51q6-2gw27x-POST",
            "integration_http_method": "POST",
            "passthrough_behavior": "WHEN_NO_MATCH",
            "request_parameters": {},
            "request_templates": {},
            "resource_id": "2gw27x",
            "rest_api_id": "bubjfx51q6",
            "timeout_milliseconds": 29000,
            "tls_config": [],
            "type": "AWS_PROXY",
            "uri": "arn:aws:apigateway:us-east-1:lambda:path/2015-03-31/functions/arn:aws:lambda:us-east-1:711130358252:function:EnhancedGetVehicleByGrapes/invocations"
          },
          "sensitive_attributes": [],
          "private": "bnVsbA==",
          "dependencies": [
            "module.api_gateway.aws_api_gateway_authorizer.lambda_authorizer",
            "module.api_gateway.aws_api_gateway_method.method",
            "module.api_gateway.aws_api_gateway_resource.resource",
            "module.api_gateway.aws_api_gateway_rest_api.example",
            "module.api_gateway.data.aws_region.current",
            "module.lambda_authorizer.aws_iam_role.lambda_execution_role",
            "module.lambda_authorizer.aws_lambda_function.example",
            "module.lambda_functions.aws_cloudwatch_log_group.lambda",
            "module.lambda_functions.aws_iam_policy.additional_inline",
            "module.lambda_functions.aws_iam_policy.additional_json",
            "module.lambda_functions.aws_iam_policy.additional_jsons",
            "module.lambda_functions.aws_iam_policy.async",
            "module.lambda_functions.aws_iam_policy.dead_letter",
            "module.lambda_functions.aws_iam_policy.logs",
            "module.lambda_functions.aws_iam_policy.tracing",
            "module.lambda_functions.aws_iam_policy.vpc",
            "module.lambda_functions.aws_iam_role.lambda",
            "module.lambda_functions.aws_iam_role_policy_attachment.additional_inline",
            "module.lambda_functions.aws_iam_role_policy_attachment.additional_json",
            "module.lambda_functions.aws_iam_role_policy_attachment.additional_jsons",
            "module.lambda_functions.aws_iam_role_policy_attachment.additional_many",
            "module.lambda_functions.aws_iam_role_policy_attachment.additional_one",
            "module.lambda_functions.aws_iam_role_policy_attachment.async",
            "module.lambda_functions.aws_iam_role_policy_attachment.dead_letter",
            "module.lambda_functions.aws_iam_role_policy_attachment.logs",
            "module.lambda_functions.aws_iam_role_policy_attachment.tracing",
            "module.lambda_functions.aws_iam_role_policy_attachment.vpc",
            "module.lambda_functions.aws_lambda_event_source_mapping.this",
            "module.lambda_functions.aws_lambda_function.this",
            "module.lambda_functions.aws_lambda_function_event_invoke_config.this",
            "module.lambda_functions.aws_lambda_function_url.this",
            "module.lambda_functions.aws_lambda_layer_version.this",
            "module.lambda_functions.aws_lambda_permission.current_version_triggers",
            "module.lambda_functions.aws_lambda_permission.unqualified_alias_triggers",
            "module.lambda_functions.aws_lambda_provisioned_concurrency_config.current_version",
            "module.lambda_functions.aws_s3_object.lambda_package",
            "module.lambda_functions.data.aws_arn.log_group_arn",
            "module.lambda_functions.data.aws_caller_identity.current",
            "module.lambda_functions.data.aws_cloudwatch_log_group.lambda",
            "module.lambda_functions.data.aws_iam_policy.tracing",
            "module.lambda_functions.data.aws_iam_policy.vpc",
            "module.lambda_functions.data.aws_iam_policy_document.additional_inline",
            "module.lambda_functions.data.aws_iam_policy_document.assume_role",
            "module.lambda_functions.data.aws_iam_policy_document.async",
            "module.lambda_functions.data.aws_iam_policy_document.dead_letter",
            "module.lambda_functions.data.aws_iam_policy_document.logs",
            "module.lambda_functions.data.aws_partition.current",
            "module.lambda_functions.data.aws_region.current",
            "module.lambda_functions.data.external.archive_prepare",
            "module.lambda_functions.local_file.archive_plan",
            "module.lambda_functions.null_resource.archive",
            "module.lambda_functions.null_resource.sam_metadata_aws_lambda_function",
            "module.lambda_functions.null_resource.sam_metadata_aws_lambda_layer_version"
          ]
        },
        {
          "index_key": "EnhancedGetVehicleByMango",
          "schema_version": 0,
          "attributes": {
            "cache_key_parameters": [],
            "cache_namespace": "76lw7b",
            "connection_id": "",
            "connection_type": "INTERNET",
            "content_handling": "",
            "credentials": "",
            "http_method": "GET",
            "id": "agi-bubjfx51q6-76lw7b-GET",
            "integration_http_method": "POST",
            "passthrough_behavior": "WHEN_NO_MATCH",
            "request_parameters": {},
            "request_templates": {},
            "resource_id": "76lw7b",
            "rest_api_id": "bubjfx51q6",
            "timeout_milliseconds": 29000,
            "tls_config": [],
            "type": "AWS_PROXY",
            "uri": "arn:aws:apigateway:us-east-1:lambda:path/2015-03-31/functions/arn:aws:lambda:us-east-1:711130358252:function:EnhancedGetVehicleByMango/invocations"
          },
          "sensitive_attributes": [],
          "private": "bnVsbA==",
          "dependencies": [
            "module.api_gateway.aws_api_gateway_authorizer.lambda_authorizer",
            "module.api_gateway.aws_api_gateway_method.method",
            "module.api_gateway.aws_api_gateway_resource.resource",
            "module.api_gateway.aws_api_gateway_rest_api.example",
            "module.api_gateway.data.aws_region.current",
            "module.lambda_authorizer.aws_iam_role.lambda_execution_role",
            "module.lambda_authorizer.aws_lambda_function.example",
            "module.lambda_functions.aws_cloudwatch_log_group.lambda",
            "module.lambda_functions.aws_iam_policy.additional_inline",
            "module.lambda_functions.aws_iam_policy.additional_json",
            "module.lambda_functions.aws_iam_policy.additional_jsons",
            "module.lambda_functions.aws_iam_policy.async",
            "module.lambda_functions.aws_iam_policy.dead_letter",
            "module.lambda_functions.aws_iam_policy.logs",
            "module.lambda_functions.aws_iam_policy.tracing",
            "module.lambda_functions.aws_iam_policy.vpc",
            "module.lambda_functions.aws_iam_role.lambda",
            "module.lambda_functions.aws_iam_role_policy_attachment.additional_inline",
            "module.lambda_functions.aws_iam_role_policy_attachment.additional_json",
            "module.lambda_functions.aws_iam_role_policy_attachment.additional_jsons",
            "module.lambda_functions.aws_iam_role_policy_attachment.additional_many",
            "module.lambda_functions.aws_iam_role_policy_attachment.additional_one",
            "module.lambda_functions.aws_iam_role_policy_attachment.async",
            "module.lambda_functions.aws_iam_role_policy_attachment.dead_letter",
            "module.lambda_functions.aws_iam_role_policy_attachment.logs",
            "module.lambda_functions.aws_iam_role_policy_attachment.tracing",
            "module.lambda_functions.aws_iam_role_policy_attachment.vpc",
            "module.lambda_functions.aws_lambda_event_source_mapping.this",
            "module.lambda_functions.aws_lambda_function.this",
            "module.lambda_functions.aws_lambda_function_event_invoke_config.this",
            "module.lambda_functions.aws_lambda_function_url.this",
            "module.lambda_functions.aws_lambda_layer_version.this",
            "module.lambda_functions.aws_lambda_permission.current_version_triggers",
            "module.lambda_functions.aws_lambda_permission.unqualified_alias_triggers",
            "module.lambda_functions.aws_lambda_provisioned_concurrency_config.current_version",
            "module.lambda_functions.aws_s3_object.lambda_package",
            "module.lambda_functions.data.aws_arn.log_group_arn",
            "module.lambda_functions.data.aws_caller_identity.current",
            "module.lambda_functions.data.aws_cloudwatch_log_group.lambda",
            "module.lambda_functions.data.aws_iam_policy.tracing",
            "module.lambda_functions.data.aws_iam_policy.vpc",
            "module.lambda_functions.data.aws_iam_policy_document.additional_inline",
            "module.lambda_functions.data.aws_iam_policy_document.assume_role",
            "module.lambda_functions.data.aws_iam_policy_document.async",
            "module.lambda_functions.data.aws_iam_policy_document.dead_letter",
            "module.lambda_functions.data.aws_iam_policy_document.logs",
            "module.lambda_functions.data.aws_partition.current",
            "module.lambda_functions.data.aws_region.current",
            "module.lambda_functions.data.external.archive_prepare",
            "module.lambda_functions.local_file.archive_plan",
            "module.lambda_functions.null_resource.archive",
            "module.lambda_functions.null_resource.sam_metadata_aws_lambda_function",
            "module.lambda_functions.null_resource.sam_metadata_aws_lambda_layer_version"
          ]
        },
        {
          "index_key": "EnhancedGetVehicleByRegistration",
          "schema_version": 0,
          "attributes": {
            "cache_key_parameters": [],
            "cache_namespace": "rgj10i",
            "connection_id": "",
            "connection_type": "INTERNET",
            "content_handling": "",
            "credentials": "",
            "http_method": "POST",
            "id": "agi-bubjfx51q6-rgj10i-POST",
            "integration_http_method": "POST",
            "passthrough_behavior": "WHEN_NO_MATCH",
            "request_parameters": {},
            "request_templates": {},
            "resource_id": "rgj10i",
            "rest_api_id": "bubjfx51q6",
            "timeout_milliseconds": 29000,
            "tls_config": [],
            "type": "AWS_PROXY",
            "uri": "arn:aws:apigateway:us-east-1:lambda:path/2015-03-31/functions/arn:aws:lambda:us-east-1:711130358252:function:EnhancedGetVehicleByRegistration/invocations"
          },
          "sensitive_attributes": [],
          "private": "bnVsbA==",
          "dependencies": [
            "module.api_gateway.aws_api_gateway_authorizer.lambda_authorizer",
            "module.api_gateway.aws_api_gateway_method.method",
            "module.api_gateway.aws_api_gateway_resource.resource",
            "module.api_gateway.aws_api_gateway_rest_api.example",
            "module.api_gateway.data.aws_region.current",
            "module.lambda_authorizer.aws_iam_role.lambda_execution_role",
            "module.lambda_authorizer.aws_lambda_function.example",
            "module.lambda_functions.aws_cloudwatch_log_group.lambda",
            "module.lambda_functions.aws_iam_policy.additional_inline",
            "module.lambda_functions.aws_iam_policy.additional_json",
            "module.lambda_functions.aws_iam_policy.additional_jsons",
            "module.lambda_functions.aws_iam_policy.async",
            "module.lambda_functions.aws_iam_policy.dead_letter",
            "module.lambda_functions.aws_iam_policy.logs",
            "module.lambda_functions.aws_iam_policy.tracing",
            "module.lambda_functions.aws_iam_policy.vpc",
            "module.lambda_functions.aws_iam_role.lambda",
            "module.lambda_functions.aws_iam_role_policy_attachment.additional_inline",
            "module.lambda_functions.aws_iam_role_policy_attachment.additional_json",
            "module.lambda_functions.aws_iam_role_policy_attachment.additional_jsons",
            "module.lambda_functions.aws_iam_role_policy_attachment.additional_many",
            "module.lambda_functions.aws_iam_role_policy_attachment.additional_one",
            "module.lambda_functions.aws_iam_role_policy_attachment.async",
            "module.lambda_functions.aws_iam_role_policy_attachment.dead_letter",
            "module.lambda_functions.aws_iam_role_policy_attachment.logs",
            "module.lambda_functions.aws_iam_role_policy_attachment.tracing",
            "module.lambda_functions.aws_iam_role_policy_attachment.vpc",
            "module.lambda_functions.aws_lambda_event_source_mapping.this",
            "module.lambda_functions.aws_lambda_function.this",
            "module.lambda_functions.aws_lambda_function_event_invoke_config.this",
            "module.lambda_functions.aws_lambda_function_url.this",
            "module.lambda_functions.aws_lambda_layer_version.this",
            "module.lambda_functions.aws_lambda_permission.current_version_triggers",
            "module.lambda_functions.aws_lambda_permission.unqualified_alias_triggers",
            "module.lambda_functions.aws_lambda_provisioned_concurrency_config.current_version",
            "module.lambda_functions.aws_s3_object.lambda_package",
            "module.lambda_functions.data.aws_arn.log_group_arn",
            "module.lambda_functions.data.aws_caller_identity.current",
            "module.lambda_functions.data.aws_cloudwatch_log_group.lambda",
            "module.lambda_functions.data.aws_iam_policy.tracing",
            "module.lambda_functions.data.aws_iam_policy.vpc",
            "module.lambda_functions.data.aws_iam_policy_document.additional_inline",
            "module.lambda_functions.data.aws_iam_policy_document.assume_role",
            "module.lambda_functions.data.aws_iam_policy_document.async",
            "module.lambda_functions.data.aws_iam_policy_document.dead_letter",
            "module.lambda_functions.data.aws_iam_policy_document.logs",
            "module.lambda_functions.data.aws_partition.current",
            "module.lambda_functions.data.aws_region.current",
            "module.lambda_functions.data.external.archive_prepare",
            "module.lambda_functions.local_file.archive_plan",
            "module.lambda_functions.null_resource.archive",
            "module.lambda_functions.null_resource.sam_metadata_aws_lambda_function",
            "module.lambda_functions.null_resource.sam_metadata_aws_lambda_layer_version"
          ]
        }
      ]
    },
    {
      "module": "module.api_gateway",
      "mode": "managed",
      "type": "aws_api_gateway_method",
      "name": "method",
      "provider": "provider[\"registry.terraform.io/hashicorp/aws\"]",
      "instances": [
        {
          "index_key": "EnhancedGetVehicleByApple",
          "schema_version": 0,
          "attributes": {
            "api_key_required": false,
            "authorization": "CUSTOM",
            "authorization_scopes": [],
            "authorizer_id": "yg3dvm",
            "http_method": "PUT",
            "id": "agm-bubjfx51q6-tizjjs-PUT",
            "operation_name": "",
            "request_models": {},
            "request_parameters": {},
            "request_validator_id": "",
            "resource_id": "tizjjs",
            "rest_api_id": "bubjfx51q6"
          },
          "sensitive_attributes": [],
          "private": "bnVsbA==",
          "dependencies": [
            "module.api_gateway.aws_api_gateway_authorizer.lambda_authorizer",
            "module.api_gateway.aws_api_gateway_resource.resource",
            "module.api_gateway.aws_api_gateway_rest_api.example",
            "module.api_gateway.data.aws_region.current",
            "module.lambda_authorizer.aws_iam_role.lambda_execution_role",
            "module.lambda_authorizer.aws_lambda_function.example"
          ]
        },
        {
          "index_key": "EnhancedGetVehicleByGrapes",
          "schema_version": 0,
          "attributes": {
            "api_key_required": false,
            "authorization": "CUSTOM",
            "authorization_scopes": [],
            "authorizer_id": "yg3dvm",
            "http_method": "POST",
            "id": "agm-bubjfx51q6-2gw27x-POST",
            "operation_name": "",
            "request_models": {},
            "request_parameters": {},
            "request_validator_id": "",
            "resource_id": "2gw27x",
            "rest_api_id": "bubjfx51q6"
          },
          "sensitive_attributes": [],
          "private": "bnVsbA==",
          "dependencies": [
            "module.api_gateway.aws_api_gateway_authorizer.lambda_authorizer",
            "module.api_gateway.aws_api_gateway_resource.resource",
            "module.api_gateway.aws_api_gateway_rest_api.example",
            "module.api_gateway.data.aws_region.current",
            "module.lambda_authorizer.aws_iam_role.lambda_execution_role",
            "module.lambda_authorizer.aws_lambda_function.example"
          ]
        },
        {
          "index_key": "EnhancedGetVehicleByMango",
          "schema_version": 0,
          "attributes": {
            "api_key_required": false,
            "authorization": "CUSTOM",
            "authorization_scopes": [],
            "authorizer_id": "yg3dvm",
            "http_method": "GET",
            "id": "agm-bubjfx51q6-76lw7b-GET",
            "operation_name": "",
            "request_models": {},
            "request_parameters": {},
            "request_validator_id": "",
            "resource_id": "76lw7b",
            "rest_api_id": "bubjfx51q6"
          },
          "sensitive_attributes": [],
          "private": "bnVsbA==",
          "dependencies": [
            "module.api_gateway.aws_api_gateway_authorizer.lambda_authorizer",
            "module.api_gateway.aws_api_gateway_resource.resource",
            "module.api_gateway.aws_api_gateway_rest_api.example",
            "module.api_gateway.data.aws_region.current",
            "module.lambda_authorizer.aws_iam_role.lambda_execution_role",
            "module.lambda_authorizer.aws_lambda_function.example"
          ]
        },
        {
          "index_key": "EnhancedGetVehicleByRegistration",
          "schema_version": 0,
          "attributes": {
            "api_key_required": false,
            "authorization": "CUSTOM",
            "authorization_scopes": [],
            "authorizer_id": "yg3dvm",
            "http_method": "POST",
            "id": "agm-bubjfx51q6-rgj10i-POST",
            "operation_name": "",
            "request_models": {},
            "request_parameters": {},
            "request_validator_id": "",
            "resource_id": "rgj10i",
            "rest_api_id": "bubjfx51q6"
          },
          "sensitive_attributes": [],
          "private": "bnVsbA==",
          "dependencies": [
            "module.api_gateway.aws_api_gateway_authorizer.lambda_authorizer",
            "module.api_gateway.aws_api_gateway_resource.resource",
            "module.api_gateway.aws_api_gateway_rest_api.example",
            "module.api_gateway.data.aws_region.current",
            "module.lambda_authorizer.aws_iam_role.lambda_execution_role",
            "module.lambda_authorizer.aws_lambda_function.example"
          ]
        }
      ]
    },
    {
      "module": "module.api_gateway",
      "mode": "managed",
      "type": "aws_api_gateway_resource",
      "name": "resource",
      "provider": "provider[\"registry.terraform.io/hashicorp/aws\"]",
      "instances": [
        {
          "index_key": "EnhancedGetVehicleByApple",
          "schema_version": 0,
          "attributes": {
            "id": "tizjjs",
            "parent_id": "z76ila2ng5",
            "path": "/EnhancedGetVehicleByApple",
            "path_part": "EnhancedGetVehicleByApple",
            "rest_api_id": "bubjfx51q6"
          },
          "sensitive_attributes": [],
          "private": "bnVsbA==",
          "dependencies": [
            "module.api_gateway.aws_api_gateway_rest_api.example"
          ]
        },
        {
          "index_key": "EnhancedGetVehicleByGrapes",
          "schema_version": 0,
          "attributes": {
            "id": "2gw27x",
            "parent_id": "z76ila2ng5",
            "path": "/EnhancedGetVehicleByGrapes",
            "path_part": "EnhancedGetVehicleByGrapes",
            "rest_api_id": "bubjfx51q6"
          },
          "sensitive_attributes": [],
          "private": "bnVsbA==",
          "dependencies": [
            "module.api_gateway.aws_api_gateway_rest_api.example"
          ]
        },
        {
          "index_key": "EnhancedGetVehicleByMango",
          "schema_version": 0,
          "attributes": {
            "id": "76lw7b",
            "parent_id": "z76ila2ng5",
            "path": "/EnhancedGetVehicleByMango",
            "path_part": "EnhancedGetVehicleByMango",
            "rest_api_id": "bubjfx51q6"
          },
          "sensitive_attributes": [],
          "private": "bnVsbA==",
          "dependencies": [
            "module.api_gateway.aws_api_gateway_rest_api.example"
          ]
        },
        {
          "index_key": "EnhancedGetVehicleByRegistration",
          "schema_version": 0,
          "attributes": {
            "id": "rgj10i",
            "parent_id": "z76ila2ng5",
            "path": "/EnhancedGetVehicleByRegistration",
            "path_part": "EnhancedGetVehicleByRegistration",
            "rest_api_id": "bubjfx51q6"
          },
          "sensitive_attributes": [],
          "private": "bnVsbA==",
          "dependencies": [
            "module.api_gateway.aws_api_gateway_rest_api.example"
          ]
        }
      ]
    },
    {
      "module": "module.api_gateway",
      "mode": "managed",
      "type": "aws_api_gateway_rest_api",
      "name": "example",
      "provider": "provider[\"registry.terraform.io/hashicorp/aws\"]",
      "instances": [
        {
          "schema_version": 0,
          "attributes": {
            "api_key_source": "HEADER",
            "arn": "arn:aws:apigateway:us-east-1::/restapis/bubjfx51q6",
            "binary_media_types": [],
            "body": null,
            "created_date": "2023-11-09T05:50:14Z",
            "description": "An example API Gateway REST API",
            "disable_execute_api_endpoint": false,
            "endpoint_configuration": [
              {
                "types": [
                  "EDGE"
                ],
                "vpc_endpoint_ids": []
              }
            ],
            "execution_arn": "arn:aws:execute-api:us-east-1:711130358252:bubjfx51q6",
            "fail_on_warnings": null,
            "id": "bubjfx51q6",
            "minimum_compression_size": "",
            "name": "dev-api-gateway",
            "parameters": null,
            "policy": "",
            "put_rest_api_mode": null,
            "root_resource_id": "z76ila2ng5",
            "tags": {},
            "tags_all": {}
          },
          "sensitive_attributes": [],
          "private": "bnVsbA=="
        }
      ]
    },
    {
      "module": "module.api_gateway",
      "mode": "managed",
      "type": "aws_lambda_permission",
      "name": "api_gw_lambda_invoke",
      "provider": "provider[\"registry.terraform.io/hashicorp/aws\"]",
      "instances": [
        {
          "index_key": "EnhancedGetVehicleByApple",
          "schema_version": 0,
          "attributes": {
            "action": "lambda:InvokeFunction",
            "event_source_token": null,
            "function_name": "arn:aws:lambda:us-east-1:711130358252:function:EnhancedGetVehicleByApple",
            "function_url_auth_type": null,
            "id": "AllowAPIGatewayInvoke",
            "principal": "apigateway.amazonaws.com",
            "principal_org_id": null,
            "qualifier": "",
            "source_account": null,
            "source_arn": "arn:aws:execute-api:us-east-1:711130358252:bubjfx51q6/*/*/*",
            "statement_id": "AllowAPIGatewayInvoke",
            "statement_id_prefix": ""
          },
          "sensitive_attributes": [],
          "private": "bnVsbA==",
          "dependencies": [
            "module.api_gateway.aws_api_gateway_rest_api.example",
            "module.lambda_functions.aws_cloudwatch_log_group.lambda",
            "module.lambda_functions.aws_iam_policy.additional_inline",
            "module.lambda_functions.aws_iam_policy.additional_json",
            "module.lambda_functions.aws_iam_policy.additional_jsons",
            "module.lambda_functions.aws_iam_policy.async",
            "module.lambda_functions.aws_iam_policy.dead_letter",
            "module.lambda_functions.aws_iam_policy.logs",
            "module.lambda_functions.aws_iam_policy.tracing",
            "module.lambda_functions.aws_iam_policy.vpc",
            "module.lambda_functions.aws_iam_role.lambda",
            "module.lambda_functions.aws_iam_role_policy_attachment.additional_inline",
            "module.lambda_functions.aws_iam_role_policy_attachment.additional_json",
            "module.lambda_functions.aws_iam_role_policy_attachment.additional_jsons",
            "module.lambda_functions.aws_iam_role_policy_attachment.additional_many",
            "module.lambda_functions.aws_iam_role_policy_attachment.additional_one",
            "module.lambda_functions.aws_iam_role_policy_attachment.async",
            "module.lambda_functions.aws_iam_role_policy_attachment.dead_letter",
            "module.lambda_functions.aws_iam_role_policy_attachment.logs",
            "module.lambda_functions.aws_iam_role_policy_attachment.tracing",
            "module.lambda_functions.aws_iam_role_policy_attachment.vpc",
            "module.lambda_functions.aws_lambda_event_source_mapping.this",
            "module.lambda_functions.aws_lambda_function.this",
            "module.lambda_functions.aws_lambda_function_event_invoke_config.this",
            "module.lambda_functions.aws_lambda_function_url.this",
            "module.lambda_functions.aws_lambda_layer_version.this",
            "module.lambda_functions.aws_lambda_permission.current_version_triggers",
            "module.lambda_functions.aws_lambda_permission.unqualified_alias_triggers",
            "module.lambda_functions.aws_lambda_provisioned_concurrency_config.current_version",
            "module.lambda_functions.aws_s3_object.lambda_package",
            "module.lambda_functions.data.aws_arn.log_group_arn",
            "module.lambda_functions.data.aws_caller_identity.current",
            "module.lambda_functions.data.aws_cloudwatch_log_group.lambda",
            "module.lambda_functions.data.aws_iam_policy.tracing",
            "module.lambda_functions.data.aws_iam_policy.vpc",
            "module.lambda_functions.data.aws_iam_policy_document.additional_inline",
            "module.lambda_functions.data.aws_iam_policy_document.assume_role",
            "module.lambda_functions.data.aws_iam_policy_document.async",
            "module.lambda_functions.data.aws_iam_policy_document.dead_letter",
            "module.lambda_functions.data.aws_iam_policy_document.logs",
            "module.lambda_functions.data.aws_partition.current",
            "module.lambda_functions.data.aws_region.current",
            "module.lambda_functions.data.external.archive_prepare",
            "module.lambda_functions.local_file.archive_plan",
            "module.lambda_functions.null_resource.archive",
            "module.lambda_functions.null_resource.sam_metadata_aws_lambda_function",
            "module.lambda_functions.null_resource.sam_metadata_aws_lambda_layer_version"
          ]
        },
        {
          "index_key": "EnhancedGetVehicleByGrapes",
          "schema_version": 0,
          "attributes": {
            "action": "lambda:InvokeFunction",
            "event_source_token": null,
            "function_name": "arn:aws:lambda:us-east-1:711130358252:function:EnhancedGetVehicleByGrapes",
            "function_url_auth_type": null,
            "id": "AllowAPIGatewayInvoke",
            "principal": "apigateway.amazonaws.com",
            "principal_org_id": null,
            "qualifier": "",
            "source_account": null,
            "source_arn": "arn:aws:execute-api:us-east-1:711130358252:bubjfx51q6/*/*/*",
            "statement_id": "AllowAPIGatewayInvoke",
            "statement_id_prefix": ""
          },
          "sensitive_attributes": [],
          "private": "bnVsbA==",
          "dependencies": [
            "module.api_gateway.aws_api_gateway_rest_api.example",
            "module.lambda_functions.aws_cloudwatch_log_group.lambda",
            "module.lambda_functions.aws_iam_policy.additional_inline",
            "module.lambda_functions.aws_iam_policy.additional_json",
            "module.lambda_functions.aws_iam_policy.additional_jsons",
            "module.lambda_functions.aws_iam_policy.async",
            "module.lambda_functions.aws_iam_policy.dead_letter",
            "module.lambda_functions.aws_iam_policy.logs",
            "module.lambda_functions.aws_iam_policy.tracing",
            "module.lambda_functions.aws_iam_policy.vpc",
            "module.lambda_functions.aws_iam_role.lambda",
            "module.lambda_functions.aws_iam_role_policy_attachment.additional_inline",
            "module.lambda_functions.aws_iam_role_policy_attachment.additional_json",
            "module.lambda_functions.aws_iam_role_policy_attachment.additional_jsons",
            "module.lambda_functions.aws_iam_role_policy_attachment.additional_many",
            "module.lambda_functions.aws_iam_role_policy_attachment.additional_one",
            "module.lambda_functions.aws_iam_role_policy_attachment.async",
            "module.lambda_functions.aws_iam_role_policy_attachment.dead_letter",
            "module.lambda_functions.aws_iam_role_policy_attachment.logs",
            "module.lambda_functions.aws_iam_role_policy_attachment.tracing",
            "module.lambda_functions.aws_iam_role_policy_attachment.vpc",
            "module.lambda_functions.aws_lambda_event_source_mapping.this",
            "module.lambda_functions.aws_lambda_function.this",
            "module.lambda_functions.aws_lambda_function_event_invoke_config.this",
            "module.lambda_functions.aws_lambda_function_url.this",
            "module.lambda_functions.aws_lambda_layer_version.this",
            "module.lambda_functions.aws_lambda_permission.current_version_triggers",
            "module.lambda_functions.aws_lambda_permission.unqualified_alias_triggers",
            "module.lambda_functions.aws_lambda_provisioned_concurrency_config.current_version",
            "module.lambda_functions.aws_s3_object.lambda_package",
            "module.lambda_functions.data.aws_arn.log_group_arn",
            "module.lambda_functions.data.aws_caller_identity.current",
            "module.lambda_functions.data.aws_cloudwatch_log_group.lambda",
            "module.lambda_functions.data.aws_iam_policy.tracing",
            "module.lambda_functions.data.aws_iam_policy.vpc",
            "module.lambda_functions.data.aws_iam_policy_document.additional_inline",
            "module.lambda_functions.data.aws_iam_policy_document.assume_role",
            "module.lambda_functions.data.aws_iam_policy_document.async",
            "module.lambda_functions.data.aws_iam_policy_document.dead_letter",
            "module.lambda_functions.data.aws_iam_policy_document.logs",
            "module.lambda_functions.data.aws_partition.current",
            "module.lambda_functions.data.aws_region.current",
            "module.lambda_functions.data.external.archive_prepare",
            "module.lambda_functions.local_file.archive_plan",
            "module.lambda_functions.null_resource.archive",
            "module.lambda_functions.null_resource.sam_metadata_aws_lambda_function",
            "module.lambda_functions.null_resource.sam_metadata_aws_lambda_layer_version"
          ]
        },
        {
          "index_key": "EnhancedGetVehicleByMango",
          "schema_version": 0,
          "attributes": {
            "action": "lambda:InvokeFunction",
            "event_source_token": null,
            "function_name": "arn:aws:lambda:us-east-1:711130358252:function:EnhancedGetVehicleByMango",
            "function_url_auth_type": null,
            "id": "AllowAPIGatewayInvoke",
            "principal": "apigateway.amazonaws.com",
            "principal_org_id": null,
            "qualifier": "",
            "source_account": null,
            "source_arn": "arn:aws:execute-api:us-east-1:711130358252:bubjfx51q6/*/*/*",
            "statement_id": "AllowAPIGatewayInvoke",
            "statement_id_prefix": ""
          },
          "sensitive_attributes": [],
          "private": "bnVsbA==",
          "dependencies": [
            "module.api_gateway.aws_api_gateway_rest_api.example",
            "module.lambda_functions.aws_cloudwatch_log_group.lambda",
            "module.lambda_functions.aws_iam_policy.additional_inline",
            "module.lambda_functions.aws_iam_policy.additional_json",
            "module.lambda_functions.aws_iam_policy.additional_jsons",
            "module.lambda_functions.aws_iam_policy.async",
            "module.lambda_functions.aws_iam_policy.dead_letter",
            "module.lambda_functions.aws_iam_policy.logs",
            "module.lambda_functions.aws_iam_policy.tracing",
            "module.lambda_functions.aws_iam_policy.vpc",
            "module.lambda_functions.aws_iam_role.lambda",
            "module.lambda_functions.aws_iam_role_policy_attachment.additional_inline",
            "module.lambda_functions.aws_iam_role_policy_attachment.additional_json",
            "module.lambda_functions.aws_iam_role_policy_attachment.additional_jsons",
            "module.lambda_functions.aws_iam_role_policy_attachment.additional_many",
            "module.lambda_functions.aws_iam_role_policy_attachment.additional_one",
            "module.lambda_functions.aws_iam_role_policy_attachment.async",
            "module.lambda_functions.aws_iam_role_policy_attachment.dead_letter",
            "module.lambda_functions.aws_iam_role_policy_attachment.logs",
            "module.lambda_functions.aws_iam_role_policy_attachment.tracing",
            "module.lambda_functions.aws_iam_role_policy_attachment.vpc",
            "module.lambda_functions.aws_lambda_event_source_mapping.this",
            "module.lambda_functions.aws_lambda_function.this",
            "module.lambda_functions.aws_lambda_function_event_invoke_config.this",
            "module.lambda_functions.aws_lambda_function_url.this",
            "module.lambda_functions.aws_lambda_layer_version.this",
            "module.lambda_functions.aws_lambda_permission.current_version_triggers",
            "module.lambda_functions.aws_lambda_permission.unqualified_alias_triggers",
            "module.lambda_functions.aws_lambda_provisioned_concurrency_config.current_version",
            "module.lambda_functions.aws_s3_object.lambda_package",
            "module.lambda_functions.data.aws_arn.log_group_arn",
            "module.lambda_functions.data.aws_caller_identity.current",
            "module.lambda_functions.data.aws_cloudwatch_log_group.lambda",
            "module.lambda_functions.data.aws_iam_policy.tracing",
            "module.lambda_functions.data.aws_iam_policy.vpc",
            "module.lambda_functions.data.aws_iam_policy_document.additional_inline",
            "module.lambda_functions.data.aws_iam_policy_document.assume_role",
            "module.lambda_functions.data.aws_iam_policy_document.async",
            "module.lambda_functions.data.aws_iam_policy_document.dead_letter",
            "module.lambda_functions.data.aws_iam_policy_document.logs",
            "module.lambda_functions.data.aws_partition.current",
            "module.lambda_functions.data.aws_region.current",
            "module.lambda_functions.data.external.archive_prepare",
            "module.lambda_functions.local_file.archive_plan",
            "module.lambda_functions.null_resource.archive",
            "module.lambda_functions.null_resource.sam_metadata_aws_lambda_function",
            "module.lambda_functions.null_resource.sam_metadata_aws_lambda_layer_version"
          ]
        },
        {
          "index_key": "EnhancedGetVehicleByRegistration",
          "schema_version": 0,
          "attributes": {
            "action": "lambda:InvokeFunction",
            "event_source_token": null,
            "function_name": "arn:aws:lambda:us-east-1:711130358252:function:EnhancedGetVehicleByRegistration",
            "function_url_auth_type": null,
            "id": "AllowAPIGatewayInvoke",
            "principal": "apigateway.amazonaws.com",
            "principal_org_id": null,
            "qualifier": "",
            "source_account": null,
            "source_arn": "arn:aws:execute-api:us-east-1:711130358252:bubjfx51q6/*/*/*",
            "statement_id": "AllowAPIGatewayInvoke",
            "statement_id_prefix": ""
          },
          "sensitive_attributes": [],
          "private": "bnVsbA==",
          "dependencies": [
            "module.api_gateway.aws_api_gateway_rest_api.example",
            "module.lambda_functions.aws_cloudwatch_log_group.lambda",
            "module.lambda_functions.aws_iam_policy.additional_inline",
            "module.lambda_functions.aws_iam_policy.additional_json",
            "module.lambda_functions.aws_iam_policy.additional_jsons",
            "module.lambda_functions.aws_iam_policy.async",
            "module.lambda_functions.aws_iam_policy.dead_letter",
            "module.lambda_functions.aws_iam_policy.logs",
            "module.lambda_functions.aws_iam_policy.tracing",
            "module.lambda_functions.aws_iam_policy.vpc",
            "module.lambda_functions.aws_iam_role.lambda",
            "module.lambda_functions.aws_iam_role_policy_attachment.additional_inline",
            "module.lambda_functions.aws_iam_role_policy_attachment.additional_json",
            "module.lambda_functions.aws_iam_role_policy_attachment.additional_jsons",
            "module.lambda_functions.aws_iam_role_policy_attachment.additional_many",
            "module.lambda_functions.aws_iam_role_policy_attachment.additional_one",
            "module.lambda_functions.aws_iam_role_policy_attachment.async",
            "module.lambda_functions.aws_iam_role_policy_attachment.dead_letter",
            "module.lambda_functions.aws_iam_role_policy_attachment.logs",
            "module.lambda_functions.aws_iam_role_policy_attachment.tracing",
            "module.lambda_functions.aws_iam_role_policy_attachment.vpc",
            "module.lambda_functions.aws_lambda_event_source_mapping.this",
            "module.lambda_functions.aws_lambda_function.this",
            "module.lambda_functions.aws_lambda_function_event_invoke_config.this",
            "module.lambda_functions.aws_lambda_function_url.this",
            "module.lambda_functions.aws_lambda_layer_version.this",
            "module.lambda_functions.aws_lambda_permission.current_version_triggers",
            "module.lambda_functions.aws_lambda_permission.unqualified_alias_triggers",
            "module.lambda_functions.aws_lambda_provisioned_concurrency_config.current_version",
            "module.lambda_functions.aws_s3_object.lambda_package",
            "module.lambda_functions.data.aws_arn.log_group_arn",
            "module.lambda_functions.data.aws_caller_identity.current",
            "module.lambda_functions.data.aws_cloudwatch_log_group.lambda",
            "module.lambda_functions.data.aws_iam_policy.tracing",
            "module.lambda_functions.data.aws_iam_policy.vpc",
            "module.lambda_functions.data.aws_iam_policy_document.additional_inline",
            "module.lambda_functions.data.aws_iam_policy_document.assume_role",
            "module.lambda_functions.data.aws_iam_policy_document.async",
            "module.lambda_functions.data.aws_iam_policy_document.dead_letter",
            "module.lambda_functions.data.aws_iam_policy_document.logs",
            "module.lambda_functions.data.aws_partition.current",
            "module.lambda_functions.data.aws_region.current",
            "module.lambda_functions.data.external.archive_prepare",
            "module.lambda_functions.local_file.archive_plan",
            "module.lambda_functions.null_resource.archive",
            "module.lambda_functions.null_resource.sam_metadata_aws_lambda_function",
            "module.lambda_functions.null_resource.sam_metadata_aws_lambda_layer_version"
          ]
        }
      ]
    },
    {
      "module": "module.dynamodb_table",
      "mode": "managed",
      "type": "aws_dynamodb_table",
      "name": "this",
      "provider": "provider[\"registry.terraform.io/hashicorp/aws\"]",
      "instances": [
        {
          "schema_version": 1,
          "attributes": {
            "arn": "arn:aws:dynamodb:us-east-1:711130358252:table/my_dev_table",
            "attribute": [
              {
                "name": "ID",
                "type": "S"
              }
            ],
            "billing_mode": "PROVISIONED",
            "deletion_protection_enabled": false,
            "global_secondary_index": [],
            "hash_key": "ID",
            "id": "my_dev_table",
            "local_secondary_index": [],
            "name": "my_dev_table",
            "point_in_time_recovery": [
              {
                "enabled": false
              }
            ],
            "range_key": null,
            "read_capacity": 5,
            "replica": [],
            "restore_date_time": null,
            "restore_source_name": null,
            "restore_to_latest_time": null,
            "server_side_encryption": [],
            "stream_arn": "",
            "stream_enabled": false,
            "stream_label": "",
            "stream_view_type": "",
            "table_class": "STANDARD",
            "tags": {},
            "tags_all": {},
            "timeouts": null,
            "ttl": [
              {
                "attribute_name": "",
                "enabled": false
              }
            ],
            "write_capacity": 5
          },
          "sensitive_attributes": [],
          "private": "eyJlMmJmYjczMC1lY2FhLTExZTYtOGY4OC0zNDM2M2JjN2M0YzAiOnsiY3JlYXRlIjoxODAwMDAwMDAwMDAwLCJkZWxldGUiOjYwMDAwMDAwMDAwMCwidXBkYXRlIjozNjAwMDAwMDAwMDAwfSwic2NoZW1hX3ZlcnNpb24iOiIxIn0="
        }
      ]
    },
    {
      "module": "module.lambda_authorizer",
      "mode": "managed",
      "type": "aws_iam_policy",
      "name": "lambda_logging",
      "provider": "provider[\"registry.terraform.io/hashicorp/aws\"]",
      "instances": [
        {
          "schema_version": 0,
          "attributes": {
            "arn": "arn:aws:iam::711130358252:policy/LambdaLoggingPolicy",
            "description": "Allow Lambda to write logs to CloudWatch Logs",
            "id": "arn:aws:iam::711130358252:policy/LambdaLoggingPolicy",
            "name": "LambdaLoggingPolicy",
            "name_prefix": "",
            "path": "/",
            "policy": "{\"Statement\":[{\"Action\":[\"logs:CreateLogGroup\",\"logs:CreateLogStream\",\"logs:PutLogEvents\"],\"Effect\":\"Allow\",\"Resource\":\"arn:aws:logs:*:*:*\"}],\"Version\":\"2012-10-17\"}",
            "policy_id": "ANPA2LEVMEHWAKHYCKHYL",
            "tags": {},
            "tags_all": {}
          },
          "sensitive_attributes": [],
          "private": "bnVsbA=="
        }
      ]
    },
    {
      "module": "module.lambda_authorizer",
      "mode": "managed",
      "type": "aws_iam_role",
      "name": "lambda_execution_role",
      "provider": "provider[\"registry.terraform.io/hashicorp/aws\"]",
      "instances": [
        {
          "schema_version": 0,
          "attributes": {
            "arn": "arn:aws:iam::711130358252:role/LambdaExecutionRole",
            "assume_role_policy": "{\"Statement\":[{\"Action\":\"sts:AssumeRole\",\"Effect\":\"Allow\",\"Principal\":{\"Service\":\"lambda.amazonaws.com\"},\"Sid\":\"\"}],\"Version\":\"2012-10-17\"}",
            "create_date": "2023-11-09T05:53:47Z",
            "description": "",
            "force_detach_policies": false,
            "id": "LambdaExecutionRole",
            "inline_policy": [],
            "managed_policy_arns": [
              "arn:aws:iam::711130358252:policy/LambdaLoggingPolicy",
              "arn:aws:iam::aws:policy/AmazonS3FullAccess"
            ],
            "max_session_duration": 3600,
            "name": "LambdaExecutionRole",
            "name_prefix": "",
            "path": "/",
            "permissions_boundary": null,
            "tags": {},
            "tags_all": {},
            "unique_id": "AROA2LEVMEHWJEISDONQP"
          },
          "sensitive_attributes": [],
          "private": "bnVsbA=="
        }
      ]
    },
    {
      "module": "module.lambda_authorizer",
      "mode": "managed",
      "type": "aws_iam_role_policy_attachment",
      "name": "lambda_logging_attachment",
      "provider": "provider[\"registry.terraform.io/hashicorp/aws\"]",
      "instances": [
        {
          "schema_version": 0,
          "attributes": {
            "id": "LambdaExecutionRole-20231109061736688000000001",
            "policy_arn": "arn:aws:iam::711130358252:policy/LambdaLoggingPolicy",
            "role": "LambdaExecutionRole"
          },
          "sensitive_attributes": [],
          "private": "bnVsbA==",
          "dependencies": [
            "module.lambda_authorizer.aws_iam_policy.lambda_logging",
            "module.lambda_authorizer.aws_iam_role.lambda_execution_role"
          ]
        }
      ]
    },
    {
      "module": "module.lambda_authorizer",
      "mode": "managed",
      "type": "aws_iam_role_policy_attachment",
      "name": "lambda_s3_full_access",
      "provider": "provider[\"registry.terraform.io/hashicorp/aws\"]",
      "instances": [
        {
          "schema_version": 0,
          "attributes": {
            "id": "LambdaExecutionRole-20231109055348840800000001",
            "policy_arn": "arn:aws:iam::aws:policy/AmazonS3FullAccess",
            "role": "LambdaExecutionRole"
          },
          "sensitive_attributes": [],
          "private": "bnVsbA==",
          "dependencies": [
            "module.lambda_authorizer.aws_iam_role.lambda_execution_role"
          ]
        }
      ]
    },
    {
      "module": "module.lambda_authorizer",
      "mode": "managed",
      "type": "aws_lambda_function",
      "name": "example",
      "provider": "provider[\"registry.terraform.io/hashicorp/aws\"]",
      "instances": [
        {
          "schema_version": 0,
          "attributes": {
            "architectures": [
              "x86_64"
            ],
            "arn": "arn:aws:lambda:us-east-1:711130358252:function:customLambdaAuthorizer",
            "code_signing_config_arn": "",
            "dead_letter_config": [],
            "description": "",
            "environment": [
              {
                "variables": {
                  "DUMMY_KEY1": "dummy_value1",
                  "DUMMY_KEY2": "dummy_value2"
                }
              }
            ],
            "ephemeral_storage": [
              {
                "size": 512
              }
            ],
            "file_system_config": [],
            "filename": "./authorizer.zip",
            "function_name": "customLambdaAuthorizer",
            "handler": "index.handler",
            "id": "customLambdaAuthorizer",
            "image_config": [],
            "image_uri": "",
            "invoke_arn": "arn:aws:apigateway:us-east-1:lambda:path/2015-03-31/functions/arn:aws:lambda:us-east-1:711130358252:function:customLambdaAuthorizer/invocations",
            "kms_key_arn": "",
            "last_modified": "2023-11-09T07:52:16.000+0000",
            "layers": [],
            "memory_size": 128,
            "package_type": "Zip",
            "publish": false,
            "qualified_arn": "arn:aws:lambda:us-east-1:711130358252:function:customLambdaAuthorizer:$LATEST",
            "qualified_invoke_arn": "arn:aws:apigateway:us-east-1:lambda:path/2015-03-31/functions/arn:aws:lambda:us-east-1:711130358252:function:customLambdaAuthorizer:$LATEST/invocations",
            "replace_security_groups_on_destroy": null,
            "replacement_security_group_ids": null,
            "reserved_concurrent_executions": -1,
            "role": "arn:aws:iam::711130358252:role/LambdaExecutionRole",
            "runtime": "nodejs14.x",
            "s3_bucket": null,
            "s3_key": null,
            "s3_object_version": null,
            "signing_job_arn": "",
            "signing_profile_version_arn": "",
            "skip_destroy": false,
            "snap_start": [],
            "source_code_hash": "1TMFxrEko9SS2NDvv4GuXFRAS3HEwqgHwqlUjIKkA24=",
            "source_code_size": 511,
            "tags": {},
            "tags_all": {},
            "timeout": 3,
            "timeouts": null,
            "tracing_config": [
              {
                "mode": "PassThrough"
              }
            ],
            "version": "$LATEST",
            "vpc_config": []
          },
          "sensitive_attributes": [],
          "private": "eyJlMmJmYjczMC1lY2FhLTExZTYtOGY4OC0zNDM2M2JjN2M0YzAiOnsiY3JlYXRlIjo2MDAwMDAwMDAwMDAsImRlbGV0ZSI6NjAwMDAwMDAwMDAwLCJ1cGRhdGUiOjYwMDAwMDAwMDAwMH19",
          "dependencies": [
            "module.lambda_authorizer.aws_iam_role.lambda_execution_role"
          ]
        }
      ]
    },
    {
      "module": "module.lambda_functions[\"EnhancedGetVehicleByApple\"]",
      "mode": "data",
      "type": "aws_caller_identity",
      "name": "current",
      "provider": "provider[\"registry.terraform.io/hashicorp/aws\"]",
      "instances": [
        {
          "schema_version": 0,
          "attributes": {
            "account_id": "711130358252",
            "arn": "arn:aws:iam::711130358252:user/terraform-user",
            "id": "711130358252",
            "user_id": "AIDA2LEVMEHWJUNIE5YLU"
          },
          "sensitive_attributes": []
        }
      ]
    },
    {
      "module": "module.lambda_functions[\"EnhancedGetVehicleByApple\"]",
      "mode": "data",
      "type": "aws_iam_policy_document",
      "name": "assume_role",
      "provider": "provider[\"registry.terraform.io/hashicorp/aws\"]",
      "instances": [
        {
          "index_key": 0,
          "schema_version": 0,
          "attributes": {
            "id": "2690255455",
            "json": "{\n  \"Version\": \"2012-10-17\",\n  \"Statement\": [\n    {\n      \"Effect\": \"Allow\",\n      \"Action\": \"sts:AssumeRole\",\n      \"Principal\": {\n        \"Service\": \"lambda.amazonaws.com\"\n      }\n    }\n  ]\n}",
            "override_policy_documents": null,
            "policy_id": null,
            "source_policy_documents": null,
            "statement": [
              {
                "actions": [
                  "sts:AssumeRole"
                ],
                "condition": [],
                "effect": "Allow",
                "not_actions": [],
                "not_principals": [],
                "not_resources": [],
                "principals": [
                  {
                    "identifiers": [
                      "lambda.amazonaws.com"
                    ],
                    "type": "Service"
                  }
                ],
                "resources": [],
                "sid": ""
              }
            ],
            "version": "2012-10-17"
          },
          "sensitive_attributes": []
        }
      ]
    },
    {
      "module": "module.lambda_functions[\"EnhancedGetVehicleByApple\"]",
      "mode": "data",
      "type": "aws_iam_policy_document",
      "name": "logs",
      "provider": "provider[\"registry.terraform.io/hashicorp/aws\"]",
      "instances": [
        {
          "index_key": 0,
          "schema_version": 0,
          "attributes": {
            "id": "1122195123",
            "json": "{\n  \"Version\": \"2012-10-17\",\n  \"Statement\": [\n    {\n      \"Effect\": \"Allow\",\n      \"Action\": [\n        \"logs:PutLogEvents\",\n        \"logs:CreateLogStream\",\n        \"logs:CreateLogGroup\"\n      ],\n      \"Resource\": [\n        \"arn:aws:logs:us-east-1:711130358252:log-group:/aws/lambda/EnhancedGetVehicleByApple:*:*\",\n        \"arn:aws:logs:us-east-1:711130358252:log-group:/aws/lambda/EnhancedGetVehicleByApple:*\"\n      ]\n    }\n  ]\n}",
            "override_policy_documents": null,
            "policy_id": null,
            "source_policy_documents": null,
            "statement": [
              {
                "actions": [
                  "logs:CreateLogGroup",
                  "logs:CreateLogStream",
                  "logs:PutLogEvents"
                ],
                "condition": [],
                "effect": "Allow",
                "not_actions": [],
                "not_principals": [],
                "not_resources": [],
                "principals": [],
                "resources": [
                  "arn:aws:logs:us-east-1:711130358252:log-group:/aws/lambda/EnhancedGetVehicleByApple:*",
                  "arn:aws:logs:us-east-1:711130358252:log-group:/aws/lambda/EnhancedGetVehicleByApple:*:*"
                ],
                "sid": ""
              }
            ],
            "version": "2012-10-17"
          },
          "sensitive_attributes": []
        }
      ]
    },
    {
      "module": "module.lambda_functions[\"EnhancedGetVehicleByApple\"]",
      "mode": "data",
      "type": "aws_partition",
      "name": "current",
      "provider": "provider[\"registry.terraform.io/hashicorp/aws\"]",
      "instances": [
        {
          "schema_version": 0,
          "attributes": {
            "dns_suffix": "amazonaws.com",
            "id": "aws",
            "partition": "aws",
            "reverse_dns_prefix": "com.amazonaws"
          },
          "sensitive_attributes": []
        }
      ]
    },
    {
      "module": "module.lambda_functions[\"EnhancedGetVehicleByApple\"]",
      "mode": "data",
      "type": "aws_region",
      "name": "current",
      "provider": "provider[\"registry.terraform.io/hashicorp/aws\"]",
      "instances": [
        {
          "schema_version": 0,
          "attributes": {
            "description": "US East (N. Virginia)",
            "endpoint": "ec2.us-east-1.amazonaws.com",
            "id": "us-east-1",
            "name": "us-east-1"
          },
          "sensitive_attributes": []
        }
      ]
    },
    {
      "module": "module.lambda_functions[\"EnhancedGetVehicleByApple\"]",
      "mode": "data",
      "type": "external",
      "name": "archive_prepare",
      "provider": "provider[\"registry.terraform.io/hashicorp/external\"]",
      "instances": [
        {
          "index_key": 0,
          "schema_version": 0,
          "attributes": {
            "id": "-",
            "program": [
              "python3",
              ".terraform/modules/lambda_functions/package.py",
              "prepare"
            ],
            "query": {
              "artifacts_dir": "builds",
              "docker": null,
              "hash_extra": "",
              "hash_extra_paths": "[]",
              "paths": "{\"cwd\":\"/Users/sharmaks/microsoft/f/terraform-sample/environments/dev\",\"module\":\".terraform/modules/lambda_functions\",\"root\":\".\"}",
              "recreate_missing_package": "true",
              "runtime": "nodejs14.x",
              "source_path": "\"./code.zip\""
            },
            "result": {
              "build_plan": "{\"filename\": \"builds/daa139b580b1ac300b19426a1b30c63920cbdaa86075b300649f54408607cca4.zip\", \"runtime\": \"nodejs14.x\", \"artifacts_dir\": \"builds\", \"build_plan\": [[\"zip\", \"./code.zip\", null]]}",
              "build_plan_filename": "builds/daa139b580b1ac300b19426a1b30c63920cbdaa86075b300649f54408607cca4.plan.json",
              "filename": "builds/daa139b580b1ac300b19426a1b30c63920cbdaa86075b300649f54408607cca4.zip",
              "timestamp": "1699516166783725857",
              "was_missing": "false"
            },
            "working_dir": null
          },
          "sensitive_attributes": []
        }
      ]
    },
    {
      "module": "module.lambda_functions[\"EnhancedGetVehicleByApple\"]",
      "mode": "managed",
      "type": "aws_cloudwatch_log_group",
      "name": "lambda",
      "provider": "provider[\"registry.terraform.io/hashicorp/aws\"]",
      "instances": [
        {
          "index_key": 0,
          "schema_version": 0,
          "attributes": {
            "arn": "arn:aws:logs:us-east-1:711130358252:log-group:/aws/lambda/EnhancedGetVehicleByApple",
            "id": "/aws/lambda/EnhancedGetVehicleByApple",
            "kms_key_id": "",
            "name": "/aws/lambda/EnhancedGetVehicleByApple",
            "name_prefix": "",
            "retention_in_days": 0,
            "skip_destroy": false,
            "tags": {},
            "tags_all": {}
          },
          "sensitive_attributes": [],
          "private": "bnVsbA=="
        }
      ]
    },
    {
      "module": "module.lambda_functions[\"EnhancedGetVehicleByApple\"]",
      "mode": "managed",
      "type": "aws_iam_policy",
      "name": "logs",
      "provider": "provider[\"registry.terraform.io/hashicorp/aws\"]",
      "instances": [
        {
          "index_key": 0,
          "schema_version": 0,
          "attributes": {
            "arn": "arn:aws:iam::711130358252:policy/EnhancedGetVehicleByApple-logs",
            "description": "",
            "id": "arn:aws:iam::711130358252:policy/EnhancedGetVehicleByApple-logs",
            "name": "EnhancedGetVehicleByApple-logs",
            "name_prefix": "",
            "path": "/",
            "policy": "{\"Statement\":[{\"Action\":[\"logs:PutLogEvents\",\"logs:CreateLogStream\",\"logs:CreateLogGroup\"],\"Effect\":\"Allow\",\"Resource\":[\"arn:aws:logs:us-east-1:711130358252:log-group:/aws/lambda/EnhancedGetVehicleByApple:*:*\",\"arn:aws:logs:us-east-1:711130358252:log-group:/aws/lambda/EnhancedGetVehicleByApple:*\"]}],\"Version\":\"2012-10-17\"}",
            "policy_id": "ANPA2LEVMEHWJFCJZ5EVI",
            "tags": {},
            "tags_all": {}
          },
          "sensitive_attributes": [],
          "private": "bnVsbA==",
          "dependencies": [
            "module.lambda_functions.aws_cloudwatch_log_group.lambda",
            "module.lambda_functions.data.aws_arn.log_group_arn",
            "module.lambda_functions.data.aws_cloudwatch_log_group.lambda",
            "module.lambda_functions.data.aws_iam_policy_document.logs"
          ]
        }
      ]
    },
    {
      "module": "module.lambda_functions[\"EnhancedGetVehicleByApple\"]",
      "mode": "managed",
      "type": "aws_iam_role",
      "name": "lambda",
      "provider": "provider[\"registry.terraform.io/hashicorp/aws\"]",
      "instances": [
        {
          "index_key": 0,
          "schema_version": 0,
          "attributes": {
            "arn": "arn:aws:iam::711130358252:role/EnhancedGetVehicleByApple",
            "assume_role_policy": "{\"Statement\":[{\"Action\":\"sts:AssumeRole\",\"Effect\":\"Allow\",\"Principal\":{\"Service\":\"lambda.amazonaws.com\"}}],\"Version\":\"2012-10-17\"}",
            "create_date": "2023-11-09T05:50:15Z",
            "description": "",
            "force_detach_policies": true,
            "id": "EnhancedGetVehicleByApple",
            "inline_policy": [],
            "managed_policy_arns": [
              "arn:aws:iam::711130358252:policy/EnhancedGetVehicleByApple-logs"
            ],
            "max_session_duration": 3600,
            "name": "EnhancedGetVehicleByApple",
            "name_prefix": "",
            "path": "/",
            "permissions_boundary": null,
            "tags": {},
            "tags_all": {},
            "unique_id": "AROA2LEVMEHWDOVV4POJT"
          },
          "sensitive_attributes": [],
          "private": "bnVsbA==",
          "dependencies": [
            "module.lambda_functions.data.aws_iam_policy_document.assume_role"
          ]
        }
      ]
    },
    {
      "module": "module.lambda_functions[\"EnhancedGetVehicleByApple\"]",
      "mode": "managed",
      "type": "aws_iam_role_policy_attachment",
      "name": "logs",
      "provider": "provider[\"registry.terraform.io/hashicorp/aws\"]",
      "instances": [
        {
          "index_key": 0,
          "schema_version": 0,
          "attributes": {
            "id": "EnhancedGetVehicleByApple-20231109055017050400000001",
            "policy_arn": "arn:aws:iam::711130358252:policy/EnhancedGetVehicleByApple-logs",
            "role": "EnhancedGetVehicleByApple"
          },
          "sensitive_attributes": [],
          "private": "bnVsbA==",
          "dependencies": [
            "module.lambda_functions.aws_cloudwatch_log_group.lambda",
            "module.lambda_functions.aws_iam_policy.logs",
            "module.lambda_functions.aws_iam_role.lambda",
            "module.lambda_functions.data.aws_arn.log_group_arn",
            "module.lambda_functions.data.aws_cloudwatch_log_group.lambda",
            "module.lambda_functions.data.aws_iam_policy_document.assume_role",
            "module.lambda_functions.data.aws_iam_policy_document.logs"
          ]
        }
      ]
    },
    {
      "module": "module.lambda_functions[\"EnhancedGetVehicleByApple\"]",
      "mode": "managed",
      "type": "aws_lambda_function",
      "name": "this",
      "provider": "provider[\"registry.terraform.io/hashicorp/aws\"]",
      "instances": [
        {
          "index_key": 0,
          "schema_version": 0,
          "attributes": {
            "architectures": [
              "x86_64"
            ],
            "arn": "arn:aws:lambda:us-east-1:711130358252:function:EnhancedGetVehicleByApple",
            "code_signing_config_arn": "",
            "dead_letter_config": [],
            "description": "",
            "environment": [],
            "ephemeral_storage": [
              {
                "size": 512
              }
            ],
            "file_system_config": [],
            "filename": "builds/daa139b580b1ac300b19426a1b30c63920cbdaa86075b300649f54408607cca4.zip",
            "function_name": "EnhancedGetVehicleByApple",
            "handler": "app.handler",
            "id": "EnhancedGetVehicleByApple",
            "image_config": [],
            "image_uri": "",
            "invoke_arn": "arn:aws:apigateway:us-east-1:lambda:path/2015-03-31/functions/arn:aws:lambda:us-east-1:711130358252:function:EnhancedGetVehicleByApple/invocations",
            "kms_key_arn": "",
            "last_modified": "2023-11-09T07:50:23.000+0000",
            "layers": [],
            "memory_size": 256,
            "package_type": "Zip",
            "publish": false,
            "qualified_arn": "arn:aws:lambda:us-east-1:711130358252:function:EnhancedGetVehicleByApple:$LATEST",
            "qualified_invoke_arn": "arn:aws:apigateway:us-east-1:lambda:path/2015-03-31/functions/arn:aws:lambda:us-east-1:711130358252:function:EnhancedGetVehicleByApple:$LATEST/invocations",
            "replace_security_groups_on_destroy": null,
            "replacement_security_group_ids": null,
            "reserved_concurrent_executions": -1,
            "role": "arn:aws:iam::711130358252:role/EnhancedGetVehicleByApple",
            "runtime": "nodejs14.x",
            "s3_bucket": null,
            "s3_key": null,
            "s3_object_version": null,
            "signing_job_arn": "",
            "signing_profile_version_arn": "",
            "skip_destroy": false,
            "snap_start": [],
            "source_code_hash": "/f6G0+fXP8tMGTXd4h5p3j+Kf8HJrCi1+4KmUZ/HmvY=",
            "source_code_size": 451,
            "tags": {},
            "tags_all": {},
            "timeout": 60,
            "timeouts": {
              "create": null,
              "delete": null,
              "update": null
            },
            "tracing_config": [
              {
                "mode": "PassThrough"
              }
            ],
            "version": "$LATEST",
            "vpc_config": []
          },
          "sensitive_attributes": [],
          "private": "eyJlMmJmYjczMC1lY2FhLTExZTYtOGY4OC0zNDM2M2JjN2M0YzAiOnsiY3JlYXRlIjo2MDAwMDAwMDAwMDAsImRlbGV0ZSI6NjAwMDAwMDAwMDAwLCJ1cGRhdGUiOjYwMDAwMDAwMDAwMH19",
          "dependencies": [
            "module.lambda_functions.aws_cloudwatch_log_group.lambda",
            "module.lambda_functions.aws_iam_policy.additional_inline",
            "module.lambda_functions.aws_iam_policy.additional_json",
            "module.lambda_functions.aws_iam_policy.additional_jsons",
            "module.lambda_functions.aws_iam_policy.async",
            "module.lambda_functions.aws_iam_policy.dead_letter",
            "module.lambda_functions.aws_iam_policy.logs",
            "module.lambda_functions.aws_iam_policy.tracing",
            "module.lambda_functions.aws_iam_policy.vpc",
            "module.lambda_functions.aws_iam_role.lambda",
            "module.lambda_functions.aws_iam_role_policy_attachment.additional_inline",
            "module.lambda_functions.aws_iam_role_policy_attachment.additional_json",
            "module.lambda_functions.aws_iam_role_policy_attachment.additional_jsons",
            "module.lambda_functions.aws_iam_role_policy_attachment.additional_many",
            "module.lambda_functions.aws_iam_role_policy_attachment.additional_one",
            "module.lambda_functions.aws_iam_role_policy_attachment.async",
            "module.lambda_functions.aws_iam_role_policy_attachment.dead_letter",
            "module.lambda_functions.aws_iam_role_policy_attachment.logs",
            "module.lambda_functions.aws_iam_role_policy_attachment.tracing",
            "module.lambda_functions.aws_iam_role_policy_attachment.vpc",
            "module.lambda_functions.aws_s3_object.lambda_package",
            "module.lambda_functions.data.aws_arn.log_group_arn",
            "module.lambda_functions.data.aws_cloudwatch_log_group.lambda",
            "module.lambda_functions.data.aws_iam_policy.tracing",
            "module.lambda_functions.data.aws_iam_policy.vpc",
            "module.lambda_functions.data.aws_iam_policy_document.additional_inline",
            "module.lambda_functions.data.aws_iam_policy_document.assume_role",
            "module.lambda_functions.data.aws_iam_policy_document.async",
            "module.lambda_functions.data.aws_iam_policy_document.dead_letter",
            "module.lambda_functions.data.aws_iam_policy_document.logs",
            "module.lambda_functions.data.aws_partition.current",
            "module.lambda_functions.data.external.archive_prepare",
            "module.lambda_functions.local_file.archive_plan",
            "module.lambda_functions.null_resource.archive"
          ]
        }
      ]
    },
    {
      "module": "module.lambda_functions[\"EnhancedGetVehicleByApple\"]",
      "mode": "managed",
      "type": "local_file",
      "name": "archive_plan",
      "provider": "provider[\"registry.terraform.io/hashicorp/local\"]",
      "instances": [
        {
          "index_key": 0,
          "schema_version": 0,
          "attributes": {
            "content": "{\"filename\": \"builds/daa139b580b1ac300b19426a1b30c63920cbdaa86075b300649f54408607cca4.zip\", \"runtime\": \"nodejs14.x\", \"artifacts_dir\": \"builds\", \"build_plan\": [[\"zip\", \"./code.zip\", null]]}",
            "content_base64": null,
            "content_base64sha256": "3qyrbyouQ/QmZG3eUnfXVliG9HTUft3J5+ZVxovci4U=",
            "content_base64sha512": "EBtdvU4TQa5A+rZ8nkFmi4mwVeIOCeO0WdKAIVhBPODFz+/dw7cgphlELUxIXwW2ydXXtiZp83qcelLI6nAcLA==",
            "content_md5": "fa7f9e79964d903f3d4b8eb5cfae29e7",
            "content_sha1": "3ddcc232d27d6c6a4e47ced1ef0e2137ba031a45",
            "content_sha256": "deacab6f2a2e43f426646dde5277d7565886f474d47eddc9e7e655c68bdc8b85",
            "content_sha512": "101b5dbd4e1341ae40fab67c9e41668b89b055e20e09e3b459d2802158413ce0c5cfefddc3b720a619442d4c485f05b6c9d5d7b62669f37a9c7a52c8ea701c2c",
            "directory_permission": "0755",
            "file_permission": "0644",
            "filename": "builds/daa139b580b1ac300b19426a1b30c63920cbdaa86075b300649f54408607cca4.plan.json",
            "id": "3ddcc232d27d6c6a4e47ced1ef0e2137ba031a45",
            "sensitive_content": null,
            "source": null
          },
          "sensitive_attributes": [],
          "dependencies": [
            "module.lambda_functions.data.external.archive_prepare"
          ]
        }
      ]
    },
    {
      "module": "module.lambda_functions[\"EnhancedGetVehicleByApple\"]",
      "mode": "managed",
      "type": "null_resource",
      "name": "archive",
      "provider": "provider[\"registry.terraform.io/hashicorp/null\"]",
      "instances": [
        {
          "index_key": 0,
          "schema_version": 0,
          "attributes": {
            "id": "6468375524598898566",
            "triggers": {
              "filename": "builds/daa139b580b1ac300b19426a1b30c63920cbdaa86075b300649f54408607cca4.zip",
              "timestamp": "1699516166783725857"
            }
          },
          "sensitive_attributes": [],
          "dependencies": [
            "module.lambda_functions.data.external.archive_prepare",
            "module.lambda_functions.local_file.archive_plan"
          ]
        }
      ]
    },
    {
      "module": "module.lambda_functions[\"EnhancedGetVehicleByGrapes\"]",
      "mode": "data",
      "type": "aws_caller_identity",
      "name": "current",
      "provider": "provider[\"registry.terraform.io/hashicorp/aws\"]",
      "instances": [
        {
          "schema_version": 0,
          "attributes": {
            "account_id": "711130358252",
            "arn": "arn:aws:iam::711130358252:user/terraform-user",
            "id": "711130358252",
            "user_id": "AIDA2LEVMEHWJUNIE5YLU"
          },
          "sensitive_attributes": []
        }
      ]
    },
    {
      "module": "module.lambda_functions[\"EnhancedGetVehicleByGrapes\"]",
      "mode": "data",
      "type": "aws_iam_policy_document",
      "name": "assume_role",
      "provider": "provider[\"registry.terraform.io/hashicorp/aws\"]",
      "instances": [
        {
          "index_key": 0,
          "schema_version": 0,
          "attributes": {
            "id": "2690255455",
            "json": "{\n  \"Version\": \"2012-10-17\",\n  \"Statement\": [\n    {\n      \"Effect\": \"Allow\",\n      \"Action\": \"sts:AssumeRole\",\n      \"Principal\": {\n        \"Service\": \"lambda.amazonaws.com\"\n      }\n    }\n  ]\n}",
            "override_policy_documents": null,
            "policy_id": null,
            "source_policy_documents": null,
            "statement": [
              {
                "actions": [
                  "sts:AssumeRole"
                ],
                "condition": [],
                "effect": "Allow",
                "not_actions": [],
                "not_principals": [],
                "not_resources": [],
                "principals": [
                  {
                    "identifiers": [
                      "lambda.amazonaws.com"
                    ],
                    "type": "Service"
                  }
                ],
                "resources": [],
                "sid": ""
              }
            ],
            "version": "2012-10-17"
          },
          "sensitive_attributes": []
        }
      ]
    },
    {
      "module": "module.lambda_functions[\"EnhancedGetVehicleByGrapes\"]",
      "mode": "data",
      "type": "aws_iam_policy_document",
      "name": "logs",
      "provider": "provider[\"registry.terraform.io/hashicorp/aws\"]",
      "instances": [
        {
          "index_key": 0,
          "schema_version": 0,
          "attributes": {
            "id": "2485692731",
            "json": "{\n  \"Version\": \"2012-10-17\",\n  \"Statement\": [\n    {\n      \"Effect\": \"Allow\",\n      \"Action\": [\n        \"logs:PutLogEvents\",\n        \"logs:CreateLogStream\",\n        \"logs:CreateLogGroup\"\n      ],\n      \"Resource\": [\n        \"arn:aws:logs:us-east-1:711130358252:log-group:/aws/lambda/EnhancedGetVehicleByGrapes:*:*\",\n        \"arn:aws:logs:us-east-1:711130358252:log-group:/aws/lambda/EnhancedGetVehicleByGrapes:*\"\n      ]\n    }\n  ]\n}",
            "override_policy_documents": null,
            "policy_id": null,
            "source_policy_documents": null,
            "statement": [
              {
                "actions": [
                  "logs:CreateLogGroup",
                  "logs:CreateLogStream",
                  "logs:PutLogEvents"
                ],
                "condition": [],
                "effect": "Allow",
                "not_actions": [],
                "not_principals": [],
                "not_resources": [],
                "principals": [],
                "resources": [
                  "arn:aws:logs:us-east-1:711130358252:log-group:/aws/lambda/EnhancedGetVehicleByGrapes:*",
                  "arn:aws:logs:us-east-1:711130358252:log-group:/aws/lambda/EnhancedGetVehicleByGrapes:*:*"
                ],
                "sid": ""
              }
            ],
            "version": "2012-10-17"
          },
          "sensitive_attributes": []
        }
      ]
    },
    {
      "module": "module.lambda_functions[\"EnhancedGetVehicleByGrapes\"]",
      "mode": "data",
      "type": "aws_partition",
      "name": "current",
      "provider": "provider[\"registry.terraform.io/hashicorp/aws\"]",
      "instances": [
        {
          "schema_version": 0,
          "attributes": {
            "dns_suffix": "amazonaws.com",
            "id": "aws",
            "partition": "aws",
            "reverse_dns_prefix": "com.amazonaws"
          },
          "sensitive_attributes": []
        }
      ]
    },
    {
      "module": "module.lambda_functions[\"EnhancedGetVehicleByGrapes\"]",
      "mode": "data",
      "type": "aws_region",
      "name": "current",
      "provider": "provider[\"registry.terraform.io/hashicorp/aws\"]",
      "instances": [
        {
          "schema_version": 0,
          "attributes": {
            "description": "US East (N. Virginia)",
            "endpoint": "ec2.us-east-1.amazonaws.com",
            "id": "us-east-1",
            "name": "us-east-1"
          },
          "sensitive_attributes": []
        }
      ]
    },
    {
      "module": "module.lambda_functions[\"EnhancedGetVehicleByGrapes\"]",
      "mode": "data",
      "type": "external",
      "name": "archive_prepare",
      "provider": "provider[\"registry.terraform.io/hashicorp/external\"]",
      "instances": [
        {
          "index_key": 0,
          "schema_version": 0,
          "attributes": {
            "id": "-",
            "program": [
              "python3",
              ".terraform/modules/lambda_functions/package.py",
              "prepare"
            ],
            "query": {
              "artifacts_dir": "builds",
              "docker": null,
              "hash_extra": "",
              "hash_extra_paths": "[]",
              "paths": "{\"cwd\":\"/Users/sharmaks/microsoft/f/terraform-sample/environments/dev\",\"module\":\".terraform/modules/lambda_functions\",\"root\":\".\"}",
              "recreate_missing_package": "true",
              "runtime": "nodejs14.x",
              "source_path": "\"./code.zip\""
            },
            "result": {
              "build_plan": "{\"filename\": \"builds/daa139b580b1ac300b19426a1b30c63920cbdaa86075b300649f54408607cca4.zip\", \"runtime\": \"nodejs14.x\", \"artifacts_dir\": \"builds\", \"build_plan\": [[\"zip\", \"./code.zip\", null]]}",
              "build_plan_filename": "builds/daa139b580b1ac300b19426a1b30c63920cbdaa86075b300649f54408607cca4.plan.json",
              "filename": "builds/daa139b580b1ac300b19426a1b30c63920cbdaa86075b300649f54408607cca4.zip",
              "timestamp": "1699516166783725857",
              "was_missing": "false"
            },
            "working_dir": null
          },
          "sensitive_attributes": []
        }
      ]
    },
    {
      "module": "module.lambda_functions[\"EnhancedGetVehicleByGrapes\"]",
      "mode": "managed",
      "type": "aws_cloudwatch_log_group",
      "name": "lambda",
      "provider": "provider[\"registry.terraform.io/hashicorp/aws\"]",
      "instances": [
        {
          "index_key": 0,
          "schema_version": 0,
          "attributes": {
            "arn": "arn:aws:logs:us-east-1:711130358252:log-group:/aws/lambda/EnhancedGetVehicleByGrapes",
            "id": "/aws/lambda/EnhancedGetVehicleByGrapes",
            "kms_key_id": "",
            "name": "/aws/lambda/EnhancedGetVehicleByGrapes",
            "name_prefix": "",
            "retention_in_days": 0,
            "skip_destroy": false,
            "tags": {},
            "tags_all": {}
          },
          "sensitive_attributes": [],
          "private": "bnVsbA=="
        }
      ]
    },
    {
      "module": "module.lambda_functions[\"EnhancedGetVehicleByGrapes\"]",
      "mode": "managed",
      "type": "aws_iam_policy",
      "name": "logs",
      "provider": "provider[\"registry.terraform.io/hashicorp/aws\"]",
      "instances": [
        {
          "index_key": 0,
          "schema_version": 0,
          "attributes": {
            "arn": "arn:aws:iam::711130358252:policy/EnhancedGetVehicleByGrapes-logs",
            "description": "",
            "id": "arn:aws:iam::711130358252:policy/EnhancedGetVehicleByGrapes-logs",
            "name": "EnhancedGetVehicleByGrapes-logs",
            "name_prefix": "",
            "path": "/",
            "policy": "{\"Statement\":[{\"Action\":[\"logs:PutLogEvents\",\"logs:CreateLogStream\",\"logs:CreateLogGroup\"],\"Effect\":\"Allow\",\"Resource\":[\"arn:aws:logs:us-east-1:711130358252:log-group:/aws/lambda/EnhancedGetVehicleByGrapes:*:*\",\"arn:aws:logs:us-east-1:711130358252:log-group:/aws/lambda/EnhancedGetVehicleByGrapes:*\"]}],\"Version\":\"2012-10-17\"}",
            "policy_id": "ANPA2LEVMEHWI5H3U6O7A",
            "tags": {},
            "tags_all": {}
          },
          "sensitive_attributes": [],
          "private": "bnVsbA==",
          "dependencies": [
            "module.lambda_functions.aws_cloudwatch_log_group.lambda",
            "module.lambda_functions.data.aws_arn.log_group_arn",
            "module.lambda_functions.data.aws_cloudwatch_log_group.lambda",
            "module.lambda_functions.data.aws_iam_policy_document.logs"
          ]
        }
      ]
    },
    {
      "module": "module.lambda_functions[\"EnhancedGetVehicleByGrapes\"]",
      "mode": "managed",
      "type": "aws_iam_role",
      "name": "lambda",
      "provider": "provider[\"registry.terraform.io/hashicorp/aws\"]",
      "instances": [
        {
          "index_key": 0,
          "schema_version": 0,
          "attributes": {
            "arn": "arn:aws:iam::711130358252:role/EnhancedGetVehicleByGrapes",
            "assume_role_policy": "{\"Statement\":[{\"Action\":\"sts:AssumeRole\",\"Effect\":\"Allow\",\"Principal\":{\"Service\":\"lambda.amazonaws.com\"}}],\"Version\":\"2012-10-17\"}",
            "create_date": "2023-11-09T05:50:15Z",
            "description": "",
            "force_detach_policies": true,
            "id": "EnhancedGetVehicleByGrapes",
            "inline_policy": [],
            "managed_policy_arns": [
              "arn:aws:iam::711130358252:policy/EnhancedGetVehicleByGrapes-logs"
            ],
            "max_session_duration": 3600,
            "name": "EnhancedGetVehicleByGrapes",
            "name_prefix": "",
            "path": "/",
            "permissions_boundary": null,
            "tags": {},
            "tags_all": {},
            "unique_id": "AROA2LEVMEHWI54YDZP7Z"
          },
          "sensitive_attributes": [],
          "private": "bnVsbA==",
          "dependencies": [
            "module.lambda_functions.data.aws_iam_policy_document.assume_role"
          ]
        }
      ]
    },
    {
      "module": "module.lambda_functions[\"EnhancedGetVehicleByGrapes\"]",
      "mode": "managed",
      "type": "aws_iam_role_policy_attachment",
      "name": "logs",
      "provider": "provider[\"registry.terraform.io/hashicorp/aws\"]",
      "instances": [
        {
          "index_key": 0,
          "schema_version": 0,
          "attributes": {
            "id": "EnhancedGetVehicleByGrapes-20231109055017069400000002",
            "policy_arn": "arn:aws:iam::711130358252:policy/EnhancedGetVehicleByGrapes-logs",
            "role": "EnhancedGetVehicleByGrapes"
          },
          "sensitive_attributes": [],
          "private": "bnVsbA==",
          "dependencies": [
            "module.lambda_functions.aws_cloudwatch_log_group.lambda",
            "module.lambda_functions.aws_iam_policy.logs",
            "module.lambda_functions.aws_iam_role.lambda",
            "module.lambda_functions.data.aws_arn.log_group_arn",
            "module.lambda_functions.data.aws_cloudwatch_log_group.lambda",
            "module.lambda_functions.data.aws_iam_policy_document.assume_role",
            "module.lambda_functions.data.aws_iam_policy_document.logs"
          ]
        }
      ]
    },
    {
      "module": "module.lambda_functions[\"EnhancedGetVehicleByGrapes\"]",
      "mode": "managed",
      "type": "aws_lambda_function",
      "name": "this",
      "provider": "provider[\"registry.terraform.io/hashicorp/aws\"]",
      "instances": [
        {
          "index_key": 0,
          "schema_version": 0,
          "attributes": {
            "architectures": [
              "x86_64"
            ],
            "arn": "arn:aws:lambda:us-east-1:711130358252:function:EnhancedGetVehicleByGrapes",
            "code_signing_config_arn": "",
            "dead_letter_config": [],
            "description": "",
            "environment": [],
            "ephemeral_storage": [
              {
                "size": 512
              }
            ],
            "file_system_config": [],
            "filename": "builds/daa139b580b1ac300b19426a1b30c63920cbdaa86075b300649f54408607cca4.zip",
            "function_name": "EnhancedGetVehicleByGrapes",
            "handler": "app.handler",
            "id": "EnhancedGetVehicleByGrapes",
            "image_config": [],
            "image_uri": "",
            "invoke_arn": "arn:aws:apigateway:us-east-1:lambda:path/2015-03-31/functions/arn:aws:lambda:us-east-1:711130358252:function:EnhancedGetVehicleByGrapes/invocations",
            "kms_key_arn": "",
            "last_modified": "2023-11-09T07:49:35.000+0000",
            "layers": [],
            "memory_size": 256,
            "package_type": "Zip",
            "publish": false,
            "qualified_arn": "arn:aws:lambda:us-east-1:711130358252:function:EnhancedGetVehicleByGrapes:$LATEST",
            "qualified_invoke_arn": "arn:aws:apigateway:us-east-1:lambda:path/2015-03-31/functions/arn:aws:lambda:us-east-1:711130358252:function:EnhancedGetVehicleByGrapes:$LATEST/invocations",
            "replace_security_groups_on_destroy": null,
            "replacement_security_group_ids": null,
            "reserved_concurrent_executions": -1,
            "role": "arn:aws:iam::711130358252:role/EnhancedGetVehicleByGrapes",
            "runtime": "nodejs14.x",
            "s3_bucket": null,
            "s3_key": null,
            "s3_object_version": null,
            "signing_job_arn": "",
            "signing_profile_version_arn": "",
            "skip_destroy": false,
            "snap_start": [],
            "source_code_hash": "/f6G0+fXP8tMGTXd4h5p3j+Kf8HJrCi1+4KmUZ/HmvY=",
            "source_code_size": 451,
            "tags": {},
            "tags_all": {},
            "timeout": 60,
            "timeouts": {
              "create": null,
              "delete": null,
              "update": null
            },
            "tracing_config": [
              {
                "mode": "PassThrough"
              }
            ],
            "version": "$LATEST",
            "vpc_config": []
          },
          "sensitive_attributes": [],
          "private": "eyJlMmJmYjczMC1lY2FhLTExZTYtOGY4OC0zNDM2M2JjN2M0YzAiOnsiY3JlYXRlIjo2MDAwMDAwMDAwMDAsImRlbGV0ZSI6NjAwMDAwMDAwMDAwLCJ1cGRhdGUiOjYwMDAwMDAwMDAwMH19",
          "dependencies": [
            "module.lambda_functions.aws_cloudwatch_log_group.lambda",
            "module.lambda_functions.aws_iam_policy.additional_inline",
            "module.lambda_functions.aws_iam_policy.additional_json",
            "module.lambda_functions.aws_iam_policy.additional_jsons",
            "module.lambda_functions.aws_iam_policy.async",
            "module.lambda_functions.aws_iam_policy.dead_letter",
            "module.lambda_functions.aws_iam_policy.logs",
            "module.lambda_functions.aws_iam_policy.tracing",
            "module.lambda_functions.aws_iam_policy.vpc",
            "module.lambda_functions.aws_iam_role.lambda",
            "module.lambda_functions.aws_iam_role_policy_attachment.additional_inline",
            "module.lambda_functions.aws_iam_role_policy_attachment.additional_json",
            "module.lambda_functions.aws_iam_role_policy_attachment.additional_jsons",
            "module.lambda_functions.aws_iam_role_policy_attachment.additional_many",
            "module.lambda_functions.aws_iam_role_policy_attachment.additional_one",
            "module.lambda_functions.aws_iam_role_policy_attachment.async",
            "module.lambda_functions.aws_iam_role_policy_attachment.dead_letter",
            "module.lambda_functions.aws_iam_role_policy_attachment.logs",
            "module.lambda_functions.aws_iam_role_policy_attachment.tracing",
            "module.lambda_functions.aws_iam_role_policy_attachment.vpc",
            "module.lambda_functions.aws_s3_object.lambda_package",
            "module.lambda_functions.data.aws_arn.log_group_arn",
            "module.lambda_functions.data.aws_cloudwatch_log_group.lambda",
            "module.lambda_functions.data.aws_iam_policy.tracing",
            "module.lambda_functions.data.aws_iam_policy.vpc",
            "module.lambda_functions.data.aws_iam_policy_document.additional_inline",
            "module.lambda_functions.data.aws_iam_policy_document.assume_role",
            "module.lambda_functions.data.aws_iam_policy_document.async",
            "module.lambda_functions.data.aws_iam_policy_document.dead_letter",
            "module.lambda_functions.data.aws_iam_policy_document.logs",
            "module.lambda_functions.data.aws_partition.current",
            "module.lambda_functions.data.external.archive_prepare",
            "module.lambda_functions.local_file.archive_plan",
            "module.lambda_functions.null_resource.archive"
          ]
        }
      ]
    },
    {
      "module": "module.lambda_functions[\"EnhancedGetVehicleByGrapes\"]",
      "mode": "managed",
      "type": "local_file",
      "name": "archive_plan",
      "provider": "provider[\"registry.terraform.io/hashicorp/local\"]",
      "instances": [
        {
          "index_key": 0,
          "schema_version": 0,
          "attributes": {
            "content": "{\"filename\": \"builds/daa139b580b1ac300b19426a1b30c63920cbdaa86075b300649f54408607cca4.zip\", \"runtime\": \"nodejs14.x\", \"artifacts_dir\": \"builds\", \"build_plan\": [[\"zip\", \"./code.zip\", null]]}",
            "content_base64": null,
            "content_base64sha256": "3qyrbyouQ/QmZG3eUnfXVliG9HTUft3J5+ZVxovci4U=",
            "content_base64sha512": "EBtdvU4TQa5A+rZ8nkFmi4mwVeIOCeO0WdKAIVhBPODFz+/dw7cgphlELUxIXwW2ydXXtiZp83qcelLI6nAcLA==",
            "content_md5": "fa7f9e79964d903f3d4b8eb5cfae29e7",
            "content_sha1": "3ddcc232d27d6c6a4e47ced1ef0e2137ba031a45",
            "content_sha256": "deacab6f2a2e43f426646dde5277d7565886f474d47eddc9e7e655c68bdc8b85",
            "content_sha512": "101b5dbd4e1341ae40fab67c9e41668b89b055e20e09e3b459d2802158413ce0c5cfefddc3b720a619442d4c485f05b6c9d5d7b62669f37a9c7a52c8ea701c2c",
            "directory_permission": "0755",
            "file_permission": "0644",
            "filename": "builds/daa139b580b1ac300b19426a1b30c63920cbdaa86075b300649f54408607cca4.plan.json",
            "id": "3ddcc232d27d6c6a4e47ced1ef0e2137ba031a45",
            "sensitive_content": null,
            "source": null
          },
          "sensitive_attributes": [],
          "dependencies": [
            "module.lambda_functions.data.external.archive_prepare"
          ]
        }
      ]
    },
    {
      "module": "module.lambda_functions[\"EnhancedGetVehicleByGrapes\"]",
      "mode": "managed",
      "type": "null_resource",
      "name": "archive",
      "provider": "provider[\"registry.terraform.io/hashicorp/null\"]",
      "instances": [
        {
          "index_key": 0,
          "schema_version": 0,
          "attributes": {
            "id": "1656382133625139479",
            "triggers": {
              "filename": "builds/daa139b580b1ac300b19426a1b30c63920cbdaa86075b300649f54408607cca4.zip",
              "timestamp": "1699516166783725857"
            }
          },
          "sensitive_attributes": [],
          "dependencies": [
            "module.lambda_functions.data.external.archive_prepare",
            "module.lambda_functions.local_file.archive_plan"
          ]
        }
      ]
    },
    {
      "module": "module.lambda_functions[\"EnhancedGetVehicleByMango\"]",
      "mode": "data",
      "type": "aws_caller_identity",
      "name": "current",
      "provider": "provider[\"registry.terraform.io/hashicorp/aws\"]",
      "instances": [
        {
          "schema_version": 0,
          "attributes": {
            "account_id": "711130358252",
            "arn": "arn:aws:iam::711130358252:user/terraform-user",
            "id": "711130358252",
            "user_id": "AIDA2LEVMEHWJUNIE5YLU"
          },
          "sensitive_attributes": []
        }
      ]
    },
    {
      "module": "module.lambda_functions[\"EnhancedGetVehicleByMango\"]",
      "mode": "data",
      "type": "aws_iam_policy_document",
      "name": "assume_role",
      "provider": "provider[\"registry.terraform.io/hashicorp/aws\"]",
      "instances": [
        {
          "index_key": 0,
          "schema_version": 0,
          "attributes": {
            "id": "2690255455",
            "json": "{\n  \"Version\": \"2012-10-17\",\n  \"Statement\": [\n    {\n      \"Effect\": \"Allow\",\n      \"Action\": \"sts:AssumeRole\",\n      \"Principal\": {\n        \"Service\": \"lambda.amazonaws.com\"\n      }\n    }\n  ]\n}",
            "override_policy_documents": null,
            "policy_id": null,
            "source_policy_documents": null,
            "statement": [
              {
                "actions": [
                  "sts:AssumeRole"
                ],
                "condition": [],
                "effect": "Allow",
                "not_actions": [],
                "not_principals": [],
                "not_resources": [],
                "principals": [
                  {
                    "identifiers": [
                      "lambda.amazonaws.com"
                    ],
                    "type": "Service"
                  }
                ],
                "resources": [],
                "sid": ""
              }
            ],
            "version": "2012-10-17"
          },
          "sensitive_attributes": []
        }
      ]
    },
    {
      "module": "module.lambda_functions[\"EnhancedGetVehicleByMango\"]",
      "mode": "data",
      "type": "aws_iam_policy_document",
      "name": "logs",
      "provider": "provider[\"registry.terraform.io/hashicorp/aws\"]",
      "instances": [
        {
          "index_key": 0,
          "schema_version": 0,
          "attributes": {
            "id": "2815862039",
            "json": "{\n  \"Version\": \"2012-10-17\",\n  \"Statement\": [\n    {\n      \"Effect\": \"Allow\",\n      \"Action\": [\n        \"logs:PutLogEvents\",\n        \"logs:CreateLogStream\",\n        \"logs:CreateLogGroup\"\n      ],\n      \"Resource\": [\n        \"arn:aws:logs:us-east-1:711130358252:log-group:/aws/lambda/EnhancedGetVehicleByMango:*:*\",\n        \"arn:aws:logs:us-east-1:711130358252:log-group:/aws/lambda/EnhancedGetVehicleByMango:*\"\n      ]\n    }\n  ]\n}",
            "override_policy_documents": null,
            "policy_id": null,
            "source_policy_documents": null,
            "statement": [
              {
                "actions": [
                  "logs:CreateLogGroup",
                  "logs:CreateLogStream",
                  "logs:PutLogEvents"
                ],
                "condition": [],
                "effect": "Allow",
                "not_actions": [],
                "not_principals": [],
                "not_resources": [],
                "principals": [],
                "resources": [
                  "arn:aws:logs:us-east-1:711130358252:log-group:/aws/lambda/EnhancedGetVehicleByMango:*",
                  "arn:aws:logs:us-east-1:711130358252:log-group:/aws/lambda/EnhancedGetVehicleByMango:*:*"
                ],
                "sid": ""
              }
            ],
            "version": "2012-10-17"
          },
          "sensitive_attributes": []
        }
      ]
    },
    {
      "module": "module.lambda_functions[\"EnhancedGetVehicleByMango\"]",
      "mode": "data",
      "type": "aws_partition",
      "name": "current",
      "provider": "provider[\"registry.terraform.io/hashicorp/aws\"]",
      "instances": [
        {
          "schema_version": 0,
          "attributes": {
            "dns_suffix": "amazonaws.com",
            "id": "aws",
            "partition": "aws",
            "reverse_dns_prefix": "com.amazonaws"
          },
          "sensitive_attributes": []
        }
      ]
    },
    {
      "module": "module.lambda_functions[\"EnhancedGetVehicleByMango\"]",
      "mode": "data",
      "type": "aws_region",
      "name": "current",
      "provider": "provider[\"registry.terraform.io/hashicorp/aws\"]",
      "instances": [
        {
          "schema_version": 0,
          "attributes": {
            "description": "US East (N. Virginia)",
            "endpoint": "ec2.us-east-1.amazonaws.com",
            "id": "us-east-1",
            "name": "us-east-1"
          },
          "sensitive_attributes": []
        }
      ]
    },
    {
      "module": "module.lambda_functions[\"EnhancedGetVehicleByMango\"]",
      "mode": "data",
      "type": "external",
      "name": "archive_prepare",
      "provider": "provider[\"registry.terraform.io/hashicorp/external\"]",
      "instances": [
        {
          "index_key": 0,
          "schema_version": 0,
          "attributes": {
            "id": "-",
            "program": [
              "python3",
              ".terraform/modules/lambda_functions/package.py",
              "prepare"
            ],
            "query": {
              "artifacts_dir": "builds",
              "docker": null,
              "hash_extra": "",
              "hash_extra_paths": "[]",
              "paths": "{\"cwd\":\"/Users/sharmaks/microsoft/f/terraform-sample/environments/dev\",\"module\":\".terraform/modules/lambda_functions\",\"root\":\".\"}",
              "recreate_missing_package": "true",
              "runtime": "nodejs14.x",
              "source_path": "\"./code.zip\""
            },
            "result": {
              "build_plan": "{\"filename\": \"builds/daa139b580b1ac300b19426a1b30c63920cbdaa86075b300649f54408607cca4.zip\", \"runtime\": \"nodejs14.x\", \"artifacts_dir\": \"builds\", \"build_plan\": [[\"zip\", \"./code.zip\", null]]}",
              "build_plan_filename": "builds/daa139b580b1ac300b19426a1b30c63920cbdaa86075b300649f54408607cca4.plan.json",
              "filename": "builds/daa139b580b1ac300b19426a1b30c63920cbdaa86075b300649f54408607cca4.zip",
              "timestamp": "1699516166783725857",
              "was_missing": "false"
            },
            "working_dir": null
          },
          "sensitive_attributes": []
        }
      ]
    },
    {
      "module": "module.lambda_functions[\"EnhancedGetVehicleByMango\"]",
      "mode": "managed",
      "type": "aws_cloudwatch_log_group",
      "name": "lambda",
      "provider": "provider[\"registry.terraform.io/hashicorp/aws\"]",
      "instances": [
        {
          "index_key": 0,
          "schema_version": 0,
          "attributes": {
            "arn": "arn:aws:logs:us-east-1:711130358252:log-group:/aws/lambda/EnhancedGetVehicleByMango",
            "id": "/aws/lambda/EnhancedGetVehicleByMango",
            "kms_key_id": "",
            "name": "/aws/lambda/EnhancedGetVehicleByMango",
            "name_prefix": "",
            "retention_in_days": 0,
            "skip_destroy": false,
            "tags": {},
            "tags_all": {}
          },
          "sensitive_attributes": [],
          "private": "bnVsbA=="
        }
      ]
    },
    {
      "module": "module.lambda_functions[\"EnhancedGetVehicleByMango\"]",
      "mode": "managed",
      "type": "aws_iam_policy",
      "name": "logs",
      "provider": "provider[\"registry.terraform.io/hashicorp/aws\"]",
      "instances": [
        {
          "index_key": 0,
          "schema_version": 0,
          "attributes": {
            "arn": "arn:aws:iam::711130358252:policy/EnhancedGetVehicleByMango-logs",
            "description": "",
            "id": "arn:aws:iam::711130358252:policy/EnhancedGetVehicleByMango-logs",
            "name": "EnhancedGetVehicleByMango-logs",
            "name_prefix": "",
            "path": "/",
            "policy": "{\"Statement\":[{\"Action\":[\"logs:PutLogEvents\",\"logs:CreateLogStream\",\"logs:CreateLogGroup\"],\"Effect\":\"Allow\",\"Resource\":[\"arn:aws:logs:us-east-1:711130358252:log-group:/aws/lambda/EnhancedGetVehicleByMango:*:*\",\"arn:aws:logs:us-east-1:711130358252:log-group:/aws/lambda/EnhancedGetVehicleByMango:*\"]}],\"Version\":\"2012-10-17\"}",
            "policy_id": "ANPA2LEVMEHWNN5MIEXYN",
            "tags": {},
            "tags_all": {}
          },
          "sensitive_attributes": [],
          "private": "bnVsbA==",
          "dependencies": [
            "module.lambda_functions.aws_cloudwatch_log_group.lambda",
            "module.lambda_functions.data.aws_arn.log_group_arn",
            "module.lambda_functions.data.aws_cloudwatch_log_group.lambda",
            "module.lambda_functions.data.aws_iam_policy_document.logs"
          ]
        }
      ]
    },
    {
      "module": "module.lambda_functions[\"EnhancedGetVehicleByMango\"]",
      "mode": "managed",
      "type": "aws_iam_role",
      "name": "lambda",
      "provider": "provider[\"registry.terraform.io/hashicorp/aws\"]",
      "instances": [
        {
          "index_key": 0,
          "schema_version": 0,
          "attributes": {
            "arn": "arn:aws:iam::711130358252:role/EnhancedGetVehicleByMango",
            "assume_role_policy": "{\"Statement\":[{\"Action\":\"sts:AssumeRole\",\"Effect\":\"Allow\",\"Principal\":{\"Service\":\"lambda.amazonaws.com\"}}],\"Version\":\"2012-10-17\"}",
            "create_date": "2023-11-09T05:50:15Z",
            "description": "",
            "force_detach_policies": true,
            "id": "EnhancedGetVehicleByMango",
            "inline_policy": [],
            "managed_policy_arns": [
              "arn:aws:iam::711130358252:policy/EnhancedGetVehicleByMango-logs"
            ],
            "max_session_duration": 3600,
            "name": "EnhancedGetVehicleByMango",
            "name_prefix": "",
            "path": "/",
            "permissions_boundary": null,
            "tags": {},
            "tags_all": {},
            "unique_id": "AROA2LEVMEHWEDSXHH3H7"
          },
          "sensitive_attributes": [],
          "private": "bnVsbA==",
          "dependencies": [
            "module.lambda_functions.data.aws_iam_policy_document.assume_role"
          ]
        }
      ]
    },
    {
      "module": "module.lambda_functions[\"EnhancedGetVehicleByMango\"]",
      "mode": "managed",
      "type": "aws_iam_role_policy_attachment",
      "name": "logs",
      "provider": "provider[\"registry.terraform.io/hashicorp/aws\"]",
      "instances": [
        {
          "index_key": 0,
          "schema_version": 0,
          "attributes": {
            "id": "EnhancedGetVehicleByMango-20231109055017071100000003",
            "policy_arn": "arn:aws:iam::711130358252:policy/EnhancedGetVehicleByMango-logs",
            "role": "EnhancedGetVehicleByMango"
          },
          "sensitive_attributes": [],
          "private": "bnVsbA==",
          "dependencies": [
            "module.lambda_functions.aws_cloudwatch_log_group.lambda",
            "module.lambda_functions.aws_iam_policy.logs",
            "module.lambda_functions.aws_iam_role.lambda",
            "module.lambda_functions.data.aws_arn.log_group_arn",
            "module.lambda_functions.data.aws_cloudwatch_log_group.lambda",
            "module.lambda_functions.data.aws_iam_policy_document.assume_role",
            "module.lambda_functions.data.aws_iam_policy_document.logs"
          ]
        }
      ]
    },
    {
      "module": "module.lambda_functions[\"EnhancedGetVehicleByMango\"]",
      "mode": "managed",
      "type": "aws_lambda_function",
      "name": "this",
      "provider": "provider[\"registry.terraform.io/hashicorp/aws\"]",
      "instances": [
        {
          "index_key": 0,
          "schema_version": 0,
          "attributes": {
            "architectures": [
              "x86_64"
            ],
            "arn": "arn:aws:lambda:us-east-1:711130358252:function:EnhancedGetVehicleByMango",
            "code_signing_config_arn": "",
            "dead_letter_config": [],
            "description": "",
            "environment": [],
            "ephemeral_storage": [
              {
                "size": 512
              }
            ],
            "file_system_config": [],
            "filename": "builds/daa139b580b1ac300b19426a1b30c63920cbdaa86075b300649f54408607cca4.zip",
            "function_name": "EnhancedGetVehicleByMango",
            "handler": "app.handler",
            "id": "EnhancedGetVehicleByMango",
            "image_config": [],
            "image_uri": "",
            "invoke_arn": "arn:aws:apigateway:us-east-1:lambda:path/2015-03-31/functions/arn:aws:lambda:us-east-1:711130358252:function:EnhancedGetVehicleByMango/invocations",
            "kms_key_arn": "",
            "last_modified": "2023-11-09T07:50:16.000+0000",
            "layers": [],
            "memory_size": 256,
            "package_type": "Zip",
            "publish": false,
            "qualified_arn": "arn:aws:lambda:us-east-1:711130358252:function:EnhancedGetVehicleByMango:$LATEST",
            "qualified_invoke_arn": "arn:aws:apigateway:us-east-1:lambda:path/2015-03-31/functions/arn:aws:lambda:us-east-1:711130358252:function:EnhancedGetVehicleByMango:$LATEST/invocations",
            "replace_security_groups_on_destroy": null,
            "replacement_security_group_ids": null,
            "reserved_concurrent_executions": -1,
            "role": "arn:aws:iam::711130358252:role/EnhancedGetVehicleByMango",
            "runtime": "nodejs14.x",
            "s3_bucket": null,
            "s3_key": null,
            "s3_object_version": null,
            "signing_job_arn": "",
            "signing_profile_version_arn": "",
            "skip_destroy": false,
            "snap_start": [],
            "source_code_hash": "/f6G0+fXP8tMGTXd4h5p3j+Kf8HJrCi1+4KmUZ/HmvY=",
            "source_code_size": 451,
            "tags": {},
            "tags_all": {},
            "timeout": 60,
            "timeouts": {
              "create": null,
              "delete": null,
              "update": null
            },
            "tracing_config": [
              {
                "mode": "PassThrough"
              }
            ],
            "version": "$LATEST",
            "vpc_config": []
          },
          "sensitive_attributes": [],
          "private": "eyJlMmJmYjczMC1lY2FhLTExZTYtOGY4OC0zNDM2M2JjN2M0YzAiOnsiY3JlYXRlIjo2MDAwMDAwMDAwMDAsImRlbGV0ZSI6NjAwMDAwMDAwMDAwLCJ1cGRhdGUiOjYwMDAwMDAwMDAwMH19",
          "dependencies": [
            "module.lambda_functions.aws_cloudwatch_log_group.lambda",
            "module.lambda_functions.aws_iam_policy.additional_inline",
            "module.lambda_functions.aws_iam_policy.additional_json",
            "module.lambda_functions.aws_iam_policy.additional_jsons",
            "module.lambda_functions.aws_iam_policy.async",
            "module.lambda_functions.aws_iam_policy.dead_letter",
            "module.lambda_functions.aws_iam_policy.logs",
            "module.lambda_functions.aws_iam_policy.tracing",
            "module.lambda_functions.aws_iam_policy.vpc",
            "module.lambda_functions.aws_iam_role.lambda",
            "module.lambda_functions.aws_iam_role_policy_attachment.additional_inline",
            "module.lambda_functions.aws_iam_role_policy_attachment.additional_json",
            "module.lambda_functions.aws_iam_role_policy_attachment.additional_jsons",
            "module.lambda_functions.aws_iam_role_policy_attachment.additional_many",
            "module.lambda_functions.aws_iam_role_policy_attachment.additional_one",
            "module.lambda_functions.aws_iam_role_policy_attachment.async",
            "module.lambda_functions.aws_iam_role_policy_attachment.dead_letter",
            "module.lambda_functions.aws_iam_role_policy_attachment.logs",
            "module.lambda_functions.aws_iam_role_policy_attachment.tracing",
            "module.lambda_functions.aws_iam_role_policy_attachment.vpc",
            "module.lambda_functions.aws_s3_object.lambda_package",
            "module.lambda_functions.data.aws_arn.log_group_arn",
            "module.lambda_functions.data.aws_cloudwatch_log_group.lambda",
            "module.lambda_functions.data.aws_iam_policy.tracing",
            "module.lambda_functions.data.aws_iam_policy.vpc",
            "module.lambda_functions.data.aws_iam_policy_document.additional_inline",
            "module.lambda_functions.data.aws_iam_policy_document.assume_role",
            "module.lambda_functions.data.aws_iam_policy_document.async",
            "module.lambda_functions.data.aws_iam_policy_document.dead_letter",
            "module.lambda_functions.data.aws_iam_policy_document.logs",
            "module.lambda_functions.data.aws_partition.current",
            "module.lambda_functions.data.external.archive_prepare",
            "module.lambda_functions.local_file.archive_plan",
            "module.lambda_functions.null_resource.archive"
          ]
        }
      ]
    },
    {
      "module": "module.lambda_functions[\"EnhancedGetVehicleByMango\"]",
      "mode": "managed",
      "type": "local_file",
      "name": "archive_plan",
      "provider": "provider[\"registry.terraform.io/hashicorp/local\"]",
      "instances": [
        {
          "index_key": 0,
          "schema_version": 0,
          "attributes": {
            "content": "{\"filename\": \"builds/daa139b580b1ac300b19426a1b30c63920cbdaa86075b300649f54408607cca4.zip\", \"runtime\": \"nodejs14.x\", \"artifacts_dir\": \"builds\", \"build_plan\": [[\"zip\", \"./code.zip\", null]]}",
            "content_base64": null,
            "content_base64sha256": "3qyrbyouQ/QmZG3eUnfXVliG9HTUft3J5+ZVxovci4U=",
            "content_base64sha512": "EBtdvU4TQa5A+rZ8nkFmi4mwVeIOCeO0WdKAIVhBPODFz+/dw7cgphlELUxIXwW2ydXXtiZp83qcelLI6nAcLA==",
            "content_md5": "fa7f9e79964d903f3d4b8eb5cfae29e7",
            "content_sha1": "3ddcc232d27d6c6a4e47ced1ef0e2137ba031a45",
            "content_sha256": "deacab6f2a2e43f426646dde5277d7565886f474d47eddc9e7e655c68bdc8b85",
            "content_sha512": "101b5dbd4e1341ae40fab67c9e41668b89b055e20e09e3b459d2802158413ce0c5cfefddc3b720a619442d4c485f05b6c9d5d7b62669f37a9c7a52c8ea701c2c",
            "directory_permission": "0755",
            "file_permission": "0644",
            "filename": "builds/daa139b580b1ac300b19426a1b30c63920cbdaa86075b300649f54408607cca4.plan.json",
            "id": "3ddcc232d27d6c6a4e47ced1ef0e2137ba031a45",
            "sensitive_content": null,
            "source": null
          },
          "sensitive_attributes": [],
          "dependencies": [
            "module.lambda_functions.data.external.archive_prepare"
          ]
        }
      ]
    },
    {
      "module": "module.lambda_functions[\"EnhancedGetVehicleByMango\"]",
      "mode": "managed",
      "type": "null_resource",
      "name": "archive",
      "provider": "provider[\"registry.terraform.io/hashicorp/null\"]",
      "instances": [
        {
          "index_key": 0,
          "schema_version": 0,
          "attributes": {
            "id": "3781065959836330162",
            "triggers": {
              "filename": "builds/daa139b580b1ac300b19426a1b30c63920cbdaa86075b300649f54408607cca4.zip",
              "timestamp": "1699516166783725857"
            }
          },
          "sensitive_attributes": [],
          "dependencies": [
            "module.lambda_functions.data.external.archive_prepare",
            "module.lambda_functions.local_file.archive_plan"
          ]
        }
      ]
    },
    {
      "module": "module.lambda_functions[\"EnhancedGetVehicleByRegistration\"]",
      "mode": "data",
      "type": "aws_caller_identity",
      "name": "current",
      "provider": "provider[\"registry.terraform.io/hashicorp/aws\"]",
      "instances": [
        {
          "schema_version": 0,
          "attributes": {
            "account_id": "711130358252",
            "arn": "arn:aws:iam::711130358252:user/terraform-user",
            "id": "711130358252",
            "user_id": "AIDA2LEVMEHWJUNIE5YLU"
          },
          "sensitive_attributes": []
        }
      ]
    },
    {
      "module": "module.lambda_functions[\"EnhancedGetVehicleByRegistration\"]",
      "mode": "data",
      "type": "aws_iam_policy_document",
      "name": "assume_role",
      "provider": "provider[\"registry.terraform.io/hashicorp/aws\"]",
      "instances": [
        {
          "index_key": 0,
          "schema_version": 0,
          "attributes": {
            "id": "2690255455",
            "json": "{\n  \"Version\": \"2012-10-17\",\n  \"Statement\": [\n    {\n      \"Effect\": \"Allow\",\n      \"Action\": \"sts:AssumeRole\",\n      \"Principal\": {\n        \"Service\": \"lambda.amazonaws.com\"\n      }\n    }\n  ]\n}",
            "override_policy_documents": null,
            "policy_id": null,
            "source_policy_documents": null,
            "statement": [
              {
                "actions": [
                  "sts:AssumeRole"
                ],
                "condition": [],
                "effect": "Allow",
                "not_actions": [],
                "not_principals": [],
                "not_resources": [],
                "principals": [
                  {
                    "identifiers": [
                      "lambda.amazonaws.com"
                    ],
                    "type": "Service"
                  }
                ],
                "resources": [],
                "sid": ""
              }
            ],
            "version": "2012-10-17"
          },
          "sensitive_attributes": []
        }
      ]
    },
    {
      "module": "module.lambda_functions[\"EnhancedGetVehicleByRegistration\"]",
      "mode": "data",
      "type": "aws_iam_policy_document",
      "name": "logs",
      "provider": "provider[\"registry.terraform.io/hashicorp/aws\"]",
      "instances": [
        {
          "index_key": 0,
          "schema_version": 0,
          "attributes": {
            "id": "1098984916",
            "json": "{\n  \"Version\": \"2012-10-17\",\n  \"Statement\": [\n    {\n      \"Effect\": \"Allow\",\n      \"Action\": [\n        \"logs:PutLogEvents\",\n        \"logs:CreateLogStream\",\n        \"logs:CreateLogGroup\"\n      ],\n      \"Resource\": [\n        \"arn:aws:logs:us-east-1:711130358252:log-group:/aws/lambda/EnhancedGetVehicleByRegistration:*:*\",\n        \"arn:aws:logs:us-east-1:711130358252:log-group:/aws/lambda/EnhancedGetVehicleByRegistration:*\"\n      ]\n    }\n  ]\n}",
            "override_policy_documents": null,
            "policy_id": null,
            "source_policy_documents": null,
            "statement": [
              {
                "actions": [
                  "logs:CreateLogGroup",
                  "logs:CreateLogStream",
                  "logs:PutLogEvents"
                ],
                "condition": [],
                "effect": "Allow",
                "not_actions": [],
                "not_principals": [],
                "not_resources": [],
                "principals": [],
                "resources": [
                  "arn:aws:logs:us-east-1:711130358252:log-group:/aws/lambda/EnhancedGetVehicleByRegistration:*",
                  "arn:aws:logs:us-east-1:711130358252:log-group:/aws/lambda/EnhancedGetVehicleByRegistration:*:*"
                ],
                "sid": ""
              }
            ],
            "version": "2012-10-17"
          },
          "sensitive_attributes": []
        }
      ]
    },
    {
      "module": "module.lambda_functions[\"EnhancedGetVehicleByRegistration\"]",
      "mode": "data",
      "type": "aws_partition",
      "name": "current",
      "provider": "provider[\"registry.terraform.io/hashicorp/aws\"]",
      "instances": [
        {
          "schema_version": 0,
          "attributes": {
            "dns_suffix": "amazonaws.com",
            "id": "aws",
            "partition": "aws",
            "reverse_dns_prefix": "com.amazonaws"
          },
          "sensitive_attributes": []
        }
      ]
    },
    {
      "module": "module.lambda_functions[\"EnhancedGetVehicleByRegistration\"]",
      "mode": "data",
      "type": "aws_region",
      "name": "current",
      "provider": "provider[\"registry.terraform.io/hashicorp/aws\"]",
      "instances": [
        {
          "schema_version": 0,
          "attributes": {
            "description": "US East (N. Virginia)",
            "endpoint": "ec2.us-east-1.amazonaws.com",
            "id": "us-east-1",
            "name": "us-east-1"
          },
          "sensitive_attributes": []
        }
      ]
    },
    {
      "module": "module.lambda_functions[\"EnhancedGetVehicleByRegistration\"]",
      "mode": "data",
      "type": "external",
      "name": "archive_prepare",
      "provider": "provider[\"registry.terraform.io/hashicorp/external\"]",
      "instances": [
        {
          "index_key": 0,
          "schema_version": 0,
          "attributes": {
            "id": "-",
            "program": [
              "python3",
              ".terraform/modules/lambda_functions/package.py",
              "prepare"
            ],
            "query": {
              "artifacts_dir": "builds",
              "docker": null,
              "hash_extra": "",
              "hash_extra_paths": "[]",
              "paths": "{\"cwd\":\"/Users/sharmaks/microsoft/f/terraform-sample/environments/dev\",\"module\":\".terraform/modules/lambda_functions\",\"root\":\".\"}",
              "recreate_missing_package": "true",
              "runtime": "nodejs14.x",
              "source_path": "\"./code.zip\""
            },
            "result": {
              "build_plan": "{\"filename\": \"builds/daa139b580b1ac300b19426a1b30c63920cbdaa86075b300649f54408607cca4.zip\", \"runtime\": \"nodejs14.x\", \"artifacts_dir\": \"builds\", \"build_plan\": [[\"zip\", \"./code.zip\", null]]}",
              "build_plan_filename": "builds/daa139b580b1ac300b19426a1b30c63920cbdaa86075b300649f54408607cca4.plan.json",
              "filename": "builds/daa139b580b1ac300b19426a1b30c63920cbdaa86075b300649f54408607cca4.zip",
              "timestamp": "1699516166783725857",
              "was_missing": "false"
            },
            "working_dir": null
          },
          "sensitive_attributes": []
        }
      ]
    },
    {
      "module": "module.lambda_functions[\"EnhancedGetVehicleByRegistration\"]",
      "mode": "managed",
      "type": "aws_cloudwatch_log_group",
      "name": "lambda",
      "provider": "provider[\"registry.terraform.io/hashicorp/aws\"]",
      "instances": [
        {
          "index_key": 0,
          "schema_version": 0,
          "attributes": {
            "arn": "arn:aws:logs:us-east-1:711130358252:log-group:/aws/lambda/EnhancedGetVehicleByRegistration",
            "id": "/aws/lambda/EnhancedGetVehicleByRegistration",
            "kms_key_id": "",
            "name": "/aws/lambda/EnhancedGetVehicleByRegistration",
            "name_prefix": "",
            "retention_in_days": 0,
            "skip_destroy": false,
            "tags": {},
            "tags_all": {}
          },
          "sensitive_attributes": [],
          "private": "bnVsbA=="
        }
      ]
    },
    {
      "module": "module.lambda_functions[\"EnhancedGetVehicleByRegistration\"]",
      "mode": "managed",
      "type": "aws_iam_policy",
      "name": "logs",
      "provider": "provider[\"registry.terraform.io/hashicorp/aws\"]",
      "instances": [
        {
          "index_key": 0,
          "schema_version": 0,
          "attributes": {
            "arn": "arn:aws:iam::711130358252:policy/EnhancedGetVehicleByRegistration-logs",
            "description": "",
            "id": "arn:aws:iam::711130358252:policy/EnhancedGetVehicleByRegistration-logs",
            "name": "EnhancedGetVehicleByRegistration-logs",
            "name_prefix": "",
            "path": "/",
            "policy": "{\"Statement\":[{\"Action\":[\"logs:PutLogEvents\",\"logs:CreateLogStream\",\"logs:CreateLogGroup\"],\"Effect\":\"Allow\",\"Resource\":[\"arn:aws:logs:us-east-1:711130358252:log-group:/aws/lambda/EnhancedGetVehicleByRegistration:*:*\",\"arn:aws:logs:us-east-1:711130358252:log-group:/aws/lambda/EnhancedGetVehicleByRegistration:*\"]}],\"Version\":\"2012-10-17\"}",
            "policy_id": "ANPA2LEVMEHWGVAAUKOFC",
            "tags": {},
            "tags_all": {}
          },
          "sensitive_attributes": [],
          "private": "bnVsbA==",
          "dependencies": [
            "module.lambda_functions.aws_cloudwatch_log_group.lambda",
            "module.lambda_functions.data.aws_arn.log_group_arn",
            "module.lambda_functions.data.aws_cloudwatch_log_group.lambda",
            "module.lambda_functions.data.aws_iam_policy_document.logs"
          ]
        }
      ]
    },
    {
      "module": "module.lambda_functions[\"EnhancedGetVehicleByRegistration\"]",
      "mode": "managed",
      "type": "aws_iam_role",
      "name": "lambda",
      "provider": "provider[\"registry.terraform.io/hashicorp/aws\"]",
      "instances": [
        {
          "index_key": 0,
          "schema_version": 0,
          "attributes": {
            "arn": "arn:aws:iam::711130358252:role/EnhancedGetVehicleByRegistration",
            "assume_role_policy": "{\"Statement\":[{\"Action\":\"sts:AssumeRole\",\"Effect\":\"Allow\",\"Principal\":{\"Service\":\"lambda.amazonaws.com\"}}],\"Version\":\"2012-10-17\"}",
            "create_date": "2023-11-09T05:50:15Z",
            "description": "",
            "force_detach_policies": true,
            "id": "EnhancedGetVehicleByRegistration",
            "inline_policy": [],
            "managed_policy_arns": [
              "arn:aws:iam::711130358252:policy/EnhancedGetVehicleByRegistration-logs"
            ],
            "max_session_duration": 3600,
            "name": "EnhancedGetVehicleByRegistration",
            "name_prefix": "",
            "path": "/",
            "permissions_boundary": null,
            "tags": {},
            "tags_all": {},
            "unique_id": "AROA2LEVMEHWFNLTNDDXX"
          },
          "sensitive_attributes": [],
          "private": "bnVsbA==",
          "dependencies": [
            "module.lambda_functions.data.aws_iam_policy_document.assume_role"
          ]
        }
      ]
    },
    {
      "module": "module.lambda_functions[\"EnhancedGetVehicleByRegistration\"]",
      "mode": "managed",
      "type": "aws_iam_role_policy_attachment",
      "name": "logs",
      "provider": "provider[\"registry.terraform.io/hashicorp/aws\"]",
      "instances": [
        {
          "index_key": 0,
          "schema_version": 0,
          "attributes": {
            "id": "EnhancedGetVehicleByRegistration-20231109055017708800000004",
            "policy_arn": "arn:aws:iam::711130358252:policy/EnhancedGetVehicleByRegistration-logs",
            "role": "EnhancedGetVehicleByRegistration"
          },
          "sensitive_attributes": [],
          "private": "bnVsbA==",
          "dependencies": [
            "module.lambda_functions.aws_cloudwatch_log_group.lambda",
            "module.lambda_functions.aws_iam_policy.logs",
            "module.lambda_functions.aws_iam_role.lambda",
            "module.lambda_functions.data.aws_arn.log_group_arn",
            "module.lambda_functions.data.aws_cloudwatch_log_group.lambda",
            "module.lambda_functions.data.aws_iam_policy_document.assume_role",
            "module.lambda_functions.data.aws_iam_policy_document.logs"
          ]
        }
      ]
    },
    {
      "module": "module.lambda_functions[\"EnhancedGetVehicleByRegistration\"]",
      "mode": "managed",
      "type": "aws_lambda_function",
      "name": "this",
      "provider": "provider[\"registry.terraform.io/hashicorp/aws\"]",
      "instances": [
        {
          "index_key": 0,
          "schema_version": 0,
          "attributes": {
            "architectures": [
              "x86_64"
            ],
            "arn": "arn:aws:lambda:us-east-1:711130358252:function:EnhancedGetVehicleByRegistration",
            "code_signing_config_arn": "",
            "dead_letter_config": [],
            "description": "",
            "environment": [],
            "ephemeral_storage": [
              {
                "size": 512
              }
            ],
            "file_system_config": [],
            "filename": "builds/daa139b580b1ac300b19426a1b30c63920cbdaa86075b300649f54408607cca4.zip",
            "function_name": "EnhancedGetVehicleByRegistration",
            "handler": "app.handler",
            "id": "EnhancedGetVehicleByRegistration",
            "image_config": [],
            "image_uri": "",
            "invoke_arn": "arn:aws:apigateway:us-east-1:lambda:path/2015-03-31/functions/arn:aws:lambda:us-east-1:711130358252:function:EnhancedGetVehicleByRegistration/invocations",
            "kms_key_arn": "",
            "last_modified": "2023-11-09T07:50:29.000+0000",
            "layers": [],
            "memory_size": 256,
            "package_type": "Zip",
            "publish": false,
            "qualified_arn": "arn:aws:lambda:us-east-1:711130358252:function:EnhancedGetVehicleByRegistration:$LATEST",
            "qualified_invoke_arn": "arn:aws:apigateway:us-east-1:lambda:path/2015-03-31/functions/arn:aws:lambda:us-east-1:711130358252:function:EnhancedGetVehicleByRegistration:$LATEST/invocations",
            "replace_security_groups_on_destroy": null,
            "replacement_security_group_ids": null,
            "reserved_concurrent_executions": -1,
            "role": "arn:aws:iam::711130358252:role/EnhancedGetVehicleByRegistration",
            "runtime": "nodejs14.x",
            "s3_bucket": null,
            "s3_key": null,
            "s3_object_version": null,
            "signing_job_arn": "",
            "signing_profile_version_arn": "",
            "skip_destroy": false,
            "snap_start": [],
            "source_code_hash": "/f6G0+fXP8tMGTXd4h5p3j+Kf8HJrCi1+4KmUZ/HmvY=",
            "source_code_size": 451,
            "tags": {},
            "tags_all": {},
            "timeout": 60,
            "timeouts": {
              "create": null,
              "delete": null,
              "update": null
            },
            "tracing_config": [
              {
                "mode": "PassThrough"
              }
            ],
            "version": "$LATEST",
            "vpc_config": []
          },
          "sensitive_attributes": [],
          "private": "eyJlMmJmYjczMC1lY2FhLTExZTYtOGY4OC0zNDM2M2JjN2M0YzAiOnsiY3JlYXRlIjo2MDAwMDAwMDAwMDAsImRlbGV0ZSI6NjAwMDAwMDAwMDAwLCJ1cGRhdGUiOjYwMDAwMDAwMDAwMH19",
          "dependencies": [
            "module.lambda_functions.aws_cloudwatch_log_group.lambda",
            "module.lambda_functions.aws_iam_policy.additional_inline",
            "module.lambda_functions.aws_iam_policy.additional_json",
            "module.lambda_functions.aws_iam_policy.additional_jsons",
            "module.lambda_functions.aws_iam_policy.async",
            "module.lambda_functions.aws_iam_policy.dead_letter",
            "module.lambda_functions.aws_iam_policy.logs",
            "module.lambda_functions.aws_iam_policy.tracing",
            "module.lambda_functions.aws_iam_policy.vpc",
            "module.lambda_functions.aws_iam_role.lambda",
            "module.lambda_functions.aws_iam_role_policy_attachment.additional_inline",
            "module.lambda_functions.aws_iam_role_policy_attachment.additional_json",
            "module.lambda_functions.aws_iam_role_policy_attachment.additional_jsons",
            "module.lambda_functions.aws_iam_role_policy_attachment.additional_many",
            "module.lambda_functions.aws_iam_role_policy_attachment.additional_one",
            "module.lambda_functions.aws_iam_role_policy_attachment.async",
            "module.lambda_functions.aws_iam_role_policy_attachment.dead_letter",
            "module.lambda_functions.aws_iam_role_policy_attachment.logs",
            "module.lambda_functions.aws_iam_role_policy_attachment.tracing",
            "module.lambda_functions.aws_iam_role_policy_attachment.vpc",
            "module.lambda_functions.aws_s3_object.lambda_package",
            "module.lambda_functions.data.aws_arn.log_group_arn",
            "module.lambda_functions.data.aws_cloudwatch_log_group.lambda",
            "module.lambda_functions.data.aws_iam_policy.tracing",
            "module.lambda_functions.data.aws_iam_policy.vpc",
            "module.lambda_functions.data.aws_iam_policy_document.additional_inline",
            "module.lambda_functions.data.aws_iam_policy_document.assume_role",
            "module.lambda_functions.data.aws_iam_policy_document.async",
            "module.lambda_functions.data.aws_iam_policy_document.dead_letter",
            "module.lambda_functions.data.aws_iam_policy_document.logs",
            "module.lambda_functions.data.aws_partition.current",
            "module.lambda_functions.data.external.archive_prepare",
            "module.lambda_functions.local_file.archive_plan",
            "module.lambda_functions.null_resource.archive"
          ]
        }
      ]
    },
    {
      "module": "module.lambda_functions[\"EnhancedGetVehicleByRegistration\"]",
      "mode": "managed",
      "type": "local_file",
      "name": "archive_plan",
      "provider": "provider[\"registry.terraform.io/hashicorp/local\"]",
      "instances": [
        {
          "index_key": 0,
          "schema_version": 0,
          "attributes": {
            "content": "{\"filename\": \"builds/daa139b580b1ac300b19426a1b30c63920cbdaa86075b300649f54408607cca4.zip\", \"runtime\": \"nodejs14.x\", \"artifacts_dir\": \"builds\", \"build_plan\": [[\"zip\", \"./code.zip\", null]]}",
            "content_base64": null,
            "content_base64sha256": "3qyrbyouQ/QmZG3eUnfXVliG9HTUft3J5+ZVxovci4U=",
            "content_base64sha512": "EBtdvU4TQa5A+rZ8nkFmi4mwVeIOCeO0WdKAIVhBPODFz+/dw7cgphlELUxIXwW2ydXXtiZp83qcelLI6nAcLA==",
            "content_md5": "fa7f9e79964d903f3d4b8eb5cfae29e7",
            "content_sha1": "3ddcc232d27d6c6a4e47ced1ef0e2137ba031a45",
            "content_sha256": "deacab6f2a2e43f426646dde5277d7565886f474d47eddc9e7e655c68bdc8b85",
            "content_sha512": "101b5dbd4e1341ae40fab67c9e41668b89b055e20e09e3b459d2802158413ce0c5cfefddc3b720a619442d4c485f05b6c9d5d7b62669f37a9c7a52c8ea701c2c",
            "directory_permission": "0755",
            "file_permission": "0644",
            "filename": "builds/daa139b580b1ac300b19426a1b30c63920cbdaa86075b300649f54408607cca4.plan.json",
            "id": "3ddcc232d27d6c6a4e47ced1ef0e2137ba031a45",
            "sensitive_content": null,
            "source": null
          },
          "sensitive_attributes": [],
          "dependencies": [
            "module.lambda_functions.data.external.archive_prepare"
          ]
        }
      ]
    },
    {
      "module": "module.lambda_functions[\"EnhancedGetVehicleByRegistration\"]",
      "mode": "managed",
      "type": "null_resource",
      "name": "archive",
      "provider": "provider[\"registry.terraform.io/hashicorp/null\"]",
      "instances": [
        {
          "index_key": 0,
          "schema_version": 0,
          "attributes": {
            "id": "8511157167228774558",
            "triggers": {
              "filename": "builds/daa139b580b1ac300b19426a1b30c63920cbdaa86075b300649f54408607cca4.zip",
              "timestamp": "1699516166783725857"
            }
          },
          "sensitive_attributes": [],
          "dependencies": [
            "module.lambda_functions.data.external.archive_prepare",
            "module.lambda_functions.local_file.archive_plan"
          ]
        }
      ]
    },
    {
      "module": "module.vpc",
      "mode": "data",
      "type": "aws_availability_zones",
      "name": "available",
      "provider": "provider[\"registry.terraform.io/hashicorp/aws\"]",
      "instances": [
        {
          "schema_version": 0,
          "attributes": {
            "all_availability_zones": null,
            "exclude_names": null,
            "exclude_zone_ids": null,
            "filter": null,
            "group_names": [
              "us-east-1"
            ],
            "id": "us-east-1",
            "names": [
              "us-east-1a",
              "us-east-1b",
              "us-east-1c",
              "us-east-1d",
              "us-east-1e",
              "us-east-1f"
            ],
            "state": null,
            "timeouts": null,
            "zone_ids": [
              "use1-az2",
              "use1-az4",
              "use1-az6",
              "use1-az1",
              "use1-az3",
              "use1-az5"
            ]
          },
          "sensitive_attributes": []
        }
      ]
    },
    {
      "module": "module.vpc",
      "mode": "managed",
      "type": "aws_eip",
      "name": "nat",
      "provider": "provider[\"registry.terraform.io/hashicorp/aws\"]",
      "instances": [
        {
          "schema_version": 0,
          "attributes": {
            "address": null,
            "allocation_id": "eipalloc-09a00f3d62b98b40a",
            "associate_with_private_ip": null,
            "association_id": "eipassoc-0fc03793819ade9f1",
            "carrier_ip": "",
            "customer_owned_ip": "",
            "customer_owned_ipv4_pool": "",
            "domain": "vpc",
            "id": "eipalloc-09a00f3d62b98b40a",
            "instance": "",
            "network_border_group": "us-east-1",
            "network_interface": "eni-03dfecd9f52216107",
            "private_dns": "ip-10-0-1-70.ec2.internal",
            "private_ip": "10.0.1.70",
            "public_dns": "ec2-44-214-84-148.compute-1.amazonaws.com",
            "public_ip": "44.214.84.148",
            "public_ipv4_pool": "amazon",
            "tags": {},
            "tags_all": {},
            "timeouts": null,
            "vpc": true
          },
          "sensitive_attributes": [],
          "private": "eyJlMmJmYjczMC1lY2FhLTExZTYtOGY4OC0zNDM2M2JjN2M0YzAiOnsiZGVsZXRlIjoxODAwMDAwMDAwMDAsInJlYWQiOjkwMDAwMDAwMDAwMCwidXBkYXRlIjozMDAwMDAwMDAwMDB9fQ=="
        }
      ]
    },
    {
      "module": "module.vpc",
      "mode": "managed",
      "type": "aws_internet_gateway",
      "name": "igw",
      "provider": "provider[\"registry.terraform.io/hashicorp/aws\"]",
      "instances": [
        {
          "schema_version": 0,
          "attributes": {
            "arn": "arn:aws:ec2:us-east-1:711130358252:internet-gateway/igw-01ff709aa7a4d5356",
            "id": "igw-01ff709aa7a4d5356",
            "owner_id": "711130358252",
            "tags": {
              "Name": "dev-igw"
            },
            "tags_all": {
              "Name": "dev-igw"
            },
            "timeouts": null,
            "vpc_id": "vpc-0d01c0f8f397b7e85"
          },
          "sensitive_attributes": [],
          "private": "eyJlMmJmYjczMC1lY2FhLTExZTYtOGY4OC0zNDM2M2JjN2M0YzAiOnsiY3JlYXRlIjoxMjAwMDAwMDAwMDAwLCJkZWxldGUiOjEyMDAwMDAwMDAwMDAsInVwZGF0ZSI6MTIwMDAwMDAwMDAwMH19",
          "dependencies": [
            "module.vpc.aws_vpc.main"
          ]
        }
      ]
    },
    {
      "module": "module.vpc",
      "mode": "managed",
      "type": "aws_nat_gateway",
      "name": "nat",
      "provider": "provider[\"registry.terraform.io/hashicorp/aws\"]",
      "instances": [
        {
          "schema_version": 0,
          "attributes": {
            "allocation_id": "eipalloc-09a00f3d62b98b40a",
            "association_id": "eipassoc-0fc03793819ade9f1",
            "connectivity_type": "public",
            "id": "nat-0dbbb208ff3fa362d",
            "network_interface_id": "eni-03dfecd9f52216107",
            "private_ip": "10.0.1.70",
            "public_ip": "44.214.84.148",
            "secondary_allocation_ids": [],
            "secondary_private_ip_address_count": 0,
            "secondary_private_ip_addresses": [],
            "subnet_id": "subnet-0594e9ac7ec2ea257",
            "tags": {
              "Name": "dev-nat-gateway"
            },
            "tags_all": {
              "Name": "dev-nat-gateway"
            },
            "timeouts": null
          },
          "sensitive_attributes": [],
          "private": "eyJlMmJmYjczMC1lY2FhLTExZTYtOGY4OC0zNDM2M2JjN2M0YzAiOnsiY3JlYXRlIjo2MDAwMDAwMDAwMDAsImRlbGV0ZSI6MTgwMDAwMDAwMDAwMCwidXBkYXRlIjo2MDAwMDAwMDAwMDB9fQ==",
          "dependencies": [
            "module.vpc.aws_eip.nat",
            "module.vpc.aws_subnet.public_a",
            "module.vpc.aws_vpc.main",
            "module.vpc.data.aws_availability_zones.available"
          ]
        }
      ]
    },
    {
      "module": "module.vpc",
      "mode": "managed",
      "type": "aws_route_table",
      "name": "private",
      "provider": "provider[\"registry.terraform.io/hashicorp/aws\"]",
      "instances": [
        {
          "schema_version": 0,
          "attributes": {
            "arn": "arn:aws:ec2:us-east-1:711130358252:route-table/rtb-0f807950a85b2de98",
            "id": "rtb-0f807950a85b2de98",
            "owner_id": "711130358252",
            "propagating_vgws": [],
            "route": [
              {
                "carrier_gateway_id": "",
                "cidr_block": "0.0.0.0/0",
                "core_network_arn": "",
                "destination_prefix_list_id": "",
                "egress_only_gateway_id": "",
                "gateway_id": "",
                "ipv6_cidr_block": "",
                "local_gateway_id": "",
                "nat_gateway_id": "nat-0dbbb208ff3fa362d",
                "network_interface_id": "",
                "transit_gateway_id": "",
                "vpc_endpoint_id": "",
                "vpc_peering_connection_id": ""
              }
            ],
            "tags": {
              "Name": "dev-private-route-table"
            },
            "tags_all": {
              "Name": "dev-private-route-table"
            },
            "timeouts": null,
            "vpc_id": "vpc-0d01c0f8f397b7e85"
          },
          "sensitive_attributes": [],
          "private": "eyJlMmJmYjczMC1lY2FhLTExZTYtOGY4OC0zNDM2M2JjN2M0YzAiOnsiY3JlYXRlIjozMDAwMDAwMDAwMDAsImRlbGV0ZSI6MzAwMDAwMDAwMDAwLCJ1cGRhdGUiOjEyMDAwMDAwMDAwMH19",
          "dependencies": [
            "module.vpc.aws_eip.nat",
            "module.vpc.aws_nat_gateway.nat",
            "module.vpc.aws_subnet.public_a",
            "module.vpc.aws_vpc.main",
            "module.vpc.data.aws_availability_zones.available"
          ]
        }
      ]
    },
    {
      "module": "module.vpc",
      "mode": "managed",
      "type": "aws_route_table",
      "name": "public",
      "provider": "provider[\"registry.terraform.io/hashicorp/aws\"]",
      "instances": [
        {
          "schema_version": 0,
          "attributes": {
            "arn": "arn:aws:ec2:us-east-1:711130358252:route-table/rtb-0bcedd3be1110c574",
            "id": "rtb-0bcedd3be1110c574",
            "owner_id": "711130358252",
            "propagating_vgws": [],
            "route": [
              {
                "carrier_gateway_id": "",
                "cidr_block": "0.0.0.0/0",
                "core_network_arn": "",
                "destination_prefix_list_id": "",
                "egress_only_gateway_id": "",
                "gateway_id": "igw-01ff709aa7a4d5356",
                "ipv6_cidr_block": "",
                "local_gateway_id": "",
                "nat_gateway_id": "",
                "network_interface_id": "",
                "transit_gateway_id": "",
                "vpc_endpoint_id": "",
                "vpc_peering_connection_id": ""
              }
            ],
            "tags": {
              "Name": "dev-public-route-table"
            },
            "tags_all": {
              "Name": "dev-public-route-table"
            },
            "timeouts": null,
            "vpc_id": "vpc-0d01c0f8f397b7e85"
          },
          "sensitive_attributes": [],
          "private": "eyJlMmJmYjczMC1lY2FhLTExZTYtOGY4OC0zNDM2M2JjN2M0YzAiOnsiY3JlYXRlIjozMDAwMDAwMDAwMDAsImRlbGV0ZSI6MzAwMDAwMDAwMDAwLCJ1cGRhdGUiOjEyMDAwMDAwMDAwMH19",
          "dependencies": [
            "module.vpc.aws_internet_gateway.igw",
            "module.vpc.aws_vpc.main"
          ]
        }
      ]
    },
    {
      "module": "module.vpc",
      "mode": "managed",
      "type": "aws_route_table_association",
      "name": "private_a",
      "provider": "provider[\"registry.terraform.io/hashicorp/aws\"]",
      "instances": [
        {
          "schema_version": 0,
          "attributes": {
            "gateway_id": "",
            "id": "rtbassoc-073d2daee04b8f146",
            "route_table_id": "rtb-0f807950a85b2de98",
            "subnet_id": "subnet-06948715424c5fe03",
            "timeouts": null
          },
          "sensitive_attributes": [],
          "private": "eyJlMmJmYjczMC1lY2FhLTExZTYtOGY4OC0zNDM2M2JjN2M0YzAiOnsiY3JlYXRlIjozMDAwMDAwMDAwMDAsImRlbGV0ZSI6MzAwMDAwMDAwMDAwLCJ1cGRhdGUiOjEyMDAwMDAwMDAwMH19",
          "dependencies": [
            "module.vpc.aws_eip.nat",
            "module.vpc.aws_nat_gateway.nat",
            "module.vpc.aws_route_table.private",
            "module.vpc.aws_subnet.private_a",
            "module.vpc.aws_subnet.public_a",
            "module.vpc.aws_vpc.main",
            "module.vpc.data.aws_availability_zones.available"
          ]
        }
      ]
    },
    {
      "module": "module.vpc",
      "mode": "managed",
      "type": "aws_route_table_association",
      "name": "private_b",
      "provider": "provider[\"registry.terraform.io/hashicorp/aws\"]",
      "instances": [
        {
          "schema_version": 0,
          "attributes": {
            "gateway_id": "",
            "id": "rtbassoc-08164b2c3db93cff5",
            "route_table_id": "rtb-0f807950a85b2de98",
            "subnet_id": "subnet-0d11dfe3df30d16f6",
            "timeouts": null
          },
          "sensitive_attributes": [],
          "private": "eyJlMmJmYjczMC1lY2FhLTExZTYtOGY4OC0zNDM2M2JjN2M0YzAiOnsiY3JlYXRlIjozMDAwMDAwMDAwMDAsImRlbGV0ZSI6MzAwMDAwMDAwMDAwLCJ1cGRhdGUiOjEyMDAwMDAwMDAwMH19",
          "dependencies": [
            "module.vpc.aws_eip.nat",
            "module.vpc.aws_nat_gateway.nat",
            "module.vpc.aws_route_table.private",
            "module.vpc.aws_subnet.private_b",
            "module.vpc.aws_subnet.public_a",
            "module.vpc.aws_vpc.main",
            "module.vpc.data.aws_availability_zones.available"
          ]
        }
      ]
    },
    {
      "module": "module.vpc",
      "mode": "managed",
      "type": "aws_route_table_association",
      "name": "public_a",
      "provider": "provider[\"registry.terraform.io/hashicorp/aws\"]",
      "instances": [
        {
          "schema_version": 0,
          "attributes": {
            "gateway_id": "",
            "id": "rtbassoc-01b9384110df88bec",
            "route_table_id": "rtb-0bcedd3be1110c574",
            "subnet_id": "subnet-0594e9ac7ec2ea257",
            "timeouts": null
          },
          "sensitive_attributes": [],
          "private": "eyJlMmJmYjczMC1lY2FhLTExZTYtOGY4OC0zNDM2M2JjN2M0YzAiOnsiY3JlYXRlIjozMDAwMDAwMDAwMDAsImRlbGV0ZSI6MzAwMDAwMDAwMDAwLCJ1cGRhdGUiOjEyMDAwMDAwMDAwMH19",
          "dependencies": [
            "module.vpc.aws_internet_gateway.igw",
            "module.vpc.aws_route_table.public",
            "module.vpc.aws_subnet.public_a",
            "module.vpc.aws_vpc.main",
            "module.vpc.data.aws_availability_zones.available"
          ]
        }
      ]
    },
    {
      "module": "module.vpc",
      "mode": "managed",
      "type": "aws_route_table_association",
      "name": "public_b",
      "provider": "provider[\"registry.terraform.io/hashicorp/aws\"]",
      "instances": [
        {
          "schema_version": 0,
          "attributes": {
            "gateway_id": "",
            "id": "rtbassoc-0ea0c9a6c5df68a5c",
            "route_table_id": "rtb-0bcedd3be1110c574",
            "subnet_id": "subnet-05d4ca78ec98171d3",
            "timeouts": null
          },
          "sensitive_attributes": [],
          "private": "eyJlMmJmYjczMC1lY2FhLTExZTYtOGY4OC0zNDM2M2JjN2M0YzAiOnsiY3JlYXRlIjozMDAwMDAwMDAwMDAsImRlbGV0ZSI6MzAwMDAwMDAwMDAwLCJ1cGRhdGUiOjEyMDAwMDAwMDAwMH19",
          "dependencies": [
            "module.vpc.aws_internet_gateway.igw",
            "module.vpc.aws_route_table.public",
            "module.vpc.aws_subnet.public_b",
            "module.vpc.aws_vpc.main",
            "module.vpc.data.aws_availability_zones.available"
          ]
        }
      ]
    },
    {
      "module": "module.vpc",
      "mode": "managed",
      "type": "aws_subnet",
      "name": "private_a",
      "provider": "provider[\"registry.terraform.io/hashicorp/aws\"]",
      "instances": [
        {
          "schema_version": 1,
          "attributes": {
            "arn": "arn:aws:ec2:us-east-1:711130358252:subnet/subnet-06948715424c5fe03",
            "assign_ipv6_address_on_creation": false,
            "availability_zone": "us-east-1a",
            "availability_zone_id": "use1-az2",
            "cidr_block": "10.0.3.0/24",
            "customer_owned_ipv4_pool": "",
            "enable_dns64": false,
            "enable_lni_at_device_index": 0,
            "enable_resource_name_dns_a_record_on_launch": false,
            "enable_resource_name_dns_aaaa_record_on_launch": false,
            "id": "subnet-06948715424c5fe03",
            "ipv6_cidr_block": "",
            "ipv6_cidr_block_association_id": "",
            "ipv6_native": false,
            "map_customer_owned_ip_on_launch": false,
            "map_public_ip_on_launch": false,
            "outpost_arn": "",
            "owner_id": "711130358252",
            "private_dns_hostname_type_on_launch": "ip-name",
            "tags": {
              "Name": "dev-private-subnet-a"
            },
            "tags_all": {
              "Name": "dev-private-subnet-a"
            },
            "timeouts": null,
            "vpc_id": "vpc-0d01c0f8f397b7e85"
          },
          "sensitive_attributes": [],
          "private": "eyJlMmJmYjczMC1lY2FhLTExZTYtOGY4OC0zNDM2M2JjN2M0YzAiOnsiY3JlYXRlIjo2MDAwMDAwMDAwMDAsImRlbGV0ZSI6MTIwMDAwMDAwMDAwMH0sInNjaGVtYV92ZXJzaW9uIjoiMSJ9",
          "dependencies": [
            "module.vpc.aws_vpc.main",
            "module.vpc.data.aws_availability_zones.available"
          ]
        }
      ]
    },
    {
      "module": "module.vpc",
      "mode": "managed",
      "type": "aws_subnet",
      "name": "private_b",
      "provider": "provider[\"registry.terraform.io/hashicorp/aws\"]",
      "instances": [
        {
          "schema_version": 1,
          "attributes": {
            "arn": "arn:aws:ec2:us-east-1:711130358252:subnet/subnet-0d11dfe3df30d16f6",
            "assign_ipv6_address_on_creation": false,
            "availability_zone": "us-east-1b",
            "availability_zone_id": "use1-az4",
            "cidr_block": "10.0.4.0/24",
            "customer_owned_ipv4_pool": "",
            "enable_dns64": false,
            "enable_lni_at_device_index": 0,
            "enable_resource_name_dns_a_record_on_launch": false,
            "enable_resource_name_dns_aaaa_record_on_launch": false,
            "id": "subnet-0d11dfe3df30d16f6",
            "ipv6_cidr_block": "",
            "ipv6_cidr_block_association_id": "",
            "ipv6_native": false,
            "map_customer_owned_ip_on_launch": false,
            "map_public_ip_on_launch": false,
            "outpost_arn": "",
            "owner_id": "711130358252",
            "private_dns_hostname_type_on_launch": "ip-name",
            "tags": {
              "Name": "dev-private-subnet-b"
            },
            "tags_all": {
              "Name": "dev-private-subnet-b"
            },
            "timeouts": null,
            "vpc_id": "vpc-0d01c0f8f397b7e85"
          },
          "sensitive_attributes": [],
          "private": "eyJlMmJmYjczMC1lY2FhLTExZTYtOGY4OC0zNDM2M2JjN2M0YzAiOnsiY3JlYXRlIjo2MDAwMDAwMDAwMDAsImRlbGV0ZSI6MTIwMDAwMDAwMDAwMH0sInNjaGVtYV92ZXJzaW9uIjoiMSJ9",
          "dependencies": [
            "module.vpc.aws_vpc.main",
            "module.vpc.data.aws_availability_zones.available"
          ]
        }
      ]
    },
    {
      "module": "module.vpc",
      "mode": "managed",
      "type": "aws_subnet",
      "name": "public_a",
      "provider": "provider[\"registry.terraform.io/hashicorp/aws\"]",
      "instances": [
        {
          "schema_version": 1,
          "attributes": {
            "arn": "arn:aws:ec2:us-east-1:711130358252:subnet/subnet-0594e9ac7ec2ea257",
            "assign_ipv6_address_on_creation": false,
            "availability_zone": "us-east-1a",
            "availability_zone_id": "use1-az2",
            "cidr_block": "10.0.1.0/24",
            "customer_owned_ipv4_pool": "",
            "enable_dns64": false,
            "enable_lni_at_device_index": 0,
            "enable_resource_name_dns_a_record_on_launch": false,
            "enable_resource_name_dns_aaaa_record_on_launch": false,
            "id": "subnet-0594e9ac7ec2ea257",
            "ipv6_cidr_block": "",
            "ipv6_cidr_block_association_id": "",
            "ipv6_native": false,
            "map_customer_owned_ip_on_launch": false,
            "map_public_ip_on_launch": true,
            "outpost_arn": "",
            "owner_id": "711130358252",
            "private_dns_hostname_type_on_launch": "ip-name",
            "tags": {
              "Name": "dev-public-subnet-a"
            },
            "tags_all": {
              "Name": "dev-public-subnet-a"
            },
            "timeouts": null,
            "vpc_id": "vpc-0d01c0f8f397b7e85"
          },
          "sensitive_attributes": [],
          "private": "eyJlMmJmYjczMC1lY2FhLTExZTYtOGY4OC0zNDM2M2JjN2M0YzAiOnsiY3JlYXRlIjo2MDAwMDAwMDAwMDAsImRlbGV0ZSI6MTIwMDAwMDAwMDAwMH0sInNjaGVtYV92ZXJzaW9uIjoiMSJ9",
          "dependencies": [
            "module.vpc.aws_vpc.main",
            "module.vpc.data.aws_availability_zones.available"
          ]
        }
      ]
    },
    {
      "module": "module.vpc",
      "mode": "managed",
      "type": "aws_subnet",
      "name": "public_b",
      "provider": "provider[\"registry.terraform.io/hashicorp/aws\"]",
      "instances": [
        {
          "schema_version": 1,
          "attributes": {
            "arn": "arn:aws:ec2:us-east-1:711130358252:subnet/subnet-05d4ca78ec98171d3",
            "assign_ipv6_address_on_creation": false,
            "availability_zone": "us-east-1b",
            "availability_zone_id": "use1-az4",
            "cidr_block": "10.0.2.0/24",
            "customer_owned_ipv4_pool": "",
            "enable_dns64": false,
            "enable_lni_at_device_index": 0,
            "enable_resource_name_dns_a_record_on_launch": false,
            "enable_resource_name_dns_aaaa_record_on_launch": false,
            "id": "subnet-05d4ca78ec98171d3",
            "ipv6_cidr_block": "",
            "ipv6_cidr_block_association_id": "",
            "ipv6_native": false,
            "map_customer_owned_ip_on_launch": false,
            "map_public_ip_on_launch": true,
            "outpost_arn": "",
            "owner_id": "711130358252",
            "private_dns_hostname_type_on_launch": "ip-name",
            "tags": {
              "Name": "dev-public-subnet-b"
            },
            "tags_all": {
              "Name": "dev-public-subnet-b"
            },
            "timeouts": null,
            "vpc_id": "vpc-0d01c0f8f397b7e85"
          },
          "sensitive_attributes": [],
          "private": "eyJlMmJmYjczMC1lY2FhLTExZTYtOGY4OC0zNDM2M2JjN2M0YzAiOnsiY3JlYXRlIjo2MDAwMDAwMDAwMDAsImRlbGV0ZSI6MTIwMDAwMDAwMDAwMH0sInNjaGVtYV92ZXJzaW9uIjoiMSJ9",
          "dependencies": [
            "module.vpc.aws_vpc.main",
            "module.vpc.data.aws_availability_zones.available"
          ]
        }
      ]
    },
    {
      "module": "module.vpc",
      "mode": "managed",
      "type": "aws_vpc",
      "name": "main",
      "provider": "provider[\"registry.terraform.io/hashicorp/aws\"]",
      "instances": [
        {
          "schema_version": 1,
          "attributes": {
            "arn": "arn:aws:ec2:us-east-1:711130358252:vpc/vpc-0d01c0f8f397b7e85",
            "assign_generated_ipv6_cidr_block": false,
            "cidr_block": "10.0.0.0/16",
            "default_network_acl_id": "acl-0e30ed7dd7a27725d",
            "default_route_table_id": "rtb-0132f48f435ae7f7c",
            "default_security_group_id": "sg-05339213bec2a0d15",
            "dhcp_options_id": "dopt-0af8b39c34f9835ae",
            "enable_dns_hostnames": false,
            "enable_dns_support": true,
            "enable_network_address_usage_metrics": false,
            "id": "vpc-0d01c0f8f397b7e85",
            "instance_tenancy": "default",
            "ipv4_ipam_pool_id": null,
            "ipv4_netmask_length": null,
            "ipv6_association_id": "",
            "ipv6_cidr_block": "",
            "ipv6_cidr_block_network_border_group": "",
            "ipv6_ipam_pool_id": "",
            "ipv6_netmask_length": 0,
            "main_route_table_id": "rtb-0132f48f435ae7f7c",
            "owner_id": "711130358252",
            "tags": {
              "Name": "dev-vpc"
            },
            "tags_all": {
              "Name": "dev-vpc"
            }
          },
          "sensitive_attributes": [],
          "private": "eyJzY2hlbWFfdmVyc2lvbiI6IjEifQ=="
        }
      ]
    }
  ]
}
